// !$*UTF8*$!
{
	archiveVersion = 1;
	classes = {
	};
	objectVersion = 46;
	objects = {

/* Begin PBXAggregateTarget section */
		277E553D154A430E002F307D /* IntAirActIOS */ = {
			isa = PBXAggregateTarget;
			buildConfigurationList = 277E553E154A430F002F307D /* Build configuration list for PBXAggregateTarget "IntAirActIOS" */;
			buildPhases = (
				277E5543154A432D002F307D /* Build Framework */,
			);
			dependencies = (
				27EF32AC154A98AF003D7F41 /* PBXTargetDependency */,
				277E5542154A431C002F307D /* PBXTargetDependency */,
			);
			name = IntAirActIOS;
			productName = IntAirActIOS;
		};
/* End PBXAggregateTarget section */

/* Begin PBXBuildFile section */
		274A48A915508D97000DFAF9 /* IntAirAct.h in Headers */ = {isa = PBXBuildFile; fileRef = 274A48A715508D97000DFAF9 /* IntAirAct.h */; settings = {ATTRIBUTES = (Public, ); }; };
		274A48B915508DAC000DFAF9 /* IAIntAirAct.h in Headers */ = {isa = PBXBuildFile; fileRef = 274A48B615508DAC000DFAF9 /* IAIntAirAct.h */; settings = {ATTRIBUTES = (Public, ); }; };
		274A48BA15508DAC000DFAF9 /* IAIntAirAct.h in Headers */ = {isa = PBXBuildFile; fileRef = 274A48B615508DAC000DFAF9 /* IAIntAirAct.h */; settings = {ATTRIBUTES = (Public, ); }; };
		274A48BB15508DAC000DFAF9 /* IAIntAirAct.m in Sources */ = {isa = PBXBuildFile; fileRef = 274A48B715508DAC000DFAF9 /* IAIntAirAct.m */; };
		274A48BC15508DAC000DFAF9 /* IAIntAirAct.m in Sources */ = {isa = PBXBuildFile; fileRef = 274A48B715508DAC000DFAF9 /* IAIntAirAct.m */; };
		274A48BD15508DAC000DFAF9 /* IALogging.h in Headers */ = {isa = PBXBuildFile; fileRef = 274A48B815508DAC000DFAF9 /* IALogging.h */; settings = {ATTRIBUTES = (Public, ); }; };
		274A48BE15508DAC000DFAF9 /* IALogging.h in Headers */ = {isa = PBXBuildFile; fileRef = 274A48B815508DAC000DFAF9 /* IALogging.h */; settings = {ATTRIBUTES = (Public, ); }; };
		274A48C715508DB9000DFAF9 /* IADevice.h in Headers */ = {isa = PBXBuildFile; fileRef = 274A48C115508DB9000DFAF9 /* IADevice.h */; settings = {ATTRIBUTES = (Public, ); }; };
		274A48C815508DB9000DFAF9 /* IADevice.h in Headers */ = {isa = PBXBuildFile; fileRef = 274A48C115508DB9000DFAF9 /* IADevice.h */; settings = {ATTRIBUTES = (Public, ); }; };
		274A48C915508DB9000DFAF9 /* IADevice.m in Sources */ = {isa = PBXBuildFile; fileRef = 274A48C215508DB9000DFAF9 /* IADevice.m */; };
		274A48CA15508DB9000DFAF9 /* IADevice.m in Sources */ = {isa = PBXBuildFile; fileRef = 274A48C215508DB9000DFAF9 /* IADevice.m */; };
		274A48F415508F1B000DFAF9 /* IntAirAct.h in Headers */ = {isa = PBXBuildFile; fileRef = 274A48A715508D97000DFAF9 /* IntAirAct.h */; settings = {ATTRIBUTES = (Public, ); }; };
		2754AA521656CBD000BC8CA3 /* IADeviceTests.m in Sources */ = {isa = PBXBuildFile; fileRef = 2754AA511656CBD000BC8CA3 /* IADeviceTests.m */; };
		2754AA531656CBD000BC8CA3 /* IADeviceTests.m in Sources */ = {isa = PBXBuildFile; fileRef = 2754AA511656CBD000BC8CA3 /* IADeviceTests.m */; };
		2756EDE3162F568F00E76B50 /* IARoute.h in Headers */ = {isa = PBXBuildFile; fileRef = 2756EDE1162F568F00E76B50 /* IARoute.h */; settings = {ATTRIBUTES = (Public, ); }; };
		2756EDE4162F568F00E76B50 /* IARoute.h in Headers */ = {isa = PBXBuildFile; fileRef = 2756EDE1162F568F00E76B50 /* IARoute.h */; settings = {ATTRIBUTES = (Public, ); }; };
		2756EDE5162F568F00E76B50 /* IARoute.m in Sources */ = {isa = PBXBuildFile; fileRef = 2756EDE2162F568F00E76B50 /* IARoute.m */; };
		2756EDE6162F568F00E76B50 /* IARoute.m in Sources */ = {isa = PBXBuildFile; fileRef = 2756EDE2162F568F00E76B50 /* IARoute.m */; };
		2756EDF2162F60AC00E76B50 /* IAResponse.h in Headers */ = {isa = PBXBuildFile; fileRef = 2756EDF0162F60AC00E76B50 /* IAResponse.h */; settings = {ATTRIBUTES = (Public, ); }; };
		2756EDF3162F60AC00E76B50 /* IAResponse.h in Headers */ = {isa = PBXBuildFile; fileRef = 2756EDF0162F60AC00E76B50 /* IAResponse.h */; settings = {ATTRIBUTES = (Public, ); }; };
		2756EDF4162F60AC00E76B50 /* IAResponse.m in Sources */ = {isa = PBXBuildFile; fileRef = 2756EDF1162F60AC00E76B50 /* IAResponse.m */; };
		2756EDF5162F60AC00E76B50 /* IAResponse.m in Sources */ = {isa = PBXBuildFile; fileRef = 2756EDF1162F60AC00E76B50 /* IAResponse.m */; };
		2756EDF8162F60C200E76B50 /* IARequest.h in Headers */ = {isa = PBXBuildFile; fileRef = 2756EDF6162F60C200E76B50 /* IARequest.h */; settings = {ATTRIBUTES = (Public, ); }; };
		2756EDF9162F60C200E76B50 /* IARequest.h in Headers */ = {isa = PBXBuildFile; fileRef = 2756EDF6162F60C200E76B50 /* IARequest.h */; settings = {ATTRIBUTES = (Public, ); }; };
		2756EDFA162F60C200E76B50 /* IARequest.m in Sources */ = {isa = PBXBuildFile; fileRef = 2756EDF7162F60C200E76B50 /* IARequest.m */; };
		2756EDFB162F60C200E76B50 /* IARequest.m in Sources */ = {isa = PBXBuildFile; fileRef = 2756EDF7162F60C200E76B50 /* IARequest.m */; };
		2756EE1E162F689800E76B50 /* IARequest+RouteRequest.h in Headers */ = {isa = PBXBuildFile; fileRef = 2756EE1C162F689800E76B50 /* IARequest+RouteRequest.h */; };
		2756EE1F162F689800E76B50 /* IARequest+RouteRequest.h in Headers */ = {isa = PBXBuildFile; fileRef = 2756EE1C162F689800E76B50 /* IARequest+RouteRequest.h */; };
		2756EE20162F689800E76B50 /* IARequest+RouteRequest.m in Sources */ = {isa = PBXBuildFile; fileRef = 2756EE1D162F689800E76B50 /* IARequest+RouteRequest.m */; };
		2756EE21162F689800E76B50 /* IARequest+RouteRequest.m in Sources */ = {isa = PBXBuildFile; fileRef = 2756EE1D162F689800E76B50 /* IARequest+RouteRequest.m */; };
		2756EE31162F73D000E76B50 /* IARoutingHTTPServerAdapter.h in Headers */ = {isa = PBXBuildFile; fileRef = 2756EE2F162F73CF00E76B50 /* IARoutingHTTPServerAdapter.h */; settings = {ATTRIBUTES = (Public, ); }; };
		2756EE32162F73D000E76B50 /* IARoutingHTTPServerAdapter.h in Headers */ = {isa = PBXBuildFile; fileRef = 2756EE2F162F73CF00E76B50 /* IARoutingHTTPServerAdapter.h */; settings = {ATTRIBUTES = (Public, ); }; };
		2756EE33162F73D000E76B50 /* IARoutingHTTPServerAdapter.m in Sources */ = {isa = PBXBuildFile; fileRef = 2756EE30162F73D000E76B50 /* IARoutingHTTPServerAdapter.m */; };
		2756EE34162F73D000E76B50 /* IARoutingHTTPServerAdapter.m in Sources */ = {isa = PBXBuildFile; fileRef = 2756EE30162F73D000E76B50 /* IARoutingHTTPServerAdapter.m */; };
		2756EE38162F780A00E76B50 /* RouteResponse+IAResponse.h in Headers */ = {isa = PBXBuildFile; fileRef = 2756EE36162F780A00E76B50 /* RouteResponse+IAResponse.h */; };
		2756EE39162F780A00E76B50 /* RouteResponse+IAResponse.h in Headers */ = {isa = PBXBuildFile; fileRef = 2756EE36162F780A00E76B50 /* RouteResponse+IAResponse.h */; };
		2756EE3A162F780A00E76B50 /* RouteResponse+IAResponse.m in Sources */ = {isa = PBXBuildFile; fileRef = 2756EE37162F780A00E76B50 /* RouteResponse+IAResponse.m */; };
		2756EE3B162F780A00E76B50 /* RouteResponse+IAResponse.m in Sources */ = {isa = PBXBuildFile; fileRef = 2756EE37162F780A00E76B50 /* RouteResponse+IAResponse.m */; };
		27643CA316599972007F843B /* IANSURLAdapterTests.m in Sources */ = {isa = PBXBuildFile; fileRef = 27643CA216599972007F843B /* IANSURLAdapterTests.m */; };
		27643CA416599972007F843B /* IANSURLAdapterTests.m in Sources */ = {isa = PBXBuildFile; fileRef = 27643CA216599972007F843B /* IANSURLAdapterTests.m */; };
		27652085162DB7D5008EA1C7 /* License.txt in Resources */ = {isa = PBXBuildFile; fileRef = 27652083162DB7D5008EA1C7 /* License.txt */; };
		27652086162DB7D5008EA1C7 /* Version in Resources */ = {isa = PBXBuildFile; fileRef = 27652084162DB7D5008EA1C7 /* Version */; };
		27652087162DB7DE008EA1C7 /* License.txt in CopyFiles */ = {isa = PBXBuildFile; fileRef = 27652083162DB7D5008EA1C7 /* License.txt */; };
		27652088162DB7DE008EA1C7 /* Version in CopyFiles */ = {isa = PBXBuildFile; fileRef = 27652084162DB7D5008EA1C7 /* Version */; };
		276C7E731634C60D00631ECD /* libIntAirAct.a in Frameworks */ = {isa = PBXBuildFile; fileRef = 277E552C154A42AF002F307D /* libIntAirAct.a */; };
		276C7E871634C75400631ECD /* CocoaLumberjack.framework in Frameworks */ = {isa = PBXBuildFile; fileRef = 276C7E671634C51500631ECD /* CocoaLumberjack.framework */; };
		276C7E8A1634C76200631ECD /* RoutingHTTPServer.framework in Frameworks */ = {isa = PBXBuildFile; fileRef = 27EF3000154A7FA8003D7F41 /* RoutingHTTPServer.framework */; };
		276C7E8B1634C76E00631ECD /* IntAirAct.framework in Frameworks */ = {isa = PBXBuildFile; fileRef = 277E5549154A4384002F307D /* IntAirAct.framework */; };
		276C7E8C1634C77100631ECD /* CocoaLumberjack.framework in Frameworks */ = {isa = PBXBuildFile; fileRef = 276C7E671634C51500631ECD /* CocoaLumberjack.framework */; };
		276F9E2D165818D100AEA786 /* JSONKit.h in Headers */ = {isa = PBXBuildFile; fileRef = 276F9E29165818D100AEA786 /* JSONKit.h */; };
		276F9E2E165818D100AEA786 /* JSONKit.h in Headers */ = {isa = PBXBuildFile; fileRef = 276F9E29165818D100AEA786 /* JSONKit.h */; };
		276F9E2F165818D100AEA786 /* JSONKit.m in Sources */ = {isa = PBXBuildFile; fileRef = 276F9E2A165818D100AEA786 /* JSONKit.m */; settings = {COMPILER_FLAGS = "-fno-objc-arc"; }; };
		276F9E30165818D200AEA786 /* JSONKit.m in Sources */ = {isa = PBXBuildFile; fileRef = 276F9E2A165818D100AEA786 /* JSONKit.m */; settings = {COMPILER_FLAGS = "-fno-objc-arc"; }; };
		277BDCB51654644B00A7AB46 /* IAClient.h in Headers */ = {isa = PBXBuildFile; fileRef = 277BDCB41654644B00A7AB46 /* IAClient.h */; settings = {ATTRIBUTES = (Public, ); }; };
		277BDCB61654644B00A7AB46 /* IAClient.h in Headers */ = {isa = PBXBuildFile; fileRef = 277BDCB41654644B00A7AB46 /* IAClient.h */; settings = {ATTRIBUTES = (Public, ); }; };
		277BDCBA1654675500A7AB46 /* IANSURLAdapter.h in Headers */ = {isa = PBXBuildFile; fileRef = 277BDCB81654675500A7AB46 /* IANSURLAdapter.h */; settings = {ATTRIBUTES = (Public, ); }; };
		277BDCBB1654675500A7AB46 /* IANSURLAdapter.h in Headers */ = {isa = PBXBuildFile; fileRef = 277BDCB81654675500A7AB46 /* IANSURLAdapter.h */; settings = {ATTRIBUTES = (Public, ); }; };
		277BDCBC1654675500A7AB46 /* IANSURLAdapter.m in Sources */ = {isa = PBXBuildFile; fileRef = 277BDCB91654675500A7AB46 /* IANSURLAdapter.m */; };
		277BDCBD1654675500A7AB46 /* IANSURLAdapter.m in Sources */ = {isa = PBXBuildFile; fileRef = 277BDCB91654675500A7AB46 /* IANSURLAdapter.m */; };
		277BDCC016546A1F00A7AB46 /* NSURLRequest+IARequest.h in Headers */ = {isa = PBXBuildFile; fileRef = 277BDCBE16546A1F00A7AB46 /* NSURLRequest+IARequest.h */; };
		277BDCC116546A1F00A7AB46 /* NSURLRequest+IARequest.h in Headers */ = {isa = PBXBuildFile; fileRef = 277BDCBE16546A1F00A7AB46 /* NSURLRequest+IARequest.h */; };
		277BDCC216546A1F00A7AB46 /* NSURLRequest+IARequest.m in Sources */ = {isa = PBXBuildFile; fileRef = 277BDCBF16546A1F00A7AB46 /* NSURLRequest+IARequest.m */; };
		277BDCC316546A1F00A7AB46 /* NSURLRequest+IARequest.m in Sources */ = {isa = PBXBuildFile; fileRef = 277BDCBF16546A1F00A7AB46 /* NSURLRequest+IARequest.m */; };
		277BDCCC16546F2100A7AB46 /* NSURL+QueryParameters.h in Headers */ = {isa = PBXBuildFile; fileRef = 277BDCCA16546F2100A7AB46 /* NSURL+QueryParameters.h */; };
		277BDCCD16546F2100A7AB46 /* NSURL+QueryParameters.h in Headers */ = {isa = PBXBuildFile; fileRef = 277BDCCA16546F2100A7AB46 /* NSURL+QueryParameters.h */; };
		277BDCCE16546F2100A7AB46 /* NSURL+QueryParameters.m in Sources */ = {isa = PBXBuildFile; fileRef = 277BDCCB16546F2100A7AB46 /* NSURL+QueryParameters.m */; };
		277BDCCF16546F2100A7AB46 /* NSURL+QueryParameters.m in Sources */ = {isa = PBXBuildFile; fileRef = 277BDCCB16546F2100A7AB46 /* NSURL+QueryParameters.m */; };
		27880000165705ED006DCE70 /* IARouteTests.m in Sources */ = {isa = PBXBuildFile; fileRef = 2788FFFF165705ED006DCE70 /* IARouteTests.m */; };
		27880001165705ED006DCE70 /* IARouteTests.m in Sources */ = {isa = PBXBuildFile; fileRef = 2788FFFF165705ED006DCE70 /* IARouteTests.m */; };
		2788000916570E5A006DCE70 /* IARequestTests.m in Sources */ = {isa = PBXBuildFile; fileRef = 2788000816570E5A006DCE70 /* IARequestTests.m */; };
		2788000A16570E5A006DCE70 /* IARequestTests.m in Sources */ = {isa = PBXBuildFile; fileRef = 2788000816570E5A006DCE70 /* IARequestTests.m */; };
		2788001316571B35006DCE70 /* IAModelWithInt.m in Sources */ = {isa = PBXBuildFile; fileRef = 2788001016571B35006DCE70 /* IAModelWithInt.m */; };
		2788001416571B35006DCE70 /* IAModelWithInt.m in Sources */ = {isa = PBXBuildFile; fileRef = 2788001016571B35006DCE70 /* IAModelWithInt.m */; };
		2788001516571B35006DCE70 /* IANumber.m in Sources */ = {isa = PBXBuildFile; fileRef = 2788001216571B35006DCE70 /* IANumber.m */; };
		2788001616571B35006DCE70 /* IANumber.m in Sources */ = {isa = PBXBuildFile; fileRef = 2788001216571B35006DCE70 /* IANumber.m */; };
		27880019165725A3006DCE70 /* IAModelWithFloat.m in Sources */ = {isa = PBXBuildFile; fileRef = 27880018165725A3006DCE70 /* IAModelWithFloat.m */; };
		2788001A165725A3006DCE70 /* IAModelWithFloat.m in Sources */ = {isa = PBXBuildFile; fileRef = 27880018165725A3006DCE70 /* IAModelWithFloat.m */; };
		2788001D16572759006DCE70 /* IAModelInheritance.m in Sources */ = {isa = PBXBuildFile; fileRef = 2788001C16572759006DCE70 /* IAModelInheritance.m */; };
		2788001E16572759006DCE70 /* IAModelInheritance.m in Sources */ = {isa = PBXBuildFile; fileRef = 2788001C16572759006DCE70 /* IAModelInheritance.m */; };
		2788002116572BAB006DCE70 /* IAModelReference.m in Sources */ = {isa = PBXBuildFile; fileRef = 2788002016572BAB006DCE70 /* IAModelReference.m */; };
		2788002216572BAB006DCE70 /* IAModelReference.m in Sources */ = {isa = PBXBuildFile; fileRef = 2788002016572BAB006DCE70 /* IAModelReference.m */; };
		2788005E16572D36006DCE70 /* IASerializationTests.m in Sources */ = {isa = PBXBuildFile; fileRef = 2788005D16572D36006DCE70 /* IASerializationTests.m */; };
		2788005F16572D36006DCE70 /* IASerializationTests.m in Sources */ = {isa = PBXBuildFile; fileRef = 2788005D16572D36006DCE70 /* IASerializationTests.m */; };
		2788006216572D70006DCE70 /* IADeserializationTests.m in Sources */ = {isa = PBXBuildFile; fileRef = 2788006116572D70006DCE70 /* IADeserializationTests.m */; };
		2788006316572D70006DCE70 /* IADeserializationTests.m in Sources */ = {isa = PBXBuildFile; fileRef = 2788006116572D70006DCE70 /* IADeserializationTests.m */; };
		2788FFFC16570542006DCE70 /* IAResponseTests.m in Sources */ = {isa = PBXBuildFile; fileRef = 2788FFFB16570542006DCE70 /* IAResponseTests.m */; };
		2788FFFD16570542006DCE70 /* IAResponseTests.m in Sources */ = {isa = PBXBuildFile; fileRef = 2788FFFB16570542006DCE70 /* IAResponseTests.m */; };
		27BC0DF516584B930038D6BD /* AppKit.framework in Frameworks */ = {isa = PBXBuildFile; fileRef = 27BC0DF416584B930038D6BD /* AppKit.framework */; };
		27C172601550952500BF2BFE /* IntAirActTests.m in Sources */ = {isa = PBXBuildFile; fileRef = 274A48CC15508DEB000DFAF9 /* IntAirActTests.m */; };
		27C172611550952E00BF2BFE /* IntAirActTests.m in Sources */ = {isa = PBXBuildFile; fileRef = 274A48CC15508DEB000DFAF9 /* IntAirActTests.m */; };
		27E54A1016549BDE00EFD933 /* UIKit.framework in Frameworks */ = {isa = PBXBuildFile; fileRef = D53C340F163B63B6007420CD /* UIKit.framework */; };
		27E54AE91654B54900EFD933 /* IADeSerialization.h in Headers */ = {isa = PBXBuildFile; fileRef = 27E54AE71654B54900EFD933 /* IADeSerialization.h */; settings = {ATTRIBUTES = (Public, ); }; };
		27E54AEA1654B54900EFD933 /* IADeSerialization.h in Headers */ = {isa = PBXBuildFile; fileRef = 27E54AE71654B54900EFD933 /* IADeSerialization.h */; settings = {ATTRIBUTES = (Public, ); }; };
		27E54AEB1654B54900EFD933 /* IADeSerialization.m in Sources */ = {isa = PBXBuildFile; fileRef = 27E54AE81654B54900EFD933 /* IADeSerialization.m */; };
		27E54AEC1654B54900EFD933 /* IADeSerialization.m in Sources */ = {isa = PBXBuildFile; fileRef = 27E54AE81654B54900EFD933 /* IADeSerialization.m */; };
		D53C33D7163B6326007420CD /* libCocoaLumberjack.a in Frameworks */ = {isa = PBXBuildFile; fileRef = 276C7E651634C51500631ECD /* libCocoaLumberjack.a */; };
		D53C33DA163B6331007420CD /* libRoutingHTTPServer.a in Frameworks */ = {isa = PBXBuildFile; fileRef = 27EF2FFE154A7FA8003D7F41 /* libRoutingHTTPServer.a */; };
		D53C340A163B639F007420CD /* CFNetwork.framework in Frameworks */ = {isa = PBXBuildFile; fileRef = D53C3409163B639F007420CD /* CFNetwork.framework */; };
		D53C340C163B63A7007420CD /* CoreGraphics.framework in Frameworks */ = {isa = PBXBuildFile; fileRef = D53C340B163B63A7007420CD /* CoreGraphics.framework */; };
		D53C340E163B63AF007420CD /* CoreData.framework in Frameworks */ = {isa = PBXBuildFile; fileRef = D53C340D163B63AF007420CD /* CoreData.framework */; };
		D53C3410163B63B6007420CD /* UIKit.framework in Frameworks */ = {isa = PBXBuildFile; fileRef = D53C340F163B63B6007420CD /* UIKit.framework */; };
		D53C3412163B63BE007420CD /* SenTestingKit.framework in Frameworks */ = {isa = PBXBuildFile; fileRef = D53C3411163B63BE007420CD /* SenTestingKit.framework */; };
		D53C3416163B63E7007420CD /* SystemConfiguration.framework in Frameworks */ = {isa = PBXBuildFile; fileRef = D53C3415163B63E7007420CD /* SystemConfiguration.framework */; };
		D53C3418163B63EF007420CD /* Security.framework in Frameworks */ = {isa = PBXBuildFile; fileRef = D53C3417163B63EF007420CD /* Security.framework */; };
		D53C341A163B63F3007420CD /* MobileCoreServices.framework in Frameworks */ = {isa = PBXBuildFile; fileRef = D53C3419163B63F3007420CD /* MobileCoreServices.framework */; };
		D53C341C163B6400007420CD /* libxml2.dylib in Frameworks */ = {isa = PBXBuildFile; fileRef = D53C341B163B6400007420CD /* libxml2.dylib */; };
		D53C341E163B6416007420CD /* QuartzCore.framework in Frameworks */ = {isa = PBXBuildFile; fileRef = D53C341D163B6416007420CD /* QuartzCore.framework */; };
		D53C3420163B644D007420CD /* SenTestingKit.framework in Frameworks */ = {isa = PBXBuildFile; fileRef = D53C3411163B63BE007420CD /* SenTestingKit.framework */; };
		D53C34C3163B6AA4007420CD /* RoutingHTTPServer.framework in Frameworks */ = {isa = PBXBuildFile; fileRef = 27EF3000154A7FA8003D7F41 /* RoutingHTTPServer.framework */; };
		D53C3523163C1E45007420CD /* IAServer.h in Headers */ = {isa = PBXBuildFile; fileRef = D53C3522163C1E45007420CD /* IAServer.h */; settings = {ATTRIBUTES = (Public, ); }; };
		D53C3524163C1E45007420CD /* IAServer.h in Headers */ = {isa = PBXBuildFile; fileRef = D53C3522163C1E45007420CD /* IAServer.h */; settings = {ATTRIBUTES = (Public, ); }; };
		D5D070CB163C4691009B0E74 /* ServiceDiscovery.framework in Frameworks */ = {isa = PBXBuildFile; fileRef = D5D070C1163C4658009B0E74 /* ServiceDiscovery.framework */; };
		D5D070CE163C469C009B0E74 /* libServiceDiscovery.a in Frameworks */ = {isa = PBXBuildFile; fileRef = D5D070BF163C4658009B0E74 /* libServiceDiscovery.a */; };
		D5D070CF163C4B2E009B0E74 /* ServiceDiscovery.framework in Frameworks */ = {isa = PBXBuildFile; fileRef = D5D070C1163C4658009B0E74 /* ServiceDiscovery.framework */; };
/* End PBXBuildFile section */

/* Begin PBXContainerItemProxy section */
		276C7E641634C51500631ECD /* PBXContainerItemProxy */ = {
			isa = PBXContainerItemProxy;
			containerPortal = 276C7E5E1634C51500631ECD /* CocoaLumberjack.xcodeproj */;
			proxyType = 2;
			remoteGlobalIDString = 2765C67C161CC34100E21ECB;
			remoteInfo = CocoaLumberjackStaticIOS;
		};
		276C7E661634C51500631ECD /* PBXContainerItemProxy */ = {
			isa = PBXContainerItemProxy;
			containerPortal = 276C7E5E1634C51500631ECD /* CocoaLumberjack.xcodeproj */;
			proxyType = 2;
			remoteGlobalIDString = 2765C6CC161CCD2B00E21ECB;
			remoteInfo = CocoaLumberjackOSX;
		};
		277E5541154A431C002F307D /* PBXContainerItemProxy */ = {
			isa = PBXContainerItemProxy;
			containerPortal = 277E5523154A42AE002F307D /* Project object */;
			proxyType = 1;
			remoteGlobalIDString = 277E552B154A42AF002F307D;
			remoteInfo = IntAirActStaticIOS;
		};
		2793654515568CEA00513FD1 /* PBXContainerItemProxy */ = {
			isa = PBXContainerItemProxy;
			containerPortal = 277E5523154A42AE002F307D /* Project object */;
			proxyType = 1;
			remoteGlobalIDString = 277E552B154A42AF002F307D;
			remoteInfo = IntAirActStaticIOS;
		};
		2793658515568EEA00513FD1 /* PBXContainerItemProxy */ = {
			isa = PBXContainerItemProxy;
			containerPortal = 277E5523154A42AE002F307D /* Project object */;
			proxyType = 1;
			remoteGlobalIDString = 277E5548154A4384002F307D;
			remoteInfo = IntAirActOSX;
		};
		27EF2FFD154A7FA8003D7F41 /* PBXContainerItemProxy */ = {
			isa = PBXContainerItemProxy;
			containerPortal = 27EF2FE8154A7FA7003D7F41 /* RoutingHTTPServer.xcodeproj */;
			proxyType = 2;
			remoteGlobalIDString = 27D36461154A091D002833C1;
			remoteInfo = RoutingHTTPServerStaticIOS;
		};
		27EF2FFF154A7FA8003D7F41 /* PBXContainerItemProxy */ = {
			isa = PBXContainerItemProxy;
			containerPortal = 27EF2FE8154A7FA7003D7F41 /* RoutingHTTPServer.xcodeproj */;
			proxyType = 2;
			remoteGlobalIDString = 27D3648C154A0A4C002833C1;
			remoteInfo = RoutingHTTPServerOSX;
		};
		27EF3005154A7FB3003D7F41 /* PBXContainerItemProxy */ = {
			isa = PBXContainerItemProxy;
			containerPortal = 27EF2FE8154A7FA7003D7F41 /* RoutingHTTPServer.xcodeproj */;
			proxyType = 1;
			remoteGlobalIDString = 270B118F1628E5A8005A82FA;
			remoteInfo = RoutingHTTPServerStaticIOS;
		};
		27EF3013154A7FC8003D7F41 /* PBXContainerItemProxy */ = {
			isa = PBXContainerItemProxy;
			containerPortal = 27EF2FE8154A7FA7003D7F41 /* RoutingHTTPServer.xcodeproj */;
			proxyType = 1;
			remoteGlobalIDString = 270B11B11628E676005A82FA;
			remoteInfo = RoutingHTTPServerOSX;
		};
		27EF32AB154A98AF003D7F41 /* PBXContainerItemProxy */ = {
			isa = PBXContainerItemProxy;
			containerPortal = 27EF2FE8154A7FA7003D7F41 /* RoutingHTTPServer.xcodeproj */;
			proxyType = 1;
			remoteGlobalIDString = 270B11A91628E667005A82FA;
			remoteInfo = RoutingHTTPServerIOS;
		};
		D5291ECD1639DA7B0017DB63 /* PBXContainerItemProxy */ = {
			isa = PBXContainerItemProxy;
			containerPortal = 276C7E5E1634C51500631ECD /* CocoaLumberjack.xcodeproj */;
			proxyType = 2;
			remoteGlobalIDString = 271173A41634CCB20077D393;
			remoteInfo = CocoaLumberjackIOSTests;
		};
		D5291ECF1639DA7B0017DB63 /* PBXContainerItemProxy */ = {
			isa = PBXContainerItemProxy;
			containerPortal = 276C7E5E1634C51500631ECD /* CocoaLumberjack.xcodeproj */;
			proxyType = 2;
			remoteGlobalIDString = 271173CF1634CE850077D393;
			remoteInfo = CocoaLumberjackOSXTests;
		};
		D53C33D2163B61E9007420CD /* PBXContainerItemProxy */ = {
			isa = PBXContainerItemProxy;
			containerPortal = 27EF2FE8154A7FA7003D7F41 /* RoutingHTTPServer.xcodeproj */;
			proxyType = 2;
			remoteGlobalIDString = D5FE3604163AF8F40090BB94;
			remoteInfo = RoutingHTTPServerIOSTests;
		};
		D53C33D4163B61E9007420CD /* PBXContainerItemProxy */ = {
			isa = PBXContainerItemProxy;
			containerPortal = 27EF2FE8154A7FA7003D7F41 /* RoutingHTTPServer.xcodeproj */;
			proxyType = 2;
			remoteGlobalIDString = D5FE361D163AF8FE0090BB94;
			remoteInfo = RoutingHTTPServerOSXTests;
		};
		D5D070BE163C4658009B0E74 /* PBXContainerItemProxy */ = {
			isa = PBXContainerItemProxy;
			containerPortal = D5D070B2163C4658009B0E74 /* ServiceDiscovery.xcodeproj */;
			proxyType = 2;
			remoteGlobalIDString = 270B11901628E5A8005A82FA;
			remoteInfo = ServiceDiscoveryStaticIOS;
		};
		D5D070C0163C4658009B0E74 /* PBXContainerItemProxy */ = {
			isa = PBXContainerItemProxy;
			containerPortal = D5D070B2163C4658009B0E74 /* ServiceDiscovery.xcodeproj */;
			proxyType = 2;
			remoteGlobalIDString = 270B11B21628E676005A82FA;
			remoteInfo = ServiceDiscoveryOSX;
		};
		D5D070C2163C4658009B0E74 /* PBXContainerItemProxy */ = {
			isa = PBXContainerItemProxy;
			containerPortal = D5D070B2163C4658009B0E74 /* ServiceDiscovery.xcodeproj */;
			proxyType = 2;
			remoteGlobalIDString = 27EB034F16349C4C003F5656;
			remoteInfo = ServiceDiscoveryIOSTests;
		};
		D5D070C4163C4658009B0E74 /* PBXContainerItemProxy */ = {
			isa = PBXContainerItemProxy;
			containerPortal = D5D070B2163C4658009B0E74 /* ServiceDiscovery.xcodeproj */;
			proxyType = 2;
			remoteGlobalIDString = 27EB036B16349D4A003F5656;
			remoteInfo = ServiceDiscoveryOSXTests;
		};
		D5D070C9163C468D009B0E74 /* PBXContainerItemProxy */ = {
			isa = PBXContainerItemProxy;
			containerPortal = D5D070B2163C4658009B0E74 /* ServiceDiscovery.xcodeproj */;
			proxyType = 1;
			remoteGlobalIDString = 270B11B11628E676005A82FA;
			remoteInfo = ServiceDiscoveryOSX;
		};
		D5D070CC163C4699009B0E74 /* PBXContainerItemProxy */ = {
			isa = PBXContainerItemProxy;
			containerPortal = D5D070B2163C4658009B0E74 /* ServiceDiscovery.xcodeproj */;
			proxyType = 1;
			remoteGlobalIDString = 270B118F1628E5A8005A82FA;
			remoteInfo = ServiceDiscoveryStaticIOS;
		};
/* End PBXContainerItemProxy section */

/* Begin PBXCopyFilesBuildPhase section */
		27825332155DEDDF007525F3 /* CopyFiles */ = {
			isa = PBXCopyFilesBuildPhase;
			buildActionMask = 2147483647;
			dstPath = "${PRODUCT_NAME}Resources";
			dstSubfolderSpec = 16;
			files = (
				27652087162DB7DE008EA1C7 /* License.txt in CopyFiles */,
				27652088162DB7DE008EA1C7 /* Version in CopyFiles */,
			);
			runOnlyForDeploymentPostprocessing = 0;
		};
/* End PBXCopyFilesBuildPhase section */

/* Begin PBXFileReference section */
		274A48A715508D97000DFAF9 /* IntAirAct.h */ = {isa = PBXFileReference; fileEncoding = 4; lastKnownFileType = sourcecode.c.h; name = IntAirAct.h; path = IntAirAct/IntAirAct.h; sourceTree = SOURCE_ROOT; };
		274A48B615508DAC000DFAF9 /* IAIntAirAct.h */ = {isa = PBXFileReference; fileEncoding = 4; lastKnownFileType = sourcecode.c.h; name = IAIntAirAct.h; path = IntAirAct/IAIntAirAct.h; sourceTree = SOURCE_ROOT; };
		274A48B715508DAC000DFAF9 /* IAIntAirAct.m */ = {isa = PBXFileReference; fileEncoding = 4; lastKnownFileType = sourcecode.c.objc; name = IAIntAirAct.m; path = IntAirAct/IAIntAirAct.m; sourceTree = SOURCE_ROOT; };
		274A48B815508DAC000DFAF9 /* IALogging.h */ = {isa = PBXFileReference; fileEncoding = 4; lastKnownFileType = sourcecode.c.h; name = IALogging.h; path = IntAirAct/IALogging.h; sourceTree = SOURCE_ROOT; };
		274A48C115508DB9000DFAF9 /* IADevice.h */ = {isa = PBXFileReference; fileEncoding = 4; lastKnownFileType = sourcecode.c.h; name = IADevice.h; path = IntAirAct/IADevice.h; sourceTree = SOURCE_ROOT; };
		274A48C215508DB9000DFAF9 /* IADevice.m */ = {isa = PBXFileReference; fileEncoding = 4; lastKnownFileType = sourcecode.c.objc; name = IADevice.m; path = IntAirAct/IADevice.m; sourceTree = SOURCE_ROOT; };
		274A48CB15508DEB000DFAF9 /* IntAirActTests.h */ = {isa = PBXFileReference; fileEncoding = 4; lastKnownFileType = sourcecode.c.h; name = IntAirActTests.h; path = IntAirActTests/IntAirActTests.h; sourceTree = "<group>"; };
		274A48CC15508DEB000DFAF9 /* IntAirActTests.m */ = {isa = PBXFileReference; fileEncoding = 4; lastKnownFileType = sourcecode.c.objc; name = IntAirActTests.m; path = IntAirActTests/IntAirActTests.m; sourceTree = "<group>"; };
		274A48D115508DFD000DFAF9 /* IntAirAct-Info.plist */ = {isa = PBXFileReference; fileEncoding = 4; lastKnownFileType = text.plist.xml; path = "IntAirAct-Info.plist"; sourceTree = SOURCE_ROOT; };
		274A48D215508DFD000DFAF9 /* IntAirAct-Prefix.pch */ = {isa = PBXFileReference; fileEncoding = 4; lastKnownFileType = sourcecode.c.h; path = "IntAirAct-Prefix.pch"; sourceTree = SOURCE_ROOT; };
		2754AA501656CBD000BC8CA3 /* IADeviceTests.h */ = {isa = PBXFileReference; fileEncoding = 4; lastKnownFileType = sourcecode.c.h; name = IADeviceTests.h; path = IntAirActTests/IADeviceTests.h; sourceTree = "<group>"; };
		2754AA511656CBD000BC8CA3 /* IADeviceTests.m */ = {isa = PBXFileReference; fileEncoding = 4; lastKnownFileType = sourcecode.c.objc; name = IADeviceTests.m; path = IntAirActTests/IADeviceTests.m; sourceTree = "<group>"; };
		2756EDE1162F568F00E76B50 /* IARoute.h */ = {isa = PBXFileReference; fileEncoding = 4; lastKnownFileType = sourcecode.c.h; path = IARoute.h; sourceTree = "<group>"; };
		2756EDE2162F568F00E76B50 /* IARoute.m */ = {isa = PBXFileReference; fileEncoding = 4; lastKnownFileType = sourcecode.c.objc; path = IARoute.m; sourceTree = "<group>"; };
		2756EDF0162F60AC00E76B50 /* IAResponse.h */ = {isa = PBXFileReference; fileEncoding = 4; lastKnownFileType = sourcecode.c.h; path = IAResponse.h; sourceTree = "<group>"; };
		2756EDF1162F60AC00E76B50 /* IAResponse.m */ = {isa = PBXFileReference; fileEncoding = 4; lastKnownFileType = sourcecode.c.objc; path = IAResponse.m; sourceTree = "<group>"; };
		2756EDF6162F60C200E76B50 /* IARequest.h */ = {isa = PBXFileReference; fileEncoding = 4; lastKnownFileType = sourcecode.c.h; path = IARequest.h; sourceTree = "<group>"; };
		2756EDF7162F60C200E76B50 /* IARequest.m */ = {isa = PBXFileReference; fileEncoding = 4; lastKnownFileType = sourcecode.c.objc; path = IARequest.m; sourceTree = "<group>"; };
		2756EE1C162F689800E76B50 /* IARequest+RouteRequest.h */ = {isa = PBXFileReference; fileEncoding = 4; lastKnownFileType = sourcecode.c.h; path = "IARequest+RouteRequest.h"; sourceTree = "<group>"; };
		2756EE1D162F689800E76B50 /* IARequest+RouteRequest.m */ = {isa = PBXFileReference; fileEncoding = 4; lastKnownFileType = sourcecode.c.objc; path = "IARequest+RouteRequest.m"; sourceTree = "<group>"; };
		2756EE2F162F73CF00E76B50 /* IARoutingHTTPServerAdapter.h */ = {isa = PBXFileReference; fileEncoding = 4; lastKnownFileType = sourcecode.c.h; path = IARoutingHTTPServerAdapter.h; sourceTree = "<group>"; };
		2756EE30162F73D000E76B50 /* IARoutingHTTPServerAdapter.m */ = {isa = PBXFileReference; fileEncoding = 4; lastKnownFileType = sourcecode.c.objc; path = IARoutingHTTPServerAdapter.m; sourceTree = "<group>"; };
		2756EE36162F780A00E76B50 /* RouteResponse+IAResponse.h */ = {isa = PBXFileReference; fileEncoding = 4; lastKnownFileType = sourcecode.c.h; path = "RouteResponse+IAResponse.h"; sourceTree = "<group>"; };
		2756EE37162F780A00E76B50 /* RouteResponse+IAResponse.m */ = {isa = PBXFileReference; fileEncoding = 4; lastKnownFileType = sourcecode.c.objc; path = "RouteResponse+IAResponse.m"; sourceTree = "<group>"; };
		27643CA116599972007F843B /* IANSURLAdapterTests.h */ = {isa = PBXFileReference; fileEncoding = 4; lastKnownFileType = sourcecode.c.h; name = IANSURLAdapterTests.h; path = IntAirActTests/IANSURLAdapterTests.h; sourceTree = "<group>"; };
		27643CA216599972007F843B /* IANSURLAdapterTests.m */ = {isa = PBXFileReference; fileEncoding = 4; lastKnownFileType = sourcecode.c.objc; name = IANSURLAdapterTests.m; path = IntAirActTests/IANSURLAdapterTests.m; sourceTree = "<group>"; };
		27652083162DB7D5008EA1C7 /* License.txt */ = {isa = PBXFileReference; fileEncoding = 4; lastKnownFileType = text; path = License.txt; sourceTree = "<group>"; };
		27652084162DB7D5008EA1C7 /* Version */ = {isa = PBXFileReference; fileEncoding = 4; lastKnownFileType = text; path = Version; sourceTree = "<group>"; };
		276C7E5E1634C51500631ECD /* CocoaLumberjack.xcodeproj */ = {isa = PBXFileReference; lastKnownFileType = "wrapper.pb-project"; name = CocoaLumberjack.xcodeproj; path = Frameworks/RoutingHTTPServer/Frameworks/CocoaHTTPServer/Frameworks/CocoaAsyncSocket/Frameworks/CocoaLumberjack/CocoaLumberjack.xcodeproj; sourceTree = "<group>"; };
		276F9E29165818D100AEA786 /* JSONKit.h */ = {isa = PBXFileReference; fileEncoding = 4; lastKnownFileType = sourcecode.c.h; path = JSONKit.h; sourceTree = "<group>"; };
		276F9E2A165818D100AEA786 /* JSONKit.m */ = {isa = PBXFileReference; fileEncoding = 4; lastKnownFileType = sourcecode.c.objc; path = JSONKit.m; sourceTree = "<group>"; };
		277BDCB41654644B00A7AB46 /* IAClient.h */ = {isa = PBXFileReference; fileEncoding = 4; lastKnownFileType = sourcecode.c.h; path = IAClient.h; sourceTree = "<group>"; };
		277BDCB81654675500A7AB46 /* IANSURLAdapter.h */ = {isa = PBXFileReference; fileEncoding = 4; lastKnownFileType = sourcecode.c.h; path = IANSURLAdapter.h; sourceTree = "<group>"; };
		277BDCB91654675500A7AB46 /* IANSURLAdapter.m */ = {isa = PBXFileReference; fileEncoding = 4; lastKnownFileType = sourcecode.c.objc; path = IANSURLAdapter.m; sourceTree = "<group>"; };
		277BDCBE16546A1F00A7AB46 /* NSURLRequest+IARequest.h */ = {isa = PBXFileReference; fileEncoding = 4; lastKnownFileType = sourcecode.c.h; path = "NSURLRequest+IARequest.h"; sourceTree = "<group>"; };
		277BDCBF16546A1F00A7AB46 /* NSURLRequest+IARequest.m */ = {isa = PBXFileReference; fileEncoding = 4; lastKnownFileType = sourcecode.c.objc; path = "NSURLRequest+IARequest.m"; sourceTree = "<group>"; };
		277BDCCA16546F2100A7AB46 /* NSURL+QueryParameters.h */ = {isa = PBXFileReference; fileEncoding = 4; lastKnownFileType = sourcecode.c.h; path = "NSURL+QueryParameters.h"; sourceTree = "<group>"; };
		277BDCCB16546F2100A7AB46 /* NSURL+QueryParameters.m */ = {isa = PBXFileReference; fileEncoding = 4; lastKnownFileType = sourcecode.c.objc; path = "NSURL+QueryParameters.m"; sourceTree = "<group>"; };
		277E552C154A42AF002F307D /* libIntAirAct.a */ = {isa = PBXFileReference; explicitFileType = archive.ar; includeInIndex = 0; path = libIntAirAct.a; sourceTree = BUILT_PRODUCTS_DIR; };
		277E5549154A4384002F307D /* IntAirAct.framework */ = {isa = PBXFileReference; explicitFileType = wrapper.framework; includeInIndex = 0; path = IntAirAct.framework; sourceTree = BUILT_PRODUCTS_DIR; };
		2788000716570E5A006DCE70 /* IARequestTests.h */ = {isa = PBXFileReference; fileEncoding = 4; lastKnownFileType = sourcecode.c.h; name = IARequestTests.h; path = IntAirActTests/IARequestTests.h; sourceTree = "<group>"; };
		2788000816570E5A006DCE70 /* IARequestTests.m */ = {isa = PBXFileReference; fileEncoding = 4; lastKnownFileType = sourcecode.c.objc; name = IARequestTests.m; path = IntAirActTests/IARequestTests.m; sourceTree = "<group>"; };
		2788000F16571B35006DCE70 /* IAModelWithInt.h */ = {isa = PBXFileReference; fileEncoding = 4; lastKnownFileType = sourcecode.c.h; name = IAModelWithInt.h; path = IntAirActTests/Model/IAModelWithInt.h; sourceTree = "<group>"; };
		2788001016571B35006DCE70 /* IAModelWithInt.m */ = {isa = PBXFileReference; fileEncoding = 4; lastKnownFileType = sourcecode.c.objc; name = IAModelWithInt.m; path = IntAirActTests/Model/IAModelWithInt.m; sourceTree = "<group>"; };
		2788001116571B35006DCE70 /* IANumber.h */ = {isa = PBXFileReference; fileEncoding = 4; lastKnownFileType = sourcecode.c.h; name = IANumber.h; path = IntAirActTests/Model/IANumber.h; sourceTree = "<group>"; };
		2788001216571B35006DCE70 /* IANumber.m */ = {isa = PBXFileReference; fileEncoding = 4; lastKnownFileType = sourcecode.c.objc; name = IANumber.m; path = IntAirActTests/Model/IANumber.m; sourceTree = "<group>"; };
		27880017165725A3006DCE70 /* IAModelWithFloat.h */ = {isa = PBXFileReference; fileEncoding = 4; lastKnownFileType = sourcecode.c.h; name = IAModelWithFloat.h; path = IntAirActTests/Model/IAModelWithFloat.h; sourceTree = "<group>"; };
		27880018165725A3006DCE70 /* IAModelWithFloat.m */ = {isa = PBXFileReference; fileEncoding = 4; lastKnownFileType = sourcecode.c.objc; name = IAModelWithFloat.m; path = IntAirActTests/Model/IAModelWithFloat.m; sourceTree = "<group>"; };
		2788001B16572759006DCE70 /* IAModelInheritance.h */ = {isa = PBXFileReference; fileEncoding = 4; lastKnownFileType = sourcecode.c.h; name = IAModelInheritance.h; path = IntAirActTests/Model/IAModelInheritance.h; sourceTree = "<group>"; };
		2788001C16572759006DCE70 /* IAModelInheritance.m */ = {isa = PBXFileReference; fileEncoding = 4; lastKnownFileType = sourcecode.c.objc; name = IAModelInheritance.m; path = IntAirActTests/Model/IAModelInheritance.m; sourceTree = "<group>"; };
		2788001F16572BAB006DCE70 /* IAModelReference.h */ = {isa = PBXFileReference; fileEncoding = 4; lastKnownFileType = sourcecode.c.h; name = IAModelReference.h; path = IntAirActTests/Model/IAModelReference.h; sourceTree = "<group>"; };
		2788002016572BAB006DCE70 /* IAModelReference.m */ = {isa = PBXFileReference; fileEncoding = 4; lastKnownFileType = sourcecode.c.objc; name = IAModelReference.m; path = IntAirActTests/Model/IAModelReference.m; sourceTree = "<group>"; };
		2788005C16572D36006DCE70 /* IASerializationTests.h */ = {isa = PBXFileReference; fileEncoding = 4; lastKnownFileType = sourcecode.c.h; name = IASerializationTests.h; path = IntAirActTests/IASerializationTests.h; sourceTree = "<group>"; };
		2788005D16572D36006DCE70 /* IASerializationTests.m */ = {isa = PBXFileReference; fileEncoding = 4; lastKnownFileType = sourcecode.c.objc; name = IASerializationTests.m; path = IntAirActTests/IASerializationTests.m; sourceTree = "<group>"; };
		2788006016572D70006DCE70 /* IADeserializationTests.h */ = {isa = PBXFileReference; fileEncoding = 4; lastKnownFileType = sourcecode.c.h; name = IADeserializationTests.h; path = IntAirActTests/IADeserializationTests.h; sourceTree = "<group>"; };
		2788006116572D70006DCE70 /* IADeserializationTests.m */ = {isa = PBXFileReference; fileEncoding = 4; lastKnownFileType = sourcecode.c.objc; name = IADeserializationTests.m; path = IntAirActTests/IADeserializationTests.m; sourceTree = "<group>"; };
		2788FFFA16570542006DCE70 /* IAResponseTests.h */ = {isa = PBXFileReference; fileEncoding = 4; lastKnownFileType = sourcecode.c.h; name = IAResponseTests.h; path = IntAirActTests/IAResponseTests.h; sourceTree = "<group>"; };
		2788FFFB16570542006DCE70 /* IAResponseTests.m */ = {isa = PBXFileReference; fileEncoding = 4; lastKnownFileType = sourcecode.c.objc; name = IAResponseTests.m; path = IntAirActTests/IAResponseTests.m; sourceTree = "<group>"; };
		2788FFFE165705ED006DCE70 /* IARouteTests.h */ = {isa = PBXFileReference; fileEncoding = 4; lastKnownFileType = sourcecode.c.h; name = IARouteTests.h; path = IntAirActTests/IARouteTests.h; sourceTree = "<group>"; };
		2788FFFF165705ED006DCE70 /* IARouteTests.m */ = {isa = PBXFileReference; fileEncoding = 4; lastKnownFileType = sourcecode.c.objc; name = IARouteTests.m; path = IntAirActTests/IARouteTests.m; sourceTree = "<group>"; };
		27BC0DF416584B930038D6BD /* AppKit.framework */ = {isa = PBXFileReference; lastKnownFileType = wrapper.framework; name = AppKit.framework; path = Platforms/MacOSX.platform/Developer/SDKs/MacOSX10.8.sdk/System/Library/Frameworks/AppKit.framework; sourceTree = DEVELOPER_DIR; };
		27E54AE71654B54900EFD933 /* IADeSerialization.h */ = {isa = PBXFileReference; fileEncoding = 4; lastKnownFileType = sourcecode.c.h; path = IADeSerialization.h; sourceTree = "<group>"; };
		27E54AE81654B54900EFD933 /* IADeSerialization.m */ = {isa = PBXFileReference; fileEncoding = 4; lastKnownFileType = sourcecode.c.objc; path = IADeSerialization.m; sourceTree = "<group>"; };
		27EF2FE8154A7FA7003D7F41 /* RoutingHTTPServer.xcodeproj */ = {isa = PBXFileReference; lastKnownFileType = "wrapper.pb-project"; name = RoutingHTTPServer.xcodeproj; path = Frameworks/RoutingHTTPServer/RoutingHTTPServer.xcodeproj; sourceTree = "<group>"; };
		27FC6247154B36A400AA7502 /* IntAirActIOSTests.octest */ = {isa = PBXFileReference; explicitFileType = wrapper.cfbundle; includeInIndex = 0; path = IntAirActIOSTests.octest; sourceTree = BUILT_PRODUCTS_DIR; };
		27FC625F154B36AD00AA7502 /* IntAirActOSXTests.octest */ = {isa = PBXFileReference; explicitFileType = wrapper.cfbundle; includeInIndex = 0; path = IntAirActOSXTests.octest; sourceTree = BUILT_PRODUCTS_DIR; };
		D53C3409163B639F007420CD /* CFNetwork.framework */ = {isa = PBXFileReference; lastKnownFileType = wrapper.framework; name = CFNetwork.framework; path = System/Library/Frameworks/CFNetwork.framework; sourceTree = SDKROOT; };
		D53C340B163B63A7007420CD /* CoreGraphics.framework */ = {isa = PBXFileReference; lastKnownFileType = wrapper.framework; name = CoreGraphics.framework; path = System/Library/Frameworks/CoreGraphics.framework; sourceTree = SDKROOT; };
		D53C340D163B63AF007420CD /* CoreData.framework */ = {isa = PBXFileReference; lastKnownFileType = wrapper.framework; name = CoreData.framework; path = System/Library/Frameworks/CoreData.framework; sourceTree = SDKROOT; };
		D53C340F163B63B6007420CD /* UIKit.framework */ = {isa = PBXFileReference; lastKnownFileType = wrapper.framework; name = UIKit.framework; path = System/Library/Frameworks/UIKit.framework; sourceTree = SDKROOT; };
		D53C3411163B63BE007420CD /* SenTestingKit.framework */ = {isa = PBXFileReference; lastKnownFileType = wrapper.framework; name = SenTestingKit.framework; path = Library/Frameworks/SenTestingKit.framework; sourceTree = DEVELOPER_DIR; };
		D53C3415163B63E7007420CD /* SystemConfiguration.framework */ = {isa = PBXFileReference; lastKnownFileType = wrapper.framework; name = SystemConfiguration.framework; path = System/Library/Frameworks/SystemConfiguration.framework; sourceTree = SDKROOT; };
		D53C3417163B63EF007420CD /* Security.framework */ = {isa = PBXFileReference; lastKnownFileType = wrapper.framework; name = Security.framework; path = System/Library/Frameworks/Security.framework; sourceTree = SDKROOT; };
		D53C3419163B63F3007420CD /* MobileCoreServices.framework */ = {isa = PBXFileReference; lastKnownFileType = wrapper.framework; name = MobileCoreServices.framework; path = System/Library/Frameworks/MobileCoreServices.framework; sourceTree = SDKROOT; };
		D53C341B163B6400007420CD /* libxml2.dylib */ = {isa = PBXFileReference; lastKnownFileType = "compiled.mach-o.dylib"; name = libxml2.dylib; path = usr/lib/libxml2.dylib; sourceTree = SDKROOT; };
		D53C341D163B6416007420CD /* QuartzCore.framework */ = {isa = PBXFileReference; lastKnownFileType = wrapper.framework; name = QuartzCore.framework; path = System/Library/Frameworks/QuartzCore.framework; sourceTree = SDKROOT; };
		D53C3522163C1E45007420CD /* IAServer.h */ = {isa = PBXFileReference; fileEncoding = 4; lastKnownFileType = sourcecode.c.h; path = IAServer.h; sourceTree = "<group>"; };
		D5D070B2163C4658009B0E74 /* ServiceDiscovery.xcodeproj */ = {isa = PBXFileReference; lastKnownFileType = "wrapper.pb-project"; name = ServiceDiscovery.xcodeproj; path = Frameworks/ServiceDiscovery/ServiceDiscovery.xcodeproj; sourceTree = "<group>"; };
/* End PBXFileReference section */

/* Begin PBXFrameworksBuildPhase section */
		277E5529154A42AF002F307D /* Frameworks */ = {
			isa = PBXFrameworksBuildPhase;
			buildActionMask = 2147483647;
			files = (
				27E54A1016549BDE00EFD933 /* UIKit.framework in Frameworks */,
				D5D070CE163C469C009B0E74 /* libServiceDiscovery.a in Frameworks */,
				D53C33DA163B6331007420CD /* libRoutingHTTPServer.a in Frameworks */,
				D53C33D7163B6326007420CD /* libCocoaLumberjack.a in Frameworks */,
			);
			runOnlyForDeploymentPostprocessing = 0;
		};
		277E5545154A4384002F307D /* Frameworks */ = {
			isa = PBXFrameworksBuildPhase;
			buildActionMask = 2147483647;
			files = (
				27BC0DF516584B930038D6BD /* AppKit.framework in Frameworks */,
				D5D070CB163C4691009B0E74 /* ServiceDiscovery.framework in Frameworks */,
				276C7E8A1634C76200631ECD /* RoutingHTTPServer.framework in Frameworks */,
				276C7E871634C75400631ECD /* CocoaLumberjack.framework in Frameworks */,
			);
			runOnlyForDeploymentPostprocessing = 0;
		};
		27FC6243154B36A400AA7502 /* Frameworks */ = {
			isa = PBXFrameworksBuildPhase;
			buildActionMask = 2147483647;
			files = (
				D53C341E163B6416007420CD /* QuartzCore.framework in Frameworks */,
				D53C341C163B6400007420CD /* libxml2.dylib in Frameworks */,
				D53C341A163B63F3007420CD /* MobileCoreServices.framework in Frameworks */,
				D53C3418163B63EF007420CD /* Security.framework in Frameworks */,
				D53C3416163B63E7007420CD /* SystemConfiguration.framework in Frameworks */,
				D53C3412163B63BE007420CD /* SenTestingKit.framework in Frameworks */,
				D53C3410163B63B6007420CD /* UIKit.framework in Frameworks */,
				D53C340E163B63AF007420CD /* CoreData.framework in Frameworks */,
				D53C340C163B63A7007420CD /* CoreGraphics.framework in Frameworks */,
				D53C340A163B639F007420CD /* CFNetwork.framework in Frameworks */,
				276C7E731634C60D00631ECD /* libIntAirAct.a in Frameworks */,
			);
			runOnlyForDeploymentPostprocessing = 0;
		};
		27FC625B154B36AD00AA7502 /* Frameworks */ = {
			isa = PBXFrameworksBuildPhase;
			buildActionMask = 2147483647;
			files = (
				D5D070CF163C4B2E009B0E74 /* ServiceDiscovery.framework in Frameworks */,
				D53C34C3163B6AA4007420CD /* RoutingHTTPServer.framework in Frameworks */,
				D53C3420163B644D007420CD /* SenTestingKit.framework in Frameworks */,
				276C7E8C1634C77100631ECD /* CocoaLumberjack.framework in Frameworks */,
				276C7E8B1634C76E00631ECD /* IntAirAct.framework in Frameworks */,
			);
			runOnlyForDeploymentPostprocessing = 0;
		};
/* End PBXFrameworksBuildPhase section */

/* Begin PBXGroup section */
		2756EE35162F77E100E76B50 /* RoutingHTTPServer */ = {
			isa = PBXGroup;
			children = (
				2756EE2F162F73CF00E76B50 /* IARoutingHTTPServerAdapter.h */,
				2756EE30162F73D000E76B50 /* IARoutingHTTPServerAdapter.m */,
				2756EE1C162F689800E76B50 /* IARequest+RouteRequest.h */,
				2756EE1D162F689800E76B50 /* IARequest+RouteRequest.m */,
				2756EE36162F780A00E76B50 /* RouteResponse+IAResponse.h */,
				2756EE37162F780A00E76B50 /* RouteResponse+IAResponse.m */,
			);
			name = RoutingHTTPServer;
			sourceTree = "<group>";
		};
		27652082162DB7B6008EA1C7 /* Resources */ = {
			isa = PBXGroup;
			children = (
				27652083162DB7D5008EA1C7 /* License.txt */,
				27652084162DB7D5008EA1C7 /* Version */,
			);
			name = Resources;
			sourceTree = "<group>";
		};
		276C7E5F1634C51500631ECD /* Products */ = {
			isa = PBXGroup;
			children = (
				276C7E651634C51500631ECD /* libCocoaLumberjack.a */,
				276C7E671634C51500631ECD /* CocoaLumberjack.framework */,
				D5291ECE1639DA7B0017DB63 /* CocoaLumberjackIOSTests.octest */,
				D5291ED01639DA7B0017DB63 /* CocoaLumberjackOSXTests.octest */,
			);
			name = Products;
			sourceTree = "<group>";
		};
		276F9E27165818D100AEA786 /* JSONKit */ = {
			isa = PBXGroup;
			children = (
				276F9E29165818D100AEA786 /* JSONKit.h */,
				276F9E2A165818D100AEA786 /* JSONKit.m */,
			);
			name = JSONKit;
			path = Frameworks/JSONKit;
			sourceTree = "<group>";
		};
		277BDCB71654670800A7AB46 /* NSURL */ = {
			isa = PBXGroup;
			children = (
				277BDCB81654675500A7AB46 /* IANSURLAdapter.h */,
				277BDCB91654675500A7AB46 /* IANSURLAdapter.m */,
				277BDCBE16546A1F00A7AB46 /* NSURLRequest+IARequest.h */,
				277BDCBF16546A1F00A7AB46 /* NSURLRequest+IARequest.m */,
				277BDCCA16546F2100A7AB46 /* NSURL+QueryParameters.h */,
				277BDCCB16546F2100A7AB46 /* NSURL+QueryParameters.m */,
			);
			name = NSURL;
			sourceTree = "<group>";
		};
		277E5521154A42AE002F307D = {
			isa = PBXGroup;
			children = (
				277E5531154A42AF002F307D /* IntAirAct */,
				27FC6274154B374700AA7502 /* IntAirActTests */,
				277E5532154A42AF002F307D /* Supporting Files */,
				27652082162DB7B6008EA1C7 /* Resources */,
				277E552E154A42AF002F307D /* Frameworks */,
				277E552D154A42AF002F307D /* Products */,
			);
			sourceTree = "<group>";
		};
		277E552D154A42AF002F307D /* Products */ = {
			isa = PBXGroup;
			children = (
				277E552C154A42AF002F307D /* libIntAirAct.a */,
				277E5549154A4384002F307D /* IntAirAct.framework */,
				27FC6247154B36A400AA7502 /* IntAirActIOSTests.octest */,
				27FC625F154B36AD00AA7502 /* IntAirActOSXTests.octest */,
			);
			name = Products;
			sourceTree = "<group>";
		};
		277E552E154A42AF002F307D /* Frameworks */ = {
			isa = PBXGroup;
			children = (
				27BC0DF616584B9D0038D6BD /* OSX */,
				D53C3414163B63CD007420CD /* iOS-Testing */,
				D53C3413163B63C3007420CD /* Shared-Testing */,
				D53C33F1163B6378007420CD /* Shared */,
			);
			name = Frameworks;
			sourceTree = "<group>";
		};
		277E5531154A42AF002F307D /* IntAirAct */ = {
			isa = PBXGroup;
			children = (
				277BDCB71654670800A7AB46 /* NSURL */,
				2756EE35162F77E100E76B50 /* RoutingHTTPServer */,
				27EF338F154A9CD3003D7F41 /* Model */,
				274A48A715508D97000DFAF9 /* IntAirAct.h */,
				274A48B615508DAC000DFAF9 /* IAIntAirAct.h */,
				274A48B715508DAC000DFAF9 /* IAIntAirAct.m */,
				274A48B815508DAC000DFAF9 /* IALogging.h */,
				D53C3522163C1E45007420CD /* IAServer.h */,
				277BDCB41654644B00A7AB46 /* IAClient.h */,
			);
			path = IntAirAct;
			sourceTree = "<group>";
		};
		277E5532154A42AF002F307D /* Supporting Files */ = {
			isa = PBXGroup;
			children = (
				274A48D115508DFD000DFAF9 /* IntAirAct-Info.plist */,
				274A48D215508DFD000DFAF9 /* IntAirAct-Prefix.pch */,
			);
			name = "Supporting Files";
			path = IntAirAct;
			sourceTree = "<group>";
		};
		2788000616570E19006DCE70 /* Model */ = {
			isa = PBXGroup;
			children = (
				27880017165725A3006DCE70 /* IAModelWithFloat.h */,
				27880018165725A3006DCE70 /* IAModelWithFloat.m */,
				2788000F16571B35006DCE70 /* IAModelWithInt.h */,
				2788001016571B35006DCE70 /* IAModelWithInt.m */,
				2788001116571B35006DCE70 /* IANumber.h */,
				2788001216571B35006DCE70 /* IANumber.m */,
				2788001B16572759006DCE70 /* IAModelInheritance.h */,
				2788001C16572759006DCE70 /* IAModelInheritance.m */,
				2788001F16572BAB006DCE70 /* IAModelReference.h */,
				2788002016572BAB006DCE70 /* IAModelReference.m */,
			);
			name = Model;
			sourceTree = "<group>";
		};
		27BC0DF616584B9D0038D6BD /* OSX */ = {
			isa = PBXGroup;
			children = (
				27BC0DF416584B930038D6BD /* AppKit.framework */,
			);
			name = OSX;
			sourceTree = "<group>";
		};
		27EF2FE9154A7FA7003D7F41 /* Products */ = {
			isa = PBXGroup;
			children = (
				27EF2FFE154A7FA8003D7F41 /* libRoutingHTTPServer.a */,
				27EF3000154A7FA8003D7F41 /* RoutingHTTPServer.framework */,
				D53C33D3163B61E9007420CD /* RoutingHTTPServerIOSTests.octest */,
				D53C33D5163B61E9007420CD /* RoutingHTTPServerOSXTests.octest */,
			);
			name = Products;
			sourceTree = "<group>";
		};
		27EF338F154A9CD3003D7F41 /* Model */ = {
			isa = PBXGroup;
			children = (
				27E54AE71654B54900EFD933 /* IADeSerialization.h */,
				27E54AE81654B54900EFD933 /* IADeSerialization.m */,
				274A48C115508DB9000DFAF9 /* IADevice.h */,
				274A48C215508DB9000DFAF9 /* IADevice.m */,
				2756EDF6162F60C200E76B50 /* IARequest.h */,
				2756EDF7162F60C200E76B50 /* IARequest.m */,
				2756EDF0162F60AC00E76B50 /* IAResponse.h */,
				2756EDF1162F60AC00E76B50 /* IAResponse.m */,
				2756EDE1162F568F00E76B50 /* IARoute.h */,
				2756EDE2162F568F00E76B50 /* IARoute.m */,
			);
			name = Model;
			sourceTree = "<group>";
		};
		27FC6274154B374700AA7502 /* IntAirActTests */ = {
			isa = PBXGroup;
			children = (
				2788000616570E19006DCE70 /* Model */,
				2788006016572D70006DCE70 /* IADeserializationTests.h */,
				2788006116572D70006DCE70 /* IADeserializationTests.m */,
				2754AA501656CBD000BC8CA3 /* IADeviceTests.h */,
				2754AA511656CBD000BC8CA3 /* IADeviceTests.m */,
				2788000716570E5A006DCE70 /* IARequestTests.h */,
				2788000816570E5A006DCE70 /* IARequestTests.m */,
				2788FFFA16570542006DCE70 /* IAResponseTests.h */,
				2788FFFB16570542006DCE70 /* IAResponseTests.m */,
				2788FFFE165705ED006DCE70 /* IARouteTests.h */,
				2788FFFF165705ED006DCE70 /* IARouteTests.m */,
				2788005C16572D36006DCE70 /* IASerializationTests.h */,
				2788005D16572D36006DCE70 /* IASerializationTests.m */,
				274A48CB15508DEB000DFAF9 /* IntAirActTests.h */,
				274A48CC15508DEB000DFAF9 /* IntAirActTests.m */,
				27643CA116599972007F843B /* IANSURLAdapterTests.h */,
				27643CA216599972007F843B /* IANSURLAdapterTests.m */,
			);
			name = IntAirActTests;
			sourceTree = "<group>";
		};
		D53C33F1163B6378007420CD /* Shared */ = {
			isa = PBXGroup;
			children = (
				276F9E27165818D100AEA786 /* JSONKit */,
				D5D070B2163C4658009B0E74 /* ServiceDiscovery.xcodeproj */,
				276C7E5E1634C51500631ECD /* CocoaLumberjack.xcodeproj */,
				27EF2FE8154A7FA7003D7F41 /* RoutingHTTPServer.xcodeproj */,
			);
			name = Shared;
			sourceTree = "<group>";
		};
		D53C3413163B63C3007420CD /* Shared-Testing */ = {
			isa = PBXGroup;
			children = (
				D53C3411163B63BE007420CD /* SenTestingKit.framework */,
			);
			name = "Shared-Testing";
			sourceTree = "<group>";
		};
		D53C3414163B63CD007420CD /* iOS-Testing */ = {
			isa = PBXGroup;
			children = (
				D53C341D163B6416007420CD /* QuartzCore.framework */,
				D53C341B163B6400007420CD /* libxml2.dylib */,
				D53C3419163B63F3007420CD /* MobileCoreServices.framework */,
				D53C3417163B63EF007420CD /* Security.framework */,
				D53C3415163B63E7007420CD /* SystemConfiguration.framework */,
				D53C340F163B63B6007420CD /* UIKit.framework */,
				D53C340D163B63AF007420CD /* CoreData.framework */,
				D53C340B163B63A7007420CD /* CoreGraphics.framework */,
				D53C3409163B639F007420CD /* CFNetwork.framework */,
			);
			name = "iOS-Testing";
			sourceTree = "<group>";
		};
		D5D070B3163C4658009B0E74 /* Products */ = {
			isa = PBXGroup;
			children = (
				D5D070BF163C4658009B0E74 /* libServiceDiscovery.a */,
				D5D070C1163C4658009B0E74 /* ServiceDiscovery.framework */,
				D5D070C3163C4658009B0E74 /* ServiceDiscoveryIOSTests.octest */,
				D5D070C5163C4658009B0E74 /* ServiceDiscoveryOSXTests.octest */,
			);
			name = Products;
			sourceTree = "<group>";
		};
/* End PBXGroup section */

/* Begin PBXHeadersBuildPhase section */
		277E552A154A42AF002F307D /* Headers */ = {
			isa = PBXHeadersBuildPhase;
			buildActionMask = 2147483647;
			files = (
				274A48B915508DAC000DFAF9 /* IAIntAirAct.h in Headers */,
				274A48BD15508DAC000DFAF9 /* IALogging.h in Headers */,
				274A48C715508DB9000DFAF9 /* IADevice.h in Headers */,
				2756EDE3162F568F00E76B50 /* IARoute.h in Headers */,
				274A48F415508F1B000DFAF9 /* IntAirAct.h in Headers */,
				2756EDF2162F60AC00E76B50 /* IAResponse.h in Headers */,
				2756EDF8162F60C200E76B50 /* IARequest.h in Headers */,
				2756EE1E162F689800E76B50 /* IARequest+RouteRequest.h in Headers */,
				D53C3523163C1E45007420CD /* IAServer.h in Headers */,
				2756EE31162F73D000E76B50 /* IARoutingHTTPServerAdapter.h in Headers */,
				2756EE38162F780A00E76B50 /* RouteResponse+IAResponse.h in Headers */,
				277BDCB51654644B00A7AB46 /* IAClient.h in Headers */,
				277BDCBA1654675500A7AB46 /* IANSURLAdapter.h in Headers */,
				277BDCC016546A1F00A7AB46 /* NSURLRequest+IARequest.h in Headers */,
				277BDCCC16546F2100A7AB46 /* NSURL+QueryParameters.h in Headers */,
				27E54AE91654B54900EFD933 /* IADeSerialization.h in Headers */,
				276F9E2D165818D100AEA786 /* JSONKit.h in Headers */,
			);
			runOnlyForDeploymentPostprocessing = 0;
		};
		277E5546154A4384002F307D /* Headers */ = {
			isa = PBXHeadersBuildPhase;
			buildActionMask = 2147483647;
			files = (
				274A48A915508D97000DFAF9 /* IntAirAct.h in Headers */,
				274A48BA15508DAC000DFAF9 /* IAIntAirAct.h in Headers */,
				274A48BE15508DAC000DFAF9 /* IALogging.h in Headers */,
				2756EDE4162F568F00E76B50 /* IARoute.h in Headers */,
				274A48C815508DB9000DFAF9 /* IADevice.h in Headers */,
				2756EDF3162F60AC00E76B50 /* IAResponse.h in Headers */,
				2756EDF9162F60C200E76B50 /* IARequest.h in Headers */,
				2756EE1F162F689800E76B50 /* IARequest+RouteRequest.h in Headers */,
				D53C3524163C1E45007420CD /* IAServer.h in Headers */,
				2756EE32162F73D000E76B50 /* IARoutingHTTPServerAdapter.h in Headers */,
				2756EE39162F780A00E76B50 /* RouteResponse+IAResponse.h in Headers */,
				277BDCB61654644B00A7AB46 /* IAClient.h in Headers */,
				277BDCBB1654675500A7AB46 /* IANSURLAdapter.h in Headers */,
				277BDCC116546A1F00A7AB46 /* NSURLRequest+IARequest.h in Headers */,
				277BDCCD16546F2100A7AB46 /* NSURL+QueryParameters.h in Headers */,
				27E54AEA1654B54900EFD933 /* IADeSerialization.h in Headers */,
				276F9E2E165818D100AEA786 /* JSONKit.h in Headers */,
			);
			runOnlyForDeploymentPostprocessing = 0;
		};
/* End PBXHeadersBuildPhase section */

/* Begin PBXNativeTarget section */
		277E552B154A42AF002F307D /* IntAirActStaticIOS */ = {
			isa = PBXNativeTarget;
			buildConfigurationList = 277E5539154A42AF002F307D /* Build configuration list for PBXNativeTarget "IntAirActStaticIOS" */;
			buildPhases = (
				277E5528154A42AF002F307D /* Sources */,
				277E5529154A42AF002F307D /* Frameworks */,
				277E552A154A42AF002F307D /* Headers */,
				27825332155DEDDF007525F3 /* CopyFiles */,
				277E553C154A4302002F307D /* Prepare Framework */,
			);
			buildRules = (
			);
			dependencies = (
				D5D070CD163C4699009B0E74 /* PBXTargetDependency */,
				27EF3006154A7FB3003D7F41 /* PBXTargetDependency */,
			);
			name = IntAirActStaticIOS;
			productName = IntAirAct;
			productReference = 277E552C154A42AF002F307D /* libIntAirAct.a */;
			productType = "com.apple.product-type.library.static";
		};
		277E5548154A4384002F307D /* IntAirActOSX */ = {
			isa = PBXNativeTarget;
			buildConfigurationList = 277E555A154A4385002F307D /* Build configuration list for PBXNativeTarget "IntAirActOSX" */;
			buildPhases = (
				277E5544154A4384002F307D /* Sources */,
				277E5545154A4384002F307D /* Frameworks */,
				277E5546154A4384002F307D /* Headers */,
				277E5547154A4384002F307D /* Resources */,
			);
			buildRules = (
			);
			dependencies = (
				D5D070CA163C468D009B0E74 /* PBXTargetDependency */,
				27EF3014154A7FC8003D7F41 /* PBXTargetDependency */,
			);
			name = IntAirActOSX;
			productName = IntAirActOSX;
			productReference = 277E5549154A4384002F307D /* IntAirAct.framework */;
			productType = "com.apple.product-type.framework";
		};
		27FC6246154B36A400AA7502 /* IntAirActIOSTests */ = {
			isa = PBXNativeTarget;
			buildConfigurationList = 27FC6258154B36A500AA7502 /* Build configuration list for PBXNativeTarget "IntAirActIOSTests" */;
			buildPhases = (
				27FC6242154B36A400AA7502 /* Sources */,
				27FC6243154B36A400AA7502 /* Frameworks */,
				27FC6244154B36A400AA7502 /* Resources */,
				27FC6245154B36A400AA7502 /* ShellScript */,
			);
			buildRules = (
			);
			dependencies = (
				2793654615568CEA00513FD1 /* PBXTargetDependency */,
			);
			name = IntAirActIOSTests;
			productName = IntAirActIOSTests;
			productReference = 27FC6247154B36A400AA7502 /* IntAirActIOSTests.octest */;
			productType = "com.apple.product-type.bundle";
		};
		27FC625E154B36AD00AA7502 /* IntAirActOSXTests */ = {
			isa = PBXNativeTarget;
			buildConfigurationList = 27FC6271154B36AE00AA7502 /* Build configuration list for PBXNativeTarget "IntAirActOSXTests" */;
			buildPhases = (
				27FC625A154B36AD00AA7502 /* Sources */,
				27FC625B154B36AD00AA7502 /* Frameworks */,
				27FC625C154B36AD00AA7502 /* Resources */,
				27FC625D154B36AD00AA7502 /* ShellScript */,
			);
			buildRules = (
			);
			dependencies = (
				2793658615568EEA00513FD1 /* PBXTargetDependency */,
			);
			name = IntAirActOSXTests;
			productName = IntAirActOSXTests;
			productReference = 27FC625F154B36AD00AA7502 /* IntAirActOSXTests.octest */;
			productType = "com.apple.product-type.bundle";
		};
/* End PBXNativeTarget section */

/* Begin PBXProject section */
		277E5523154A42AE002F307D /* Project object */ = {
			isa = PBXProject;
			attributes = {
				LastUpgradeCheck = 0430;
			};
			buildConfigurationList = 277E5526154A42AE002F307D /* Build configuration list for PBXProject "IntAirAct" */;
			compatibilityVersion = "Xcode 3.2";
			developmentRegion = English;
			hasScannedForEncodings = 0;
			knownRegions = (
				en,
			);
			mainGroup = 277E5521154A42AE002F307D;
			productRefGroup = 277E552D154A42AF002F307D /* Products */;
			projectDirPath = "";
			projectReferences = (
				{
					ProductGroup = 276C7E5F1634C51500631ECD /* Products */;
					ProjectRef = 276C7E5E1634C51500631ECD /* CocoaLumberjack.xcodeproj */;
				},
				{
					ProductGroup = 27EF2FE9154A7FA7003D7F41 /* Products */;
					ProjectRef = 27EF2FE8154A7FA7003D7F41 /* RoutingHTTPServer.xcodeproj */;
				},
				{
					ProductGroup = D5D070B3163C4658009B0E74 /* Products */;
					ProjectRef = D5D070B2163C4658009B0E74 /* ServiceDiscovery.xcodeproj */;
				},
			);
			projectRoot = "";
			targets = (
				277E552B154A42AF002F307D /* IntAirActStaticIOS */,
				277E553D154A430E002F307D /* IntAirActIOS */,
				277E5548154A4384002F307D /* IntAirActOSX */,
				27FC6246154B36A400AA7502 /* IntAirActIOSTests */,
				27FC625E154B36AD00AA7502 /* IntAirActOSXTests */,
			);
		};
/* End PBXProject section */

/* Begin PBXReferenceProxy section */
		276C7E651634C51500631ECD /* libCocoaLumberjack.a */ = {
			isa = PBXReferenceProxy;
			fileType = archive.ar;
			path = libCocoaLumberjack.a;
			remoteRef = 276C7E641634C51500631ECD /* PBXContainerItemProxy */;
			sourceTree = BUILT_PRODUCTS_DIR;
		};
		276C7E671634C51500631ECD /* CocoaLumberjack.framework */ = {
			isa = PBXReferenceProxy;
			fileType = wrapper.framework;
			path = CocoaLumberjack.framework;
			remoteRef = 276C7E661634C51500631ECD /* PBXContainerItemProxy */;
			sourceTree = BUILT_PRODUCTS_DIR;
		};
		27EF2FFE154A7FA8003D7F41 /* libRoutingHTTPServer.a */ = {
			isa = PBXReferenceProxy;
			fileType = archive.ar;
			path = libRoutingHTTPServer.a;
			remoteRef = 27EF2FFD154A7FA8003D7F41 /* PBXContainerItemProxy */;
			sourceTree = BUILT_PRODUCTS_DIR;
		};
		27EF3000154A7FA8003D7F41 /* RoutingHTTPServer.framework */ = {
			isa = PBXReferenceProxy;
			fileType = wrapper.framework;
			path = RoutingHTTPServer.framework;
			remoteRef = 27EF2FFF154A7FA8003D7F41 /* PBXContainerItemProxy */;
			sourceTree = BUILT_PRODUCTS_DIR;
		};
		D5291ECE1639DA7B0017DB63 /* CocoaLumberjackIOSTests.octest */ = {
			isa = PBXReferenceProxy;
			fileType = wrapper.cfbundle;
			path = CocoaLumberjackIOSTests.octest;
			remoteRef = D5291ECD1639DA7B0017DB63 /* PBXContainerItemProxy */;
			sourceTree = BUILT_PRODUCTS_DIR;
		};
		D5291ED01639DA7B0017DB63 /* CocoaLumberjackOSXTests.octest */ = {
			isa = PBXReferenceProxy;
			fileType = wrapper.cfbundle;
			path = CocoaLumberjackOSXTests.octest;
			remoteRef = D5291ECF1639DA7B0017DB63 /* PBXContainerItemProxy */;
			sourceTree = BUILT_PRODUCTS_DIR;
		};
		D53C33D3163B61E9007420CD /* RoutingHTTPServerIOSTests.octest */ = {
			isa = PBXReferenceProxy;
			fileType = wrapper.cfbundle;
			path = RoutingHTTPServerIOSTests.octest;
			remoteRef = D53C33D2163B61E9007420CD /* PBXContainerItemProxy */;
			sourceTree = BUILT_PRODUCTS_DIR;
		};
		D53C33D5163B61E9007420CD /* RoutingHTTPServerOSXTests.octest */ = {
			isa = PBXReferenceProxy;
			fileType = wrapper.cfbundle;
			path = RoutingHTTPServerOSXTests.octest;
			remoteRef = D53C33D4163B61E9007420CD /* PBXContainerItemProxy */;
			sourceTree = BUILT_PRODUCTS_DIR;
		};
		D5D070BF163C4658009B0E74 /* libServiceDiscovery.a */ = {
			isa = PBXReferenceProxy;
			fileType = archive.ar;
			path = libServiceDiscovery.a;
			remoteRef = D5D070BE163C4658009B0E74 /* PBXContainerItemProxy */;
			sourceTree = BUILT_PRODUCTS_DIR;
		};
		D5D070C1163C4658009B0E74 /* ServiceDiscovery.framework */ = {
			isa = PBXReferenceProxy;
			fileType = wrapper.framework;
			path = ServiceDiscovery.framework;
			remoteRef = D5D070C0163C4658009B0E74 /* PBXContainerItemProxy */;
			sourceTree = BUILT_PRODUCTS_DIR;
		};
		D5D070C3163C4658009B0E74 /* ServiceDiscoveryIOSTests.octest */ = {
			isa = PBXReferenceProxy;
			fileType = wrapper.cfbundle;
			path = ServiceDiscoveryIOSTests.octest;
			remoteRef = D5D070C2163C4658009B0E74 /* PBXContainerItemProxy */;
			sourceTree = BUILT_PRODUCTS_DIR;
		};
		D5D070C5163C4658009B0E74 /* ServiceDiscoveryOSXTests.octest */ = {
			isa = PBXReferenceProxy;
			fileType = wrapper.cfbundle;
			path = ServiceDiscoveryOSXTests.octest;
			remoteRef = D5D070C4163C4658009B0E74 /* PBXContainerItemProxy */;
			sourceTree = BUILT_PRODUCTS_DIR;
		};
/* End PBXReferenceProxy section */

/* Begin PBXResourcesBuildPhase section */
		277E5547154A4384002F307D /* Resources */ = {
			isa = PBXResourcesBuildPhase;
			buildActionMask = 2147483647;
			files = (
				27652085162DB7D5008EA1C7 /* License.txt in Resources */,
				27652086162DB7D5008EA1C7 /* Version in Resources */,
			);
			runOnlyForDeploymentPostprocessing = 0;
		};
		27FC6244154B36A400AA7502 /* Resources */ = {
			isa = PBXResourcesBuildPhase;
			buildActionMask = 2147483647;
			files = (
			);
			runOnlyForDeploymentPostprocessing = 0;
		};
		27FC625C154B36AD00AA7502 /* Resources */ = {
			isa = PBXResourcesBuildPhase;
			buildActionMask = 2147483647;
			files = (
			);
			runOnlyForDeploymentPostprocessing = 0;
		};
/* End PBXResourcesBuildPhase section */

/* Begin PBXShellScriptBuildPhase section */
		277E553C154A4302002F307D /* Prepare Framework */ = {
			isa = PBXShellScriptBuildPhase;
			buildActionMask = 2147483647;
			files = (
			);
			inputPaths = (
			);
			name = "Prepare Framework";
			outputPaths = (
			);
			runOnlyForDeploymentPostprocessing = 0;
			shellPath = /bin/sh;
			shellScript = "set -e\n\nmkdir -p \"${BUILT_PRODUCTS_DIR}/${PRODUCT_NAME}.framework/Versions/${FRAMEWORK_VERSION}/Headers\"\nmkdir -p \"${BUILT_PRODUCTS_DIR}/${PRODUCT_NAME}.framework/Versions/${FRAMEWORK_VERSION}/Resources\"\n\n# Link the \"Current\" version to \"${FRAMEWORK_VERSION}\"\n/bin/ln -sfh \"${FRAMEWORK_VERSION}\" \"${BUILT_PRODUCTS_DIR}/${PRODUCT_NAME}.framework/Versions/Current\"\n/bin/ln -sfh Versions/Current/Headers \"${BUILT_PRODUCTS_DIR}/${PRODUCT_NAME}.framework/Headers\"\n/bin/ln -sfh Versions/Current/Resources \"${BUILT_PRODUCTS_DIR}/${PRODUCT_NAME}.framework/Resources\"\n/bin/ln -sfh \"Versions/Current/${PRODUCT_NAME}\" \"${BUILT_PRODUCTS_DIR}/${PRODUCT_NAME}.framework/${PRODUCT_NAME}\"\n\n# The -a ensures that the headers maintain the source modification date so that we don't constantly\n# cause propagating rebuilds of files that import these headers.\n/bin/cp -a \"${TARGET_BUILD_DIR}/${PUBLIC_HEADERS_FOLDER_PATH}/\" \"${BUILT_PRODUCTS_DIR}/${PRODUCT_NAME}.framework/Versions/${FRAMEWORK_VERSION}/Headers\"\n\n/bin/cp -a \"${BUILT_PRODUCTS_DIR}/${PROJECT_NAME}Resources/\" \"${BUILT_PRODUCTS_DIR}/${PRODUCT_NAME}.framework/Versions/${FRAMEWORK_VERSION}/Resources\"\n";
		};
		277E5543154A432D002F307D /* Build Framework */ = {
			isa = PBXShellScriptBuildPhase;
			buildActionMask = 2147483647;
			files = (
			);
			inputPaths = (
			);
			name = "Build Framework";
			outputPaths = (
			);
			runOnlyForDeploymentPostprocessing = 0;
			shellPath = /bin/sh;
			shellScript = "set -e\nset +u\n# Avoid recursively calling this script.\nif [[ $SF_MASTER_SCRIPT_RUNNING ]]\nthen\nexit 0\nfi\nset -u\nexport SF_MASTER_SCRIPT_RUNNING=1\n\nSF_TARGET_NAME=${PROJECT_NAME}\nSF_EXECUTABLE_PATH=\"lib${SF_TARGET_NAME}.a\"\nSF_WRAPPER_NAME=\"${SF_TARGET_NAME}.framework\"\n\n# The following conditionals come from\n# https://github.com/kstenerud/iOS-Universal-Framework\n\nif [[ \"$SDK_NAME\" =~ ([A-Za-z]+) ]]\nthen\nSF_SDK_PLATFORM=${BASH_REMATCH[1]}\nelse\necho \"Could not find platform name from SDK_NAME: $SDK_NAME\"\nexit 1\nfi\n\nif [[ \"$SDK_NAME\" =~ ([0-9]+.*$) ]]\nthen\nSF_SDK_VERSION=${BASH_REMATCH[1]}\nelse\necho \"Could not find sdk version from SDK_NAME: $SDK_NAME\"\nexit 1\nfi\n\nif [[ \"$SF_SDK_PLATFORM\" = \"iphoneos\" ]]\nthen\nSF_OTHER_PLATFORM=iphonesimulator\nelse\nSF_OTHER_PLATFORM=iphoneos\nfi\n\nif [[ \"$BUILT_PRODUCTS_DIR\" =~ (.*)$SF_SDK_PLATFORM$ ]]\nthen\nSF_OTHER_BUILT_PRODUCTS_DIR=\"${BASH_REMATCH[1]}${SF_OTHER_PLATFORM}\"\nelse\necho \"Could not find platform name from build products directory: $BUILT_PRODUCTS_DIR\"\nexit 1\nfi\n\n# Build the other platform.\nxcodebuild -project \"${PROJECT_FILE_PATH}\" -target \"${TARGET_NAME}\" -configuration \"${CONFIGURATION}\" -sdk ${SF_OTHER_PLATFORM}${SF_SDK_VERSION} BUILD_DIR=\"${BUILD_DIR}\" OBJROOT=\"${OBJROOT}\" BUILD_ROOT=\"${BUILD_ROOT}\" SYMROOT=\"${SYMROOT}\" $ACTION\n\n# Smash the two static libraries into one fat binary and store it in the .framework\nlipo -create \"${BUILT_PRODUCTS_DIR}/${SF_EXECUTABLE_PATH}\" \"${SF_OTHER_BUILT_PRODUCTS_DIR}/${SF_EXECUTABLE_PATH}\" -output \"${BUILT_PRODUCTS_DIR}/${SF_WRAPPER_NAME}/Versions/A/${SF_TARGET_NAME}\"\n\n# Copy the binary to the other architecture folder to have a complete framework in both.\ncp -a \"${BUILT_PRODUCTS_DIR}/${SF_WRAPPER_NAME}/Versions/A/${SF_TARGET_NAME}\" \"${SF_OTHER_BUILT_PRODUCTS_DIR}/${SF_WRAPPER_NAME}/Versions/A/${SF_TARGET_NAME}\"\n";
		};
		27FC6245154B36A400AA7502 /* ShellScript */ = {
			isa = PBXShellScriptBuildPhase;
			buildActionMask = 2147483647;
			files = (
			);
			inputPaths = (
			);
			outputPaths = (
			);
			runOnlyForDeploymentPostprocessing = 0;
			shellPath = /bin/sh;
			shellScript = "# Run the unit tests in this test bundle.\n\"${SYSTEM_DEVELOPER_DIR}/Tools/RunUnitTests\"\n";
		};
		27FC625D154B36AD00AA7502 /* ShellScript */ = {
			isa = PBXShellScriptBuildPhase;
			buildActionMask = 2147483647;
			files = (
			);
			inputPaths = (
			);
			outputPaths = (
			);
			runOnlyForDeploymentPostprocessing = 0;
			shellPath = /bin/sh;
			shellScript = "# Run the unit tests in this test bundle.\n\"${SYSTEM_DEVELOPER_DIR}/Tools/RunUnitTests\"\n";
		};
/* End PBXShellScriptBuildPhase section */

/* Begin PBXSourcesBuildPhase section */
		277E5528154A42AF002F307D /* Sources */ = {
			isa = PBXSourcesBuildPhase;
			buildActionMask = 2147483647;
			files = (
				274A48BB15508DAC000DFAF9 /* IAIntAirAct.m in Sources */,
				274A48C915508DB9000DFAF9 /* IADevice.m in Sources */,
				2756EDE5162F568F00E76B50 /* IARoute.m in Sources */,
				2756EDF4162F60AC00E76B50 /* IAResponse.m in Sources */,
				2756EDFA162F60C200E76B50 /* IARequest.m in Sources */,
				2756EE20162F689800E76B50 /* IARequest+RouteRequest.m in Sources */,
				2756EE33162F73D000E76B50 /* IARoutingHTTPServerAdapter.m in Sources */,
				2756EE3A162F780A00E76B50 /* RouteResponse+IAResponse.m in Sources */,
				277BDCBC1654675500A7AB46 /* IANSURLAdapter.m in Sources */,
				277BDCC216546A1F00A7AB46 /* NSURLRequest+IARequest.m in Sources */,
				277BDCCE16546F2100A7AB46 /* NSURL+QueryParameters.m in Sources */,
				27E54AEB1654B54900EFD933 /* IADeSerialization.m in Sources */,
				276F9E2F165818D100AEA786 /* JSONKit.m in Sources */,
			);
			runOnlyForDeploymentPostprocessing = 0;
		};
		277E5544154A4384002F307D /* Sources */ = {
			isa = PBXSourcesBuildPhase;
			buildActionMask = 2147483647;
			files = (
				274A48BC15508DAC000DFAF9 /* IAIntAirAct.m in Sources */,
				274A48CA15508DB9000DFAF9 /* IADevice.m in Sources */,
				2756EDE6162F568F00E76B50 /* IARoute.m in Sources */,
				2756EDF5162F60AC00E76B50 /* IAResponse.m in Sources */,
				2756EDFB162F60C200E76B50 /* IARequest.m in Sources */,
				2756EE21162F689800E76B50 /* IARequest+RouteRequest.m in Sources */,
				2756EE34162F73D000E76B50 /* IARoutingHTTPServerAdapter.m in Sources */,
				2756EE3B162F780A00E76B50 /* RouteResponse+IAResponse.m in Sources */,
				277BDCBD1654675500A7AB46 /* IANSURLAdapter.m in Sources */,
				277BDCC316546A1F00A7AB46 /* NSURLRequest+IARequest.m in Sources */,
				277BDCCF16546F2100A7AB46 /* NSURL+QueryParameters.m in Sources */,
				27E54AEC1654B54900EFD933 /* IADeSerialization.m in Sources */,
				276F9E30165818D200AEA786 /* JSONKit.m in Sources */,
			);
			runOnlyForDeploymentPostprocessing = 0;
		};
		27FC6242154B36A400AA7502 /* Sources */ = {
			isa = PBXSourcesBuildPhase;
			buildActionMask = 2147483647;
			files = (
				27C172601550952500BF2BFE /* IntAirActTests.m in Sources */,
				2754AA521656CBD000BC8CA3 /* IADeviceTests.m in Sources */,
				2788FFFC16570542006DCE70 /* IAResponseTests.m in Sources */,
				27880000165705ED006DCE70 /* IARouteTests.m in Sources */,
				2788000916570E5A006DCE70 /* IARequestTests.m in Sources */,
				2788001316571B35006DCE70 /* IAModelWithInt.m in Sources */,
				2788001516571B35006DCE70 /* IANumber.m in Sources */,
				27880019165725A3006DCE70 /* IAModelWithFloat.m in Sources */,
				2788001D16572759006DCE70 /* IAModelInheritance.m in Sources */,
				2788002116572BAB006DCE70 /* IAModelReference.m in Sources */,
				2788005E16572D36006DCE70 /* IASerializationTests.m in Sources */,
				2788006216572D70006DCE70 /* IADeserializationTests.m in Sources */,
				27643CA316599972007F843B /* IANSURLAdapterTests.m in Sources */,
			);
			runOnlyForDeploymentPostprocessing = 0;
		};
		27FC625A154B36AD00AA7502 /* Sources */ = {
			isa = PBXSourcesBuildPhase;
			buildActionMask = 2147483647;
			files = (
				27C172611550952E00BF2BFE /* IntAirActTests.m in Sources */,
				2754AA531656CBD000BC8CA3 /* IADeviceTests.m in Sources */,
				2788FFFD16570542006DCE70 /* IAResponseTests.m in Sources */,
				27880001165705ED006DCE70 /* IARouteTests.m in Sources */,
				2788000A16570E5A006DCE70 /* IARequestTests.m in Sources */,
				2788001416571B35006DCE70 /* IAModelWithInt.m in Sources */,
				2788001616571B35006DCE70 /* IANumber.m in Sources */,
				2788001A165725A3006DCE70 /* IAModelWithFloat.m in Sources */,
				2788001E16572759006DCE70 /* IAModelInheritance.m in Sources */,
				2788002216572BAB006DCE70 /* IAModelReference.m in Sources */,
				2788005F16572D36006DCE70 /* IASerializationTests.m in Sources */,
				2788006316572D70006DCE70 /* IADeserializationTests.m in Sources */,
				27643CA416599972007F843B /* IANSURLAdapterTests.m in Sources */,
			);
			runOnlyForDeploymentPostprocessing = 0;
		};
/* End PBXSourcesBuildPhase section */

/* Begin PBXTargetDependency section */
		277E5542154A431C002F307D /* PBXTargetDependency */ = {
			isa = PBXTargetDependency;
			target = 277E552B154A42AF002F307D /* IntAirActStaticIOS */;
			targetProxy = 277E5541154A431C002F307D /* PBXContainerItemProxy */;
		};
		2793654615568CEA00513FD1 /* PBXTargetDependency */ = {
			isa = PBXTargetDependency;
			target = 277E552B154A42AF002F307D /* IntAirActStaticIOS */;
			targetProxy = 2793654515568CEA00513FD1 /* PBXContainerItemProxy */;
		};
		2793658615568EEA00513FD1 /* PBXTargetDependency */ = {
			isa = PBXTargetDependency;
			target = 277E5548154A4384002F307D /* IntAirActOSX */;
			targetProxy = 2793658515568EEA00513FD1 /* PBXContainerItemProxy */;
		};
		27EF3006154A7FB3003D7F41 /* PBXTargetDependency */ = {
			isa = PBXTargetDependency;
			name = RoutingHTTPServerStaticIOS;
			targetProxy = 27EF3005154A7FB3003D7F41 /* PBXContainerItemProxy */;
		};
		27EF3014154A7FC8003D7F41 /* PBXTargetDependency */ = {
			isa = PBXTargetDependency;
			name = RoutingHTTPServerOSX;
			targetProxy = 27EF3013154A7FC8003D7F41 /* PBXContainerItemProxy */;
		};
		27EF32AC154A98AF003D7F41 /* PBXTargetDependency */ = {
			isa = PBXTargetDependency;
			name = RoutingHTTPServerIOS;
			targetProxy = 27EF32AB154A98AF003D7F41 /* PBXContainerItemProxy */;
		};
		D5D070CA163C468D009B0E74 /* PBXTargetDependency */ = {
			isa = PBXTargetDependency;
			name = ServiceDiscoveryOSX;
			targetProxy = D5D070C9163C468D009B0E74 /* PBXContainerItemProxy */;
		};
		D5D070CD163C4699009B0E74 /* PBXTargetDependency */ = {
			isa = PBXTargetDependency;
			name = ServiceDiscoveryStaticIOS;
			targetProxy = D5D070CC163C4699009B0E74 /* PBXContainerItemProxy */;
		};
/* End PBXTargetDependency section */

/* Begin XCBuildConfiguration section */
		277E5537154A42AF002F307D /* Debug */ = {
			isa = XCBuildConfiguration;
			buildSettings = {
				ALWAYS_SEARCH_USER_PATHS = NO;
				ARCHS = "$(ARCHS_STANDARD_32_BIT)";
				CLANG_ENABLE_OBJC_ARC = YES;
				CLANG_WARN__DUPLICATE_METHOD_MATCH = YES;
				COPY_PHASE_STRIP = NO;
				DEAD_CODE_STRIPPING = NO;
				GCC_DYNAMIC_NO_PIC = NO;
				GCC_OPTIMIZATION_LEVEL = 0;
				GCC_PREPROCESSOR_DEFINITIONS = (
					"DEBUG=1",
					"$(inherited)",
				);
				GCC_SYMBOLS_PRIVATE_EXTERN = NO;
				GCC_VERSION = com.apple.compilers.llvm.clang.1_0;
				GCC_WARN_64_TO_32_BIT_CONVERSION = YES;
				GCC_WARN_ABOUT_RETURN_TYPE = YES;
				GCC_WARN_UNINITIALIZED_AUTOS = YES;
				GCC_WARN_UNUSED_VARIABLE = YES;
				INFOPLIST_FILE = "$(PROJECT_NAME)-Info.plist";
				IPHONEOS_DEPLOYMENT_TARGET = 6.0;
				MACOSX_DEPLOYMENT_TARGET = 10.8;
				ONLY_ACTIVE_ARCH = YES;
				PRODUCT_NAME = "$(PROJECT_NAME)";
				SDKROOT = iphoneos;
				SKIP_INSTALL = YES;
				STRIP_STYLE = "non-global";
			};
			name = Debug;
		};
		277E5538154A42AF002F307D /* Release */ = {
			isa = XCBuildConfiguration;
			buildSettings = {
				ALWAYS_SEARCH_USER_PATHS = NO;
				ARCHS = "$(ARCHS_STANDARD_32_BIT)";
				CLANG_ENABLE_OBJC_ARC = YES;
				CLANG_WARN__DUPLICATE_METHOD_MATCH = YES;
				COPY_PHASE_STRIP = NO;
				DEAD_CODE_STRIPPING = NO;
				GCC_VERSION = com.apple.compilers.llvm.clang.1_0;
				GCC_WARN_64_TO_32_BIT_CONVERSION = YES;
				GCC_WARN_ABOUT_RETURN_TYPE = YES;
				GCC_WARN_UNINITIALIZED_AUTOS = YES;
				GCC_WARN_UNUSED_VARIABLE = YES;
				INFOPLIST_FILE = "$(PROJECT_NAME)-Info.plist";
				IPHONEOS_DEPLOYMENT_TARGET = 6.0;
				MACOSX_DEPLOYMENT_TARGET = 10.8;
				PRODUCT_NAME = "$(PROJECT_NAME)";
				SDKROOT = iphoneos;
				SKIP_INSTALL = YES;
				STRIP_STYLE = "non-global";
				VALIDATE_PRODUCT = YES;
			};
			name = Release;
		};
		277E553A154A42AF002F307D /* Debug */ = {
			isa = XCBuildConfiguration;
			buildSettings = {
				GCC_PRECOMPILE_PREFIX_HEADER = YES;
				GCC_PREFIX_HEADER = "IntAirAct-Prefix.pch";
				OTHER_LDFLAGS = "-ObjC";
				PRIVATE_HEADERS_FOLDER_PATH = "$(PRODUCT_NAME)PrivateHeaders";
				PUBLIC_HEADERS_FOLDER_PATH = "$(PROJECT_NAME)Headers";
			};
			name = Debug;
		};
		277E553B154A42AF002F307D /* Release */ = {
			isa = XCBuildConfiguration;
			buildSettings = {
				GCC_PRECOMPILE_PREFIX_HEADER = YES;
				GCC_PREFIX_HEADER = "IntAirAct-Prefix.pch";
				OTHER_LDFLAGS = "-ObjC";
				PRIVATE_HEADERS_FOLDER_PATH = "$(PRODUCT_NAME)PrivateHeaders";
				PUBLIC_HEADERS_FOLDER_PATH = "$(PROJECT_NAME)Headers";
			};
			name = Release;
		};
		277E553F154A430F002F307D /* Debug */ = {
			isa = XCBuildConfiguration;
			buildSettings = {
			};
			name = Debug;
		};
		277E5540154A430F002F307D /* Release */ = {
			isa = XCBuildConfiguration;
			buildSettings = {
			};
			name = Release;
		};
		277E555B154A4385002F307D /* Debug */ = {
			isa = XCBuildConfiguration;
			buildSettings = {
				ARCHS = "$(ARCHS_STANDARD_64_BIT)";
				COMBINE_HIDPI_IMAGES = YES;
				FRAMEWORK_SEARCH_PATHS = (
					"$(inherited)",
					"\"$(SYSTEM_APPS_DIR)/Xcode.app/Contents/Developer/Library/Frameworks\"",
				);
				GCC_PRECOMPILE_PREFIX_HEADER = YES;
				GCC_PREFIX_HEADER = "IntAirAct-Prefix.pch";
				INSTALL_PATH = "@executable_path/../Frameworks";
				SDKROOT = macosx;
				WRAPPER_EXTENSION = framework;
			};
			name = Debug;
		};
		277E555C154A4385002F307D /* Release */ = {
			isa = XCBuildConfiguration;
			buildSettings = {
				ARCHS = "$(ARCHS_STANDARD_64_BIT)";
				COMBINE_HIDPI_IMAGES = YES;
				DEBUG_INFORMATION_FORMAT = "dwarf-with-dsym";
				FRAMEWORK_SEARCH_PATHS = (
					"$(inherited)",
					"\"$(SYSTEM_APPS_DIR)/Xcode.app/Contents/Developer/Library/Frameworks\"",
				);
				GCC_PRECOMPILE_PREFIX_HEADER = YES;
				GCC_PREFIX_HEADER = "IntAirAct-Prefix.pch";
				INSTALL_PATH = "@executable_path/../Frameworks";
				SDKROOT = macosx;
				WRAPPER_EXTENSION = framework;
			};
			name = Release;
		};
		27FC6256154B36A400AA7502 /* Debug */ = {
			isa = XCBuildConfiguration;
			buildSettings = {
				FRAMEWORK_SEARCH_PATHS = (
					"$(SDKROOT)/Developer/Library/Frameworks",
					"$(DEVELOPER_LIBRARY_DIR)/Frameworks",
				);
				OTHER_LDFLAGS = "-ObjC";
				PRODUCT_NAME = IntAirActIOSTests;
				WRAPPER_EXTENSION = octest;
			};
			name = Debug;
		};
		27FC6257154B36A400AA7502 /* Release */ = {
			isa = XCBuildConfiguration;
			buildSettings = {
				FRAMEWORK_SEARCH_PATHS = (
					"$(SDKROOT)/Developer/Library/Frameworks",
					"$(DEVELOPER_LIBRARY_DIR)/Frameworks",
				);
				OTHER_LDFLAGS = "-ObjC";
				PRODUCT_NAME = IntAirActIOSTests;
				WRAPPER_EXTENSION = octest;
			};
			name = Release;
		};
		27FC6272154B36AE00AA7502 /* Debug */ = {
			isa = XCBuildConfiguration;
			buildSettings = {
				ARCHS = "$(ARCHS_STANDARD_64_BIT)";
				COMBINE_HIDPI_IMAGES = YES;
				FRAMEWORK_SEARCH_PATHS = "\"$(DEVELOPER_LIBRARY_DIR)/Frameworks\"";
				GCC_PRECOMPILE_PREFIX_HEADER = YES;
				GCC_PREFIX_HEADER = "IntAirAct-Prefix.pch";
				ONLY_ACTIVE_ARCH = YES;
				PRODUCT_NAME = IntAirActOSXTests;
				SDKROOT = macosx;
				WRAPPER_EXTENSION = octest;
			};
			name = Debug;
		};
		27FC6273154B36AE00AA7502 /* Release */ = {
			isa = XCBuildConfiguration;
			buildSettings = {
				ARCHS = "$(ARCHS_STANDARD_64_BIT)";
				COMBINE_HIDPI_IMAGES = YES;
				DEBUG_INFORMATION_FORMAT = "dwarf-with-dsym";
				FRAMEWORK_SEARCH_PATHS = "\"$(DEVELOPER_LIBRARY_DIR)/Frameworks\"";
				GCC_PRECOMPILE_PREFIX_HEADER = YES;
				GCC_PREFIX_HEADER = "IntAirAct-Prefix.pch";
				PRODUCT_NAME = IntAirActOSXTests;
				SDKROOT = macosx;
				WRAPPER_EXTENSION = octest;
			};
			name = Release;
		};
/* End XCBuildConfiguration section */

/* Begin XCConfigurationList section */
		277E5526154A42AE002F307D /* Build configuration list for PBXProject "IntAirAct" */ = {
			isa = XCConfigurationList;
			buildConfigurations = (
				277E5537154A42AF002F307D /* Debug */,
				277E5538154A42AF002F307D /* Release */,
			);
			defaultConfigurationIsVisible = 0;
			defaultConfigurationName = Release;
		};
		277E5539154A42AF002F307D /* Build configuration list for PBXNativeTarget "IntAirActStaticIOS" */ = {
			isa = XCConfigurationList;
			buildConfigurations = (
				277E553A154A42AF002F307D /* Debug */,
				277E553B154A42AF002F307D /* Release */,
			);
			defaultConfigurationIsVisible = 0;
			defaultConfigurationName = Release;
		};
		277E553E154A430F002F307D /* Build configuration list for PBXAggregateTarget "IntAirActIOS" */ = {
			isa = XCConfigurationList;
			buildConfigurations = (
				277E553F154A430F002F307D /* Debug */,
				277E5540154A430F002F307D /* Release */,
			);
			defaultConfigurationIsVisible = 0;
			defaultConfigurationName = Release;
		};
		277E555A154A4385002F307D /* Build configuration list for PBXNativeTarget "IntAirActOSX" */ = {
			isa = XCConfigurationList;
			buildConfigurations = (
				277E555B154A4385002F307D /* Debug */,
				277E555C154A4385002F307D /* Release */,
			);
			defaultConfigurationIsVisible = 0;
			defaultConfigurationName = Release;
		};
		27FC6258154B36A500AA7502 /* Build configuration list for PBXNativeTarget "IntAirActIOSTests" */ = {
			isa = XCConfigurationList;
			buildConfigurations = (
				27FC6256154B36A400AA7502 /* Debug */,
				27FC6257154B36A400AA7502 /* Release */,
			);
			defaultConfigurationIsVisible = 0;
			defaultConfigurationName = Release;
		};
		27FC6271154B36AE00AA7502 /* Build configuration list for PBXNativeTarget "IntAirActOSXTests" */ = {
			isa = XCConfigurationList;
			buildConfigurations = (
				27FC6272154B36AE00AA7502 /* Debug */,
				27FC6273154B36AE00AA7502 /* Release */,
			);
			defaultConfigurationIsVisible = 0;
			defaultConfigurationName = Release;
		};
/* End XCConfigurationList section */
	};
	rootObject = 277E5523154A42AE002F307D /* Project object */;
}
