// !$*UTF8*$!
{
	archiveVersion = 1;
	classes = {
	};
	objectVersion = 46;
	objects = {

/* Begin PBXAggregateTarget section */
		277E553D154A430E002F307D /* IntAirActIOS */ = {
			isa = PBXAggregateTarget;
			buildConfigurationList = 277E553E154A430F002F307D /* Build configuration list for PBXAggregateTarget "IntAirActIOS" */;
			buildPhases = (
				277E5543154A432D002F307D /* Build Framework */,
			);
			dependencies = (
				277E5542154A431C002F307D /* PBXTargetDependency */,
				27EF32AA154A98AF003D7F41 /* PBXTargetDependency */,
				27EF32AC154A98AF003D7F41 /* PBXTargetDependency */,
			);
			name = IntAirActIOS;
			productName = IntAirActIOS;
		};
/* End PBXAggregateTarget section */

/* Begin PBXBuildFile section */
		27157F79155DBF07002F34C1 /* RestKit.framework in Frameworks */ = {isa = PBXBuildFile; fileRef = 27EF301A154A7FD1003D7F41 /* RestKit.framework */; };
		2719EA46155D6D86009032A1 /* IntAirAct.framework in Frameworks */ = {isa = PBXBuildFile; fileRef = 277E5549154A4384002F307D /* IntAirAct.framework */; };
		2719EA47155D6D8B009032A1 /* CocoaLumberjack.framework in Frameworks */ = {isa = PBXBuildFile; fileRef = 275CE725155C3C4A00FECE59 /* CocoaLumberjack.framework */; };
		274A48A915508D97000DFAF9 /* IntAirAct.h in Headers */ = {isa = PBXBuildFile; fileRef = 274A48A715508D97000DFAF9 /* IntAirAct.h */; settings = {ATTRIBUTES = (Public, ); }; };
		274A48AE15508DA1000DFAF9 /* IARouteRequest+BodyAsString.h in Headers */ = {isa = PBXBuildFile; fileRef = 274A48AA15508DA1000DFAF9 /* IARouteRequest+BodyAsString.h */; settings = {ATTRIBUTES = (Public, ); }; };
		274A48AF15508DA1000DFAF9 /* IARouteRequest+BodyAsString.h in Headers */ = {isa = PBXBuildFile; fileRef = 274A48AA15508DA1000DFAF9 /* IARouteRequest+BodyAsString.h */; settings = {ATTRIBUTES = (Public, ); }; };
		274A48B015508DA1000DFAF9 /* IARouteRequest+BodyAsString.m in Sources */ = {isa = PBXBuildFile; fileRef = 274A48AB15508DA1000DFAF9 /* IARouteRequest+BodyAsString.m */; };
		274A48B115508DA1000DFAF9 /* IARouteRequest+BodyAsString.m in Sources */ = {isa = PBXBuildFile; fileRef = 274A48AB15508DA1000DFAF9 /* IARouteRequest+BodyAsString.m */; };
		274A48B215508DA1000DFAF9 /* IARouteResponse+Serializer.h in Headers */ = {isa = PBXBuildFile; fileRef = 274A48AC15508DA1000DFAF9 /* IARouteResponse+Serializer.h */; settings = {ATTRIBUTES = (Public, ); }; };
		274A48B315508DA1000DFAF9 /* IARouteResponse+Serializer.h in Headers */ = {isa = PBXBuildFile; fileRef = 274A48AC15508DA1000DFAF9 /* IARouteResponse+Serializer.h */; settings = {ATTRIBUTES = (Public, ); }; };
		274A48B415508DA1000DFAF9 /* IARouteResponse+Serializer.m in Sources */ = {isa = PBXBuildFile; fileRef = 274A48AD15508DA1000DFAF9 /* IARouteResponse+Serializer.m */; };
		274A48B515508DA1000DFAF9 /* IARouteResponse+Serializer.m in Sources */ = {isa = PBXBuildFile; fileRef = 274A48AD15508DA1000DFAF9 /* IARouteResponse+Serializer.m */; };
		274A48B915508DAC000DFAF9 /* IAIntAirAct.h in Headers */ = {isa = PBXBuildFile; fileRef = 274A48B615508DAC000DFAF9 /* IAIntAirAct.h */; settings = {ATTRIBUTES = (Public, ); }; };
		274A48BA15508DAC000DFAF9 /* IAIntAirAct.h in Headers */ = {isa = PBXBuildFile; fileRef = 274A48B615508DAC000DFAF9 /* IAIntAirAct.h */; settings = {ATTRIBUTES = (Public, ); }; };
		274A48BB15508DAC000DFAF9 /* IAIntAirAct.m in Sources */ = {isa = PBXBuildFile; fileRef = 274A48B715508DAC000DFAF9 /* IAIntAirAct.m */; };
		274A48BC15508DAC000DFAF9 /* IAIntAirAct.m in Sources */ = {isa = PBXBuildFile; fileRef = 274A48B715508DAC000DFAF9 /* IAIntAirAct.m */; };
		274A48BD15508DAC000DFAF9 /* IALogging.h in Headers */ = {isa = PBXBuildFile; fileRef = 274A48B815508DAC000DFAF9 /* IALogging.h */; settings = {ATTRIBUTES = (Public, ); }; };
		274A48BE15508DAC000DFAF9 /* IALogging.h in Headers */ = {isa = PBXBuildFile; fileRef = 274A48B815508DAC000DFAF9 /* IALogging.h */; settings = {ATTRIBUTES = (Public, ); }; };
		274A48C315508DB9000DFAF9 /* IAAction.h in Headers */ = {isa = PBXBuildFile; fileRef = 274A48BF15508DB9000DFAF9 /* IAAction.h */; settings = {ATTRIBUTES = (Public, ); }; };
		274A48C415508DB9000DFAF9 /* IAAction.h in Headers */ = {isa = PBXBuildFile; fileRef = 274A48BF15508DB9000DFAF9 /* IAAction.h */; settings = {ATTRIBUTES = (Public, ); }; };
		274A48C515508DB9000DFAF9 /* IAAction.m in Sources */ = {isa = PBXBuildFile; fileRef = 274A48C015508DB9000DFAF9 /* IAAction.m */; };
		274A48C615508DB9000DFAF9 /* IAAction.m in Sources */ = {isa = PBXBuildFile; fileRef = 274A48C015508DB9000DFAF9 /* IAAction.m */; };
		274A48C715508DB9000DFAF9 /* IADevice.h in Headers */ = {isa = PBXBuildFile; fileRef = 274A48C115508DB9000DFAF9 /* IADevice.h */; settings = {ATTRIBUTES = (Public, ); }; };
		274A48C815508DB9000DFAF9 /* IADevice.h in Headers */ = {isa = PBXBuildFile; fileRef = 274A48C115508DB9000DFAF9 /* IADevice.h */; settings = {ATTRIBUTES = (Public, ); }; };
		274A48C915508DB9000DFAF9 /* IADevice.m in Sources */ = {isa = PBXBuildFile; fileRef = 274A48C215508DB9000DFAF9 /* IADevice.m */; };
		274A48CA15508DB9000DFAF9 /* IADevice.m in Sources */ = {isa = PBXBuildFile; fileRef = 274A48C215508DB9000DFAF9 /* IADevice.m */; };
		274A48D415508DFD000DFAF9 /* IntAirAct-Prefix.pch in Headers */ = {isa = PBXBuildFile; fileRef = 274A48D215508DFD000DFAF9 /* IntAirAct-Prefix.pch */; settings = {ATTRIBUTES = (); }; };
		274A48D515508DFD000DFAF9 /* IntAirAct-Prefix.pch in Headers */ = {isa = PBXBuildFile; fileRef = 274A48D215508DFD000DFAF9 /* IntAirAct-Prefix.pch */; };
		274A48F415508F1B000DFAF9 /* IntAirAct.h in Headers */ = {isa = PBXBuildFile; fileRef = 274A48A715508D97000DFAF9 /* IntAirAct.h */; settings = {ATTRIBUTES = (Public, ); }; };
		275CE726155C3C4A00FECE59 /* CocoaLumberjack.framework in Frameworks */ = {isa = PBXBuildFile; fileRef = 275CE725155C3C4A00FECE59 /* CocoaLumberjack.framework */; };
		2762B949155B2BDD0042EECC /* IANumber.m in Sources */ = {isa = PBXBuildFile; fileRef = 2762B948155B2BDD0042EECC /* IANumber.m */; };
		2762B94A155B2BDD0042EECC /* IANumber.m in Sources */ = {isa = PBXBuildFile; fileRef = 2762B948155B2BDD0042EECC /* IANumber.m */; };
		276ED16E1556541500C4702F /* IACapability.h in Headers */ = {isa = PBXBuildFile; fileRef = 276ED16C1556541500C4702F /* IACapability.h */; settings = {ATTRIBUTES = (Public, ); }; };
		276ED16F1556541500C4702F /* IACapability.h in Headers */ = {isa = PBXBuildFile; fileRef = 276ED16C1556541500C4702F /* IACapability.h */; settings = {ATTRIBUTES = (Public, ); }; };
		276ED1701556541500C4702F /* IACapability.m in Sources */ = {isa = PBXBuildFile; fileRef = 276ED16D1556541500C4702F /* IACapability.m */; };
		276ED1711556541500C4702F /* IACapability.m in Sources */ = {isa = PBXBuildFile; fileRef = 276ED16D1556541500C4702F /* IACapability.m */; };
		277E5530154A42AF002F307D /* Foundation.framework in Frameworks */ = {isa = PBXBuildFile; fileRef = 277E552F154A42AF002F307D /* Foundation.framework */; };
		2793654715568CFF00513FD1 /* libIntAirAct.a in Frameworks */ = {isa = PBXBuildFile; fileRef = 277E552C154A42AF002F307D /* libIntAirAct.a */; };
		2793654815568D0700513FD1 /* libRestKit+Blocks.a in Frameworks */ = {isa = PBXBuildFile; fileRef = 27EF2FE0154A7F9B003D7F41 /* libRestKit+Blocks.a */; };
		2793654915568D0700513FD1 /* libRoutingHTTPServer.a in Frameworks */ = {isa = PBXBuildFile; fileRef = 27EF2FFE154A7FA8003D7F41 /* libRoutingHTTPServer.a */; };
		2793654E15568D0700513FD1 /* libCocoaAsyncSocket.a in Frameworks */ = {isa = PBXBuildFile; fileRef = 2793654A15568D0700513FD1 /* libCocoaAsyncSocket.a */; };
		2793654F15568D0700513FD1 /* libCocoaHTTPServer.a in Frameworks */ = {isa = PBXBuildFile; fileRef = 2793654B15568D0700513FD1 /* libCocoaHTTPServer.a */; };
		2793655015568D0700513FD1 /* libCocoaLumberjack.a in Frameworks */ = {isa = PBXBuildFile; fileRef = 2793654C15568D0700513FD1 /* libCocoaLumberjack.a */; };
		2793655115568D0700513FD1 /* libRestKit.a in Frameworks */ = {isa = PBXBuildFile; fileRef = 2793654D15568D0700513FD1 /* libRestKit.a */; };
		2793655315568D1100513FD1 /* Security.framework in Frameworks */ = {isa = PBXBuildFile; fileRef = 2793655215568D1100513FD1 /* Security.framework */; };
		2793655515568D1800513FD1 /* CFNetwork.framework in Frameworks */ = {isa = PBXBuildFile; fileRef = 2793655415568D1800513FD1 /* CFNetwork.framework */; };
		2793655715568D2400513FD1 /* CoreData.framework in Frameworks */ = {isa = PBXBuildFile; fileRef = 2793655615568D2400513FD1 /* CoreData.framework */; };
		2793655915568D2D00513FD1 /* MobileCoreServices.framework in Frameworks */ = {isa = PBXBuildFile; fileRef = 2793655815568D2D00513FD1 /* MobileCoreServices.framework */; };
		2793655B15568D3500513FD1 /* SystemConfiguration.framework in Frameworks */ = {isa = PBXBuildFile; fileRef = 2793655A15568D3500513FD1 /* SystemConfiguration.framework */; };
		2793655D15568D4100513FD1 /* CoreGraphics.framework in Frameworks */ = {isa = PBXBuildFile; fileRef = 2793655C15568D4100513FD1 /* CoreGraphics.framework */; };
		2793658415568D8200513FD1 /* QuartzCore.framework in Frameworks */ = {isa = PBXBuildFile; fileRef = 2793658315568D8200513FD1 /* QuartzCore.framework */; };
		27A8ABDD15568861001104E9 /* AppKit.framework in Frameworks */ = {isa = PBXBuildFile; fileRef = 27A8ABDC15568861001104E9 /* AppKit.framework */; };
		27C172601550952500BF2BFE /* IntAirActTests.m in Sources */ = {isa = PBXBuildFile; fileRef = 274A48CC15508DEB000DFAF9 /* IntAirActTests.m */; };
		27C172611550952E00BF2BFE /* IntAirActTests.m in Sources */ = {isa = PBXBuildFile; fileRef = 274A48CC15508DEB000DFAF9 /* IntAirActTests.m */; };
		27EF3015154A7FD1003D7F41 /* RestKit+Blocks.framework in Frameworks */ = {isa = PBXBuildFile; fileRef = 27EF2FE2154A7F9B003D7F41 /* RestKit+Blocks.framework */; };
		27EF3016154A7FD1003D7F41 /* RoutingHTTPServer.framework in Frameworks */ = {isa = PBXBuildFile; fileRef = 27EF3000154A7FA8003D7F41 /* RoutingHTTPServer.framework */; };
		27EF301B154A7FD1003D7F41 /* CocoaAsyncSocket.framework in Frameworks */ = {isa = PBXBuildFile; fileRef = 27EF3017154A7FD1003D7F41 /* CocoaAsyncSocket.framework */; };
		27EF301C154A7FD1003D7F41 /* CocoaHTTPServer.framework in Frameworks */ = {isa = PBXBuildFile; fileRef = 27EF3018154A7FD1003D7F41 /* CocoaHTTPServer.framework */; };
		27EF301E154A7FD1003D7F41 /* RestKit.framework in Frameworks */ = {isa = PBXBuildFile; fileRef = 27EF301A154A7FD1003D7F41 /* RestKit.framework */; };
		27EF301F154A8066003D7F41 /* Foundation.framework in Frameworks */ = {isa = PBXBuildFile; fileRef = 277E552F154A42AF002F307D /* Foundation.framework */; };
		27FC6249154B36A400AA7502 /* SenTestingKit.framework in Frameworks */ = {isa = PBXBuildFile; fileRef = 27FC6248154B36A400AA7502 /* SenTestingKit.framework */; };
		27FC624A154B36A400AA7502 /* UIKit.framework in Frameworks */ = {isa = PBXBuildFile; fileRef = 27EF339A154A9E3E003D7F41 /* UIKit.framework */; };
		27FC624B154B36A400AA7502 /* Foundation.framework in Frameworks */ = {isa = PBXBuildFile; fileRef = 277E552F154A42AF002F307D /* Foundation.framework */; };
		27FC6260154B36AE00AA7502 /* SenTestingKit.framework in Frameworks */ = {isa = PBXBuildFile; fileRef = 27FC6248154B36A400AA7502 /* SenTestingKit.framework */; };
		27FC6262154B36AE00AA7502 /* Cocoa.framework in Frameworks */ = {isa = PBXBuildFile; fileRef = 27FC6261154B36AE00AA7502 /* Cocoa.framework */; };
/* End PBXBuildFile section */

/* Begin PBXContainerItemProxy section */
		27157F70155DBB46002F34C1 /* PBXContainerItemProxy */ = {
			isa = PBXContainerItemProxy;
			containerPortal = 27EF2FD2154A7F9A003D7F41 /* RestKit+Blocks.xcodeproj */;
			proxyType = 2;
			remoteGlobalIDString = 2719EADF155D987B009032A1;
			remoteInfo = "RestKit+BlocksOSXTests";
		};
		27157F72155DBB46002F34C1 /* PBXContainerItemProxy */ = {
			isa = PBXContainerItemProxy;
			containerPortal = 27EF2FD2154A7F9A003D7F41 /* RestKit+Blocks.xcodeproj */;
			proxyType = 2;
			remoteGlobalIDString = 27157F0D155DAC72002F34C1;
			remoteInfo = "RestKit+BlocksIOSTests";
		};
		277E5541154A431C002F307D /* PBXContainerItemProxy */ = {
			isa = PBXContainerItemProxy;
			containerPortal = 277E5523154A42AE002F307D /* Project object */;
			proxyType = 1;
			remoteGlobalIDString = 277E552B154A42AF002F307D;
			remoteInfo = IntAirActStaticIOS;
		};
		278C8B3A154B447D007D4542 /* PBXContainerItemProxy */ = {
			isa = PBXContainerItemProxy;
			containerPortal = 27EF2FE8154A7FA7003D7F41 /* RoutingHTTPServer.xcodeproj */;
			proxyType = 2;
			remoteGlobalIDString = 27EF346E154AA74D003D7F41;
			remoteInfo = RoutingHTTPServerOSXTests;
		};
		278C8B3C154B447D007D4542 /* PBXContainerItemProxy */ = {
			isa = PBXContainerItemProxy;
			containerPortal = 27EF2FE8154A7FA7003D7F41 /* RoutingHTTPServer.xcodeproj */;
			proxyType = 2;
			remoteGlobalIDString = 27EF34E6154AA953003D7F41;
			remoteInfo = RoutingHTTPServerIOSTests;
		};
		2793654515568CEA00513FD1 /* PBXContainerItemProxy */ = {
			isa = PBXContainerItemProxy;
			containerPortal = 277E5523154A42AE002F307D /* Project object */;
			proxyType = 1;
			remoteGlobalIDString = 277E552B154A42AF002F307D;
			remoteInfo = IntAirActStaticIOS;
		};
		2793658515568EEA00513FD1 /* PBXContainerItemProxy */ = {
			isa = PBXContainerItemProxy;
			containerPortal = 277E5523154A42AE002F307D /* Project object */;
			proxyType = 1;
			remoteGlobalIDString = 277E5548154A4384002F307D;
			remoteInfo = IntAirActOSX;
		};
		27EF2FDF154A7F9B003D7F41 /* PBXContainerItemProxy */ = {
			isa = PBXContainerItemProxy;
			containerPortal = 27EF2FD2154A7F9A003D7F41 /* RestKit+Blocks.xcodeproj */;
			proxyType = 2;
			remoteGlobalIDString = 2777B4A9154A372B0027576D;
			remoteInfo = "RestKit+BlocksStaticIOS";
		};
		27EF2FE1154A7F9B003D7F41 /* PBXContainerItemProxy */ = {
			isa = PBXContainerItemProxy;
			containerPortal = 27EF2FD2154A7F9A003D7F41 /* RestKit+Blocks.xcodeproj */;
			proxyType = 2;
			remoteGlobalIDString = 27530875154A38260060D886;
			remoteInfo = "RestKit+BlocksOSX";
		};
		27EF2FFD154A7FA8003D7F41 /* PBXContainerItemProxy */ = {
			isa = PBXContainerItemProxy;
			containerPortal = 27EF2FE8154A7FA7003D7F41 /* RoutingHTTPServer.xcodeproj */;
			proxyType = 2;
			remoteGlobalIDString = 27D36461154A091D002833C1;
			remoteInfo = RoutingHTTPServerStaticIOS;
		};
		27EF2FFF154A7FA8003D7F41 /* PBXContainerItemProxy */ = {
			isa = PBXContainerItemProxy;
			containerPortal = 27EF2FE8154A7FA7003D7F41 /* RoutingHTTPServer.xcodeproj */;
			proxyType = 2;
			remoteGlobalIDString = 27D3648C154A0A4C002833C1;
			remoteInfo = RoutingHTTPServerOSX;
		};
		27EF3003154A7FB3003D7F41 /* PBXContainerItemProxy */ = {
			isa = PBXContainerItemProxy;
			containerPortal = 27EF2FD2154A7F9A003D7F41 /* RestKit+Blocks.xcodeproj */;
			proxyType = 1;
			remoteGlobalIDString = 2777B4A8154A372B0027576D;
			remoteInfo = "RestKit+BlocksStaticIOS";
		};
		27EF3005154A7FB3003D7F41 /* PBXContainerItemProxy */ = {
			isa = PBXContainerItemProxy;
			containerPortal = 27EF2FE8154A7FA7003D7F41 /* RoutingHTTPServer.xcodeproj */;
			proxyType = 1;
			remoteGlobalIDString = 27D36460154A091D002833C1;
			remoteInfo = RoutingHTTPServerStaticIOS;
		};
		27EF3011154A7FC8003D7F41 /* PBXContainerItemProxy */ = {
			isa = PBXContainerItemProxy;
			containerPortal = 27EF2FD2154A7F9A003D7F41 /* RestKit+Blocks.xcodeproj */;
			proxyType = 1;
			remoteGlobalIDString = 27530874154A38260060D886;
			remoteInfo = "RestKit+BlocksOSX";
		};
		27EF3013154A7FC8003D7F41 /* PBXContainerItemProxy */ = {
			isa = PBXContainerItemProxy;
			containerPortal = 27EF2FE8154A7FA7003D7F41 /* RoutingHTTPServer.xcodeproj */;
			proxyType = 1;
			remoteGlobalIDString = 27D3648B154A0A4C002833C1;
			remoteInfo = RoutingHTTPServerOSX;
		};
		27EF32A9154A98AF003D7F41 /* PBXContainerItemProxy */ = {
			isa = PBXContainerItemProxy;
			containerPortal = 27EF2FD2154A7F9A003D7F41 /* RestKit+Blocks.xcodeproj */;
			proxyType = 1;
			remoteGlobalIDString = 27530869154A37F40060D886;
			remoteInfo = "RestKit+BlocksIOS";
		};
		27EF32AB154A98AF003D7F41 /* PBXContainerItemProxy */ = {
			isa = PBXContainerItemProxy;
			containerPortal = 27EF2FE8154A7FA7003D7F41 /* RoutingHTTPServer.xcodeproj */;
			proxyType = 1;
			remoteGlobalIDString = 27D36472154A09CB002833C1;
			remoteInfo = RoutingHTTPServerIOS;
		};
/* End PBXContainerItemProxy section */

/* Begin PBXFileReference section */
		274A48A715508D97000DFAF9 /* IntAirAct.h */ = {isa = PBXFileReference; fileEncoding = 4; lastKnownFileType = sourcecode.c.h; name = IntAirAct.h; path = IntAirAct/IntAirAct.h; sourceTree = SOURCE_ROOT; };
		274A48AA15508DA1000DFAF9 /* IARouteRequest+BodyAsString.h */ = {isa = PBXFileReference; fileEncoding = 4; lastKnownFileType = sourcecode.c.h; name = "IARouteRequest+BodyAsString.h"; path = "IntAirAct/IARouteRequest+BodyAsString.h"; sourceTree = SOURCE_ROOT; };
		274A48AB15508DA1000DFAF9 /* IARouteRequest+BodyAsString.m */ = {isa = PBXFileReference; fileEncoding = 4; lastKnownFileType = sourcecode.c.objc; name = "IARouteRequest+BodyAsString.m"; path = "IntAirAct/IARouteRequest+BodyAsString.m"; sourceTree = SOURCE_ROOT; };
		274A48AC15508DA1000DFAF9 /* IARouteResponse+Serializer.h */ = {isa = PBXFileReference; fileEncoding = 4; lastKnownFileType = sourcecode.c.h; name = "IARouteResponse+Serializer.h"; path = "IntAirAct/IARouteResponse+Serializer.h"; sourceTree = SOURCE_ROOT; };
		274A48AD15508DA1000DFAF9 /* IARouteResponse+Serializer.m */ = {isa = PBXFileReference; fileEncoding = 4; lastKnownFileType = sourcecode.c.objc; name = "IARouteResponse+Serializer.m"; path = "IntAirAct/IARouteResponse+Serializer.m"; sourceTree = SOURCE_ROOT; };
		274A48B615508DAC000DFAF9 /* IAIntAirAct.h */ = {isa = PBXFileReference; fileEncoding = 4; lastKnownFileType = sourcecode.c.h; name = IAIntAirAct.h; path = IntAirAct/IAIntAirAct.h; sourceTree = SOURCE_ROOT; };
		274A48B715508DAC000DFAF9 /* IAIntAirAct.m */ = {isa = PBXFileReference; fileEncoding = 4; lastKnownFileType = sourcecode.c.objc; name = IAIntAirAct.m; path = IntAirAct/IAIntAirAct.m; sourceTree = SOURCE_ROOT; };
		274A48B815508DAC000DFAF9 /* IALogging.h */ = {isa = PBXFileReference; fileEncoding = 4; lastKnownFileType = sourcecode.c.h; name = IALogging.h; path = IntAirAct/IALogging.h; sourceTree = SOURCE_ROOT; };
		274A48BF15508DB9000DFAF9 /* IAAction.h */ = {isa = PBXFileReference; fileEncoding = 4; lastKnownFileType = sourcecode.c.h; name = IAAction.h; path = IntAirAct/IAAction.h; sourceTree = SOURCE_ROOT; };
		274A48C015508DB9000DFAF9 /* IAAction.m */ = {isa = PBXFileReference; fileEncoding = 4; lastKnownFileType = sourcecode.c.objc; name = IAAction.m; path = IntAirAct/IAAction.m; sourceTree = SOURCE_ROOT; };
		274A48C115508DB9000DFAF9 /* IADevice.h */ = {isa = PBXFileReference; fileEncoding = 4; lastKnownFileType = sourcecode.c.h; name = IADevice.h; path = IntAirAct/IADevice.h; sourceTree = SOURCE_ROOT; };
		274A48C215508DB9000DFAF9 /* IADevice.m */ = {isa = PBXFileReference; fileEncoding = 4; lastKnownFileType = sourcecode.c.objc; name = IADevice.m; path = IntAirAct/IADevice.m; sourceTree = SOURCE_ROOT; };
		274A48CB15508DEB000DFAF9 /* IntAirActTests.h */ = {isa = PBXFileReference; fileEncoding = 4; lastKnownFileType = sourcecode.c.h; name = IntAirActTests.h; path = IntAirActTests/IntAirActTests.h; sourceTree = "<group>"; };
		274A48CC15508DEB000DFAF9 /* IntAirActTests.m */ = {isa = PBXFileReference; fileEncoding = 4; lastKnownFileType = sourcecode.c.objc; name = IntAirActTests.m; path = IntAirActTests/IntAirActTests.m; sourceTree = "<group>"; };
		274A48D115508DFD000DFAF9 /* IntAirAct-Info.plist */ = {isa = PBXFileReference; fileEncoding = 4; lastKnownFileType = text.plist.xml; path = "IntAirAct-Info.plist"; sourceTree = SOURCE_ROOT; };
		274A48D215508DFD000DFAF9 /* IntAirAct-Prefix.pch */ = {isa = PBXFileReference; fileEncoding = 4; lastKnownFileType = sourcecode.c.h; path = "IntAirAct-Prefix.pch"; sourceTree = SOURCE_ROOT; };
		275CE725155C3C4A00FECE59 /* CocoaLumberjack.framework */ = {isa = PBXFileReference; lastKnownFileType = wrapper.framework; name = CocoaLumberjack.framework; path = "../../../../Library/Developer/Xcode/DerivedData/IntAirAct-hcyhvpvyiwauwoawsknaxhpsnvlg/Build/Products/Debug-iphoneos/CocoaLumberjack.framework"; sourceTree = "<group>"; };
		2762B947155B2BDD0042EECC /* IANumber.h */ = {isa = PBXFileReference; fileEncoding = 4; lastKnownFileType = sourcecode.c.h; name = IANumber.h; path = IntAirActTests/IANumber.h; sourceTree = "<group>"; };
		2762B948155B2BDD0042EECC /* IANumber.m */ = {isa = PBXFileReference; fileEncoding = 4; lastKnownFileType = sourcecode.c.objc; name = IANumber.m; path = IntAirActTests/IANumber.m; sourceTree = "<group>"; };
		276ED16C1556541500C4702F /* IACapability.h */ = {isa = PBXFileReference; fileEncoding = 4; lastKnownFileType = sourcecode.c.h; path = IACapability.h; sourceTree = "<group>"; };
		276ED16D1556541500C4702F /* IACapability.m */ = {isa = PBXFileReference; fileEncoding = 4; lastKnownFileType = sourcecode.c.objc; path = IACapability.m; sourceTree = "<group>"; };
		277E552C154A42AF002F307D /* libIntAirAct.a */ = {isa = PBXFileReference; explicitFileType = archive.ar; includeInIndex = 0; path = libIntAirAct.a; sourceTree = BUILT_PRODUCTS_DIR; };
		277E552F154A42AF002F307D /* Foundation.framework */ = {isa = PBXFileReference; lastKnownFileType = wrapper.framework; name = Foundation.framework; path = System/Library/Frameworks/Foundation.framework; sourceTree = SDKROOT; };
		277E5549154A4384002F307D /* IntAirAct.framework */ = {isa = PBXFileReference; explicitFileType = wrapper.framework; includeInIndex = 0; path = IntAirAct.framework; sourceTree = BUILT_PRODUCTS_DIR; };
		2793654A15568D0700513FD1 /* libCocoaAsyncSocket.a */ = {isa = PBXFileReference; lastKnownFileType = archive.ar; name = libCocoaAsyncSocket.a; path = "../../../../Library/Developer/Xcode/DerivedData/IntAirAct-hcyhvpvyiwauwoawsknaxhpsnvlg/Build/Products/Debug-iphoneos/libCocoaAsyncSocket.a"; sourceTree = "<group>"; };
		2793654B15568D0700513FD1 /* libCocoaHTTPServer.a */ = {isa = PBXFileReference; lastKnownFileType = archive.ar; name = libCocoaHTTPServer.a; path = "../../../../Library/Developer/Xcode/DerivedData/IntAirAct-hcyhvpvyiwauwoawsknaxhpsnvlg/Build/Products/Debug-iphoneos/libCocoaHTTPServer.a"; sourceTree = "<group>"; };
		2793654C15568D0700513FD1 /* libCocoaLumberjack.a */ = {isa = PBXFileReference; lastKnownFileType = archive.ar; name = libCocoaLumberjack.a; path = "../../../../Library/Developer/Xcode/DerivedData/IntAirAct-hcyhvpvyiwauwoawsknaxhpsnvlg/Build/Products/Debug-iphoneos/libCocoaLumberjack.a"; sourceTree = "<group>"; };
		2793654D15568D0700513FD1 /* libRestKit.a */ = {isa = PBXFileReference; lastKnownFileType = archive.ar; name = libRestKit.a; path = "../../../../Library/Developer/Xcode/DerivedData/IntAirAct-hcyhvpvyiwauwoawsknaxhpsnvlg/Build/Products/Debug-iphoneos/libRestKit.a"; sourceTree = "<group>"; };
		2793655215568D1100513FD1 /* Security.framework */ = {isa = PBXFileReference; lastKnownFileType = wrapper.framework; name = Security.framework; path = System/Library/Frameworks/Security.framework; sourceTree = SDKROOT; };
		2793655415568D1800513FD1 /* CFNetwork.framework */ = {isa = PBXFileReference; lastKnownFileType = wrapper.framework; name = CFNetwork.framework; path = System/Library/Frameworks/CFNetwork.framework; sourceTree = SDKROOT; };
		2793655615568D2400513FD1 /* CoreData.framework */ = {isa = PBXFileReference; lastKnownFileType = wrapper.framework; name = CoreData.framework; path = System/Library/Frameworks/CoreData.framework; sourceTree = SDKROOT; };
		2793655815568D2D00513FD1 /* MobileCoreServices.framework */ = {isa = PBXFileReference; lastKnownFileType = wrapper.framework; name = MobileCoreServices.framework; path = System/Library/Frameworks/MobileCoreServices.framework; sourceTree = SDKROOT; };
		2793655A15568D3500513FD1 /* SystemConfiguration.framework */ = {isa = PBXFileReference; lastKnownFileType = wrapper.framework; name = SystemConfiguration.framework; path = System/Library/Frameworks/SystemConfiguration.framework; sourceTree = SDKROOT; };
		2793655C15568D4100513FD1 /* CoreGraphics.framework */ = {isa = PBXFileReference; lastKnownFileType = wrapper.framework; name = CoreGraphics.framework; path = System/Library/Frameworks/CoreGraphics.framework; sourceTree = SDKROOT; };
		2793658315568D8200513FD1 /* QuartzCore.framework */ = {isa = PBXFileReference; lastKnownFileType = wrapper.framework; name = QuartzCore.framework; path = System/Library/Frameworks/QuartzCore.framework; sourceTree = SDKROOT; };
		27A8ABDC15568861001104E9 /* AppKit.framework */ = {isa = PBXFileReference; lastKnownFileType = wrapper.framework; name = AppKit.framework; path = Platforms/MacOSX.platform/Developer/SDKs/MacOSX10.7.sdk/System/Library/Frameworks/AppKit.framework; sourceTree = DEVELOPER_DIR; };
		27EF2FD2154A7F9A003D7F41 /* RestKit+Blocks.xcodeproj */ = {isa = PBXFileReference; lastKnownFileType = "wrapper.pb-project"; name = "RestKit+Blocks.xcodeproj"; path = "Frameworks/RestKitBlocks/RestKit+Blocks.xcodeproj"; sourceTree = "<group>"; };
		27EF2FE8154A7FA7003D7F41 /* RoutingHTTPServer.xcodeproj */ = {isa = PBXFileReference; lastKnownFileType = "wrapper.pb-project"; name = RoutingHTTPServer.xcodeproj; path = Frameworks/RoutingHTTPServer/RoutingHTTPServer.xcodeproj; sourceTree = "<group>"; };
		27EF3017154A7FD1003D7F41 /* CocoaAsyncSocket.framework */ = {isa = PBXFileReference; lastKnownFileType = wrapper.framework; name = CocoaAsyncSocket.framework; path = Frameworks/RoutingHTTPServer/Frameworks/CocoaHTTPServer/Frameworks/CocoaAsyncSocket/build/Release/CocoaAsyncSocket.framework; sourceTree = "<group>"; };
		27EF3018154A7FD1003D7F41 /* CocoaHTTPServer.framework */ = {isa = PBXFileReference; lastKnownFileType = wrapper.framework; name = CocoaHTTPServer.framework; path = Frameworks/RoutingHTTPServer/Frameworks/CocoaHTTPServer/build/Release/CocoaHTTPServer.framework; sourceTree = "<group>"; };
		27EF301A154A7FD1003D7F41 /* RestKit.framework */ = {isa = PBXFileReference; lastKnownFileType = wrapper.framework; name = RestKit.framework; path = Frameworks/RestKitBlocks/Frameworks/RestKit/build/Release/RestKit.framework; sourceTree = "<group>"; };
		27EF339A154A9E3E003D7F41 /* UIKit.framework */ = {isa = PBXFileReference; lastKnownFileType = wrapper.framework; name = UIKit.framework; path = System/Library/Frameworks/UIKit.framework; sourceTree = SDKROOT; };
		27FC6247154B36A400AA7502 /* IntAirActIOSTests.octest */ = {isa = PBXFileReference; explicitFileType = wrapper.cfbundle; includeInIndex = 0; path = IntAirActIOSTests.octest; sourceTree = BUILT_PRODUCTS_DIR; };
		27FC6248154B36A400AA7502 /* SenTestingKit.framework */ = {isa = PBXFileReference; lastKnownFileType = wrapper.framework; name = SenTestingKit.framework; path = Library/Frameworks/SenTestingKit.framework; sourceTree = DEVELOPER_DIR; };
		27FC625F154B36AD00AA7502 /* IntAirActOSXTests.octest */ = {isa = PBXFileReference; explicitFileType = wrapper.cfbundle; includeInIndex = 0; path = IntAirActOSXTests.octest; sourceTree = BUILT_PRODUCTS_DIR; };
		27FC6261154B36AE00AA7502 /* Cocoa.framework */ = {isa = PBXFileReference; lastKnownFileType = wrapper.framework; name = Cocoa.framework; path = Library/Frameworks/Cocoa.framework; sourceTree = DEVELOPER_DIR; };
		27FC6264154B36AE00AA7502 /* AppKit.framework */ = {isa = PBXFileReference; lastKnownFileType = wrapper.framework; name = AppKit.framework; path = Library/Frameworks/AppKit.framework; sourceTree = SDKROOT; };
		27FC6265154B36AE00AA7502 /* CoreData.framework */ = {isa = PBXFileReference; lastKnownFileType = wrapper.framework; name = CoreData.framework; path = Library/Frameworks/CoreData.framework; sourceTree = SDKROOT; };
		27FC6266154B36AE00AA7502 /* Foundation.framework */ = {isa = PBXFileReference; lastKnownFileType = wrapper.framework; name = Foundation.framework; path = Library/Frameworks/Foundation.framework; sourceTree = SDKROOT; };
/* End PBXFileReference section */

/* Begin PBXFrameworksBuildPhase section */
		277E5529154A42AF002F307D /* Frameworks */ = {
			isa = PBXFrameworksBuildPhase;
			buildActionMask = 2147483647;
			files = (
				277E5530154A42AF002F307D /* Foundation.framework in Frameworks */,
			);
			runOnlyForDeploymentPostprocessing = 0;
		};
		277E5545154A4384002F307D /* Frameworks */ = {
			isa = PBXFrameworksBuildPhase;
			buildActionMask = 2147483647;
			files = (
				275CE726155C3C4A00FECE59 /* CocoaLumberjack.framework in Frameworks */,
				27A8ABDD15568861001104E9 /* AppKit.framework in Frameworks */,
				27EF301B154A7FD1003D7F41 /* CocoaAsyncSocket.framework in Frameworks */,
				27EF301C154A7FD1003D7F41 /* CocoaHTTPServer.framework in Frameworks */,
				27EF301F154A8066003D7F41 /* Foundation.framework in Frameworks */,
				27EF301E154A7FD1003D7F41 /* RestKit.framework in Frameworks */,
				27EF3015154A7FD1003D7F41 /* RestKit+Blocks.framework in Frameworks */,
				27EF3016154A7FD1003D7F41 /* RoutingHTTPServer.framework in Frameworks */,
			);
			runOnlyForDeploymentPostprocessing = 0;
		};
		27FC6243154B36A400AA7502 /* Frameworks */ = {
			isa = PBXFrameworksBuildPhase;
			buildActionMask = 2147483647;
			files = (
				2793655515568D1800513FD1 /* CFNetwork.framework in Frameworks */,
				2793655715568D2400513FD1 /* CoreData.framework in Frameworks */,
				2793655D15568D4100513FD1 /* CoreGraphics.framework in Frameworks */,
				2793654E15568D0700513FD1 /* libCocoaAsyncSocket.a in Frameworks */,
				2793654F15568D0700513FD1 /* libCocoaHTTPServer.a in Frameworks */,
				2793655015568D0700513FD1 /* libCocoaLumberjack.a in Frameworks */,
				2793654715568CFF00513FD1 /* libIntAirAct.a in Frameworks */,
				2793655115568D0700513FD1 /* libRestKit.a in Frameworks */,
				2793654815568D0700513FD1 /* libRestKit+Blocks.a in Frameworks */,
				2793654915568D0700513FD1 /* libRoutingHTTPServer.a in Frameworks */,
				27FC624B154B36A400AA7502 /* Foundation.framework in Frameworks */,
				2793655915568D2D00513FD1 /* MobileCoreServices.framework in Frameworks */,
				2793658415568D8200513FD1 /* QuartzCore.framework in Frameworks */,
				2793655315568D1100513FD1 /* Security.framework in Frameworks */,
				27FC6249154B36A400AA7502 /* SenTestingKit.framework in Frameworks */,
				2793655B15568D3500513FD1 /* SystemConfiguration.framework in Frameworks */,
				27FC624A154B36A400AA7502 /* UIKit.framework in Frameworks */,
			);
			runOnlyForDeploymentPostprocessing = 0;
		};
		27FC625B154B36AD00AA7502 /* Frameworks */ = {
			isa = PBXFrameworksBuildPhase;
			buildActionMask = 2147483647;
			files = (
				27157F79155DBF07002F34C1 /* RestKit.framework in Frameworks */,
				2719EA47155D6D8B009032A1 /* CocoaLumberjack.framework in Frameworks */,
				2719EA46155D6D86009032A1 /* IntAirAct.framework in Frameworks */,
				27FC6260154B36AE00AA7502 /* SenTestingKit.framework in Frameworks */,
				27FC6262154B36AE00AA7502 /* Cocoa.framework in Frameworks */,
			);
			runOnlyForDeploymentPostprocessing = 0;
		};
/* End PBXFrameworksBuildPhase section */

/* Begin PBXGroup section */
		277E5521154A42AE002F307D = {
			isa = PBXGroup;
			children = (
				277E5531154A42AF002F307D /* IntAirAct */,
				27FC6274154B374700AA7502 /* IntAirActTests */,
				277E5532154A42AF002F307D /* Supporting Files */,
				277E552E154A42AF002F307D /* Frameworks */,
				277E552D154A42AF002F307D /* Products */,
			);
			sourceTree = "<group>";
		};
		277E552D154A42AF002F307D /* Products */ = {
			isa = PBXGroup;
			children = (
				277E552C154A42AF002F307D /* libIntAirAct.a */,
				277E5549154A4384002F307D /* IntAirAct.framework */,
				27FC6247154B36A400AA7502 /* IntAirActIOSTests.octest */,
				27FC625F154B36AD00AA7502 /* IntAirActOSXTests.octest */,
			);
			name = Products;
			sourceTree = "<group>";
		};
		277E552E154A42AF002F307D /* Frameworks */ = {
			isa = PBXGroup;
			children = (
				27EF2FD2154A7F9A003D7F41 /* RestKit+Blocks.xcodeproj */,
				27EF2FE8154A7FA7003D7F41 /* RoutingHTTPServer.xcodeproj */,
				27A8ABDC15568861001104E9 /* AppKit.framework */,
				2793655415568D1800513FD1 /* CFNetwork.framework */,
				27EF3017154A7FD1003D7F41 /* CocoaAsyncSocket.framework */,
				27EF3018154A7FD1003D7F41 /* CocoaHTTPServer.framework */,
				275CE725155C3C4A00FECE59 /* CocoaLumberjack.framework */,
				2793655615568D2400513FD1 /* CoreData.framework */,
				2793655C15568D4100513FD1 /* CoreGraphics.framework */,
				277E552F154A42AF002F307D /* Foundation.framework */,
				2793654A15568D0700513FD1 /* libCocoaAsyncSocket.a */,
				2793654B15568D0700513FD1 /* libCocoaHTTPServer.a */,
				2793654C15568D0700513FD1 /* libCocoaLumberjack.a */,
				2793654D15568D0700513FD1 /* libRestKit.a */,
				2793655815568D2D00513FD1 /* MobileCoreServices.framework */,
				2793658315568D8200513FD1 /* QuartzCore.framework */,
				27EF301A154A7FD1003D7F41 /* RestKit.framework */,
				2793655215568D1100513FD1 /* Security.framework */,
				27FC6248154B36A400AA7502 /* SenTestingKit.framework */,
				2793655A15568D3500513FD1 /* SystemConfiguration.framework */,
				27EF339A154A9E3E003D7F41 /* UIKit.framework */,
				27FC6261154B36AE00AA7502 /* Cocoa.framework */,
				27FC6263154B36AE00AA7502 /* Other Frameworks */,
			);
			name = Frameworks;
			sourceTree = "<group>";
		};
		277E5531154A42AF002F307D /* IntAirAct */ = {
			isa = PBXGroup;
			children = (
				27EF3391154A9CE8003D7F41 /* Server */,
				27EF3390154A9CE2003D7F41 /* Shared */,
				27EF338F154A9CD3003D7F41 /* Model */,
				274A48B615508DAC000DFAF9 /* IAIntAirAct.h */,
				274A48B715508DAC000DFAF9 /* IAIntAirAct.m */,
				274A48A715508D97000DFAF9 /* IntAirAct.h */,
			);
			path = IntAirAct;
			sourceTree = "<group>";
		};
		277E5532154A42AF002F307D /* Supporting Files */ = {
			isa = PBXGroup;
			children = (
				274A48D115508DFD000DFAF9 /* IntAirAct-Info.plist */,
				274A48D215508DFD000DFAF9 /* IntAirAct-Prefix.pch */,
			);
			name = "Supporting Files";
			path = IntAirAct;
			sourceTree = "<group>";
		};
		27EF2FD3154A7F9A003D7F41 /* Products */ = {
			isa = PBXGroup;
			children = (
				27EF2FE0154A7F9B003D7F41 /* libRestKit+Blocks.a */,
				27EF2FE2154A7F9B003D7F41 /* RestKit+Blocks.framework */,
				27157F71155DBB46002F34C1 /* RestKit+BlocksOSXTests.octest */,
				27157F73155DBB46002F34C1 /* RestKit+BlocksIOSTests.octest */,
			);
			name = Products;
			sourceTree = "<group>";
		};
		27EF2FE9154A7FA7003D7F41 /* Products */ = {
			isa = PBXGroup;
			children = (
				27EF2FFE154A7FA8003D7F41 /* libRoutingHTTPServer.a */,
				27EF3000154A7FA8003D7F41 /* RoutingHTTPServer.framework */,
				278C8B3B154B447D007D4542 /* RoutingHTTPServerOSXTests.octest */,
				278C8B3D154B447D007D4542 /* RoutingHTTPServerIOSTests.octest */,
			);
			name = Products;
			sourceTree = "<group>";
		};
		27EF338F154A9CD3003D7F41 /* Model */ = {
			isa = PBXGroup;
			children = (
				274A48BF15508DB9000DFAF9 /* IAAction.h */,
				274A48C015508DB9000DFAF9 /* IAAction.m */,
				276ED16C1556541500C4702F /* IACapability.h */,
				276ED16D1556541500C4702F /* IACapability.m */,
				274A48C115508DB9000DFAF9 /* IADevice.h */,
				274A48C215508DB9000DFAF9 /* IADevice.m */,
			);
			name = Model;
			sourceTree = "<group>";
		};
		27EF3390154A9CE2003D7F41 /* Shared */ = {
			isa = PBXGroup;
			children = (
				274A48B815508DAC000DFAF9 /* IALogging.h */,
			);
			name = Shared;
			sourceTree = "<group>";
		};
		27EF3391154A9CE8003D7F41 /* Server */ = {
			isa = PBXGroup;
			children = (
				274A48AA15508DA1000DFAF9 /* IARouteRequest+BodyAsString.h */,
				274A48AB15508DA1000DFAF9 /* IARouteRequest+BodyAsString.m */,
				274A48AC15508DA1000DFAF9 /* IARouteResponse+Serializer.h */,
				274A48AD15508DA1000DFAF9 /* IARouteResponse+Serializer.m */,
			);
			name = Server;
			sourceTree = "<group>";
		};
		27FC6263154B36AE00AA7502 /* Other Frameworks */ = {
			isa = PBXGroup;
			children = (
				27FC6264154B36AE00AA7502 /* AppKit.framework */,
				27FC6265154B36AE00AA7502 /* CoreData.framework */,
				27FC6266154B36AE00AA7502 /* Foundation.framework */,
			);
			name = "Other Frameworks";
			sourceTree = "<group>";
		};
		27FC6274154B374700AA7502 /* IntAirActTests */ = {
			isa = PBXGroup;
			children = (
				274A48CB15508DEB000DFAF9 /* IntAirActTests.h */,
				274A48CC15508DEB000DFAF9 /* IntAirActTests.m */,
				2762B947155B2BDD0042EECC /* IANumber.h */,
				2762B948155B2BDD0042EECC /* IANumber.m */,
			);
			name = IntAirActTests;
			sourceTree = "<group>";
		};
/* End PBXGroup section */

/* Begin PBXHeadersBuildPhase section */
		277E552A154A42AF002F307D /* Headers */ = {
			isa = PBXHeadersBuildPhase;
			buildActionMask = 2147483647;
			files = (
				274A48AE15508DA1000DFAF9 /* IARouteRequest+BodyAsString.h in Headers */,
				274A48B215508DA1000DFAF9 /* IARouteResponse+Serializer.h in Headers */,
				274A48B915508DAC000DFAF9 /* IAIntAirAct.h in Headers */,
				276ED16E1556541500C4702F /* IACapability.h in Headers */,
				274A48BD15508DAC000DFAF9 /* IALogging.h in Headers */,
				274A48C315508DB9000DFAF9 /* IAAction.h in Headers */,
				274A48C715508DB9000DFAF9 /* IADevice.h in Headers */,
				274A48F415508F1B000DFAF9 /* IntAirAct.h in Headers */,
				274A48D415508DFD000DFAF9 /* IntAirAct-Prefix.pch in Headers */,
			);
			runOnlyForDeploymentPostprocessing = 0;
		};
		277E5546154A4384002F307D /* Headers */ = {
			isa = PBXHeadersBuildPhase;
			buildActionMask = 2147483647;
			files = (
				274A48A915508D97000DFAF9 /* IntAirAct.h in Headers */,
				274A48AF15508DA1000DFAF9 /* IARouteRequest+BodyAsString.h in Headers */,
				274A48B315508DA1000DFAF9 /* IARouteResponse+Serializer.h in Headers */,
				274A48BA15508DAC000DFAF9 /* IAIntAirAct.h in Headers */,
				274A48BE15508DAC000DFAF9 /* IALogging.h in Headers */,
				274A48C415508DB9000DFAF9 /* IAAction.h in Headers */,
				276ED16F1556541500C4702F /* IACapability.h in Headers */,
				274A48C815508DB9000DFAF9 /* IADevice.h in Headers */,
				274A48D515508DFD000DFAF9 /* IntAirAct-Prefix.pch in Headers */,
			);
			runOnlyForDeploymentPostprocessing = 0;
		};
/* End PBXHeadersBuildPhase section */

/* Begin PBXNativeTarget section */
		277E552B154A42AF002F307D /* IntAirActStaticIOS */ = {
			isa = PBXNativeTarget;
			buildConfigurationList = 277E5539154A42AF002F307D /* Build configuration list for PBXNativeTarget "IntAirActStaticIOS" */;
			buildPhases = (
				277E5528154A42AF002F307D /* Sources */,
				277E5529154A42AF002F307D /* Frameworks */,
				277E552A154A42AF002F307D /* Headers */,
				277E553C154A4302002F307D /* Prepare Framework */,
			);
			buildRules = (
			);
			dependencies = (
				27EF3004154A7FB3003D7F41 /* PBXTargetDependency */,
				27EF3006154A7FB3003D7F41 /* PBXTargetDependency */,
			);
			name = IntAirActStaticIOS;
			productName = IntAirAct;
			productReference = 277E552C154A42AF002F307D /* libIntAirAct.a */;
			productType = "com.apple.product-type.library.static";
		};
		277E5548154A4384002F307D /* IntAirActOSX */ = {
			isa = PBXNativeTarget;
			buildConfigurationList = 277E555A154A4385002F307D /* Build configuration list for PBXNativeTarget "IntAirActOSX" */;
			buildPhases = (
				277E5544154A4384002F307D /* Sources */,
				277E5545154A4384002F307D /* Frameworks */,
				277E5546154A4384002F307D /* Headers */,
				277E5547154A4384002F307D /* Resources */,
			);
			buildRules = (
			);
			dependencies = (
				27EF3012154A7FC8003D7F41 /* PBXTargetDependency */,
				27EF3014154A7FC8003D7F41 /* PBXTargetDependency */,
			);
			name = IntAirActOSX;
			productName = IntAirActOSX;
			productReference = 277E5549154A4384002F307D /* IntAirAct.framework */;
			productType = "com.apple.product-type.framework";
		};
		27FC6246154B36A400AA7502 /* IntAirActIOSTests */ = {
			isa = PBXNativeTarget;
			buildConfigurationList = 27FC6258154B36A500AA7502 /* Build configuration list for PBXNativeTarget "IntAirActIOSTests" */;
			buildPhases = (
				27FC6242154B36A400AA7502 /* Sources */,
				27FC6243154B36A400AA7502 /* Frameworks */,
				27FC6244154B36A400AA7502 /* Resources */,
				27FC6245154B36A400AA7502 /* ShellScript */,
			);
			buildRules = (
			);
			dependencies = (
				2793654615568CEA00513FD1 /* PBXTargetDependency */,
			);
			name = IntAirActIOSTests;
			productName = IntAirActIOSTests;
			productReference = 27FC6247154B36A400AA7502 /* IntAirActIOSTests.octest */;
			productType = "com.apple.product-type.bundle";
		};
		27FC625E154B36AD00AA7502 /* IntAirActOSXTests */ = {
			isa = PBXNativeTarget;
			buildConfigurationList = 27FC6271154B36AE00AA7502 /* Build configuration list for PBXNativeTarget "IntAirActOSXTests" */;
			buildPhases = (
				27FC625A154B36AD00AA7502 /* Sources */,
				27FC625B154B36AD00AA7502 /* Frameworks */,
				27FC625C154B36AD00AA7502 /* Resources */,
				27FC625D154B36AD00AA7502 /* ShellScript */,
			);
			buildRules = (
			);
			dependencies = (
				2793658615568EEA00513FD1 /* PBXTargetDependency */,
			);
			name = IntAirActOSXTests;
			productName = IntAirActOSXTests;
			productReference = 27FC625F154B36AD00AA7502 /* IntAirActOSXTests.octest */;
			productType = "com.apple.product-type.bundle";
		};
/* End PBXNativeTarget section */

/* Begin PBXProject section */
		277E5523154A42AE002F307D /* Project object */ = {
			isa = PBXProject;
			attributes = {
				LastUpgradeCheck = 0430;
			};
			buildConfigurationList = 277E5526154A42AE002F307D /* Build configuration list for PBXProject "IntAirAct" */;
			compatibilityVersion = "Xcode 3.2";
			developmentRegion = English;
			hasScannedForEncodings = 0;
			knownRegions = (
				en,
			);
			mainGroup = 277E5521154A42AE002F307D;
			productRefGroup = 277E552D154A42AF002F307D /* Products */;
			projectDirPath = "";
			projectReferences = (
				{
					ProductGroup = 27EF2FD3154A7F9A003D7F41 /* Products */;
					ProjectRef = 27EF2FD2154A7F9A003D7F41 /* RestKit+Blocks.xcodeproj */;
				},
				{
					ProductGroup = 27EF2FE9154A7FA7003D7F41 /* Products */;
					ProjectRef = 27EF2FE8154A7FA7003D7F41 /* RoutingHTTPServer.xcodeproj */;
				},
			);
			projectRoot = "";
			targets = (
				277E552B154A42AF002F307D /* IntAirActStaticIOS */,
				277E553D154A430E002F307D /* IntAirActIOS */,
				277E5548154A4384002F307D /* IntAirActOSX */,
				27FC6246154B36A400AA7502 /* IntAirActIOSTests */,
				27FC625E154B36AD00AA7502 /* IntAirActOSXTests */,
			);
		};
/* End PBXProject section */

/* Begin PBXReferenceProxy section */
		27157F71155DBB46002F34C1 /* RestKit+BlocksOSXTests.octest */ = {
			isa = PBXReferenceProxy;
			fileType = wrapper.cfbundle;
			path = "RestKit+BlocksOSXTests.octest";
			remoteRef = 27157F70155DBB46002F34C1 /* PBXContainerItemProxy */;
			sourceTree = BUILT_PRODUCTS_DIR;
		};
		27157F73155DBB46002F34C1 /* RestKit+BlocksIOSTests.octest */ = {
			isa = PBXReferenceProxy;
			fileType = wrapper.cfbundle;
			path = "RestKit+BlocksIOSTests.octest";
			remoteRef = 27157F72155DBB46002F34C1 /* PBXContainerItemProxy */;
			sourceTree = BUILT_PRODUCTS_DIR;
		};
		278C8B3B154B447D007D4542 /* RoutingHTTPServerOSXTests.octest */ = {
			isa = PBXReferenceProxy;
			fileType = wrapper.cfbundle;
			path = RoutingHTTPServerOSXTests.octest;
			remoteRef = 278C8B3A154B447D007D4542 /* PBXContainerItemProxy */;
			sourceTree = BUILT_PRODUCTS_DIR;
		};
		278C8B3D154B447D007D4542 /* RoutingHTTPServerIOSTests.octest */ = {
			isa = PBXReferenceProxy;
			fileType = wrapper.cfbundle;
			path = RoutingHTTPServerIOSTests.octest;
			remoteRef = 278C8B3C154B447D007D4542 /* PBXContainerItemProxy */;
			sourceTree = BUILT_PRODUCTS_DIR;
		};
		27EF2FE0154A7F9B003D7F41 /* libRestKit+Blocks.a */ = {
			isa = PBXReferenceProxy;
			fileType = archive.ar;
			path = "libRestKit+Blocks.a";
			remoteRef = 27EF2FDF154A7F9B003D7F41 /* PBXContainerItemProxy */;
			sourceTree = BUILT_PRODUCTS_DIR;
		};
		27EF2FE2154A7F9B003D7F41 /* RestKit+Blocks.framework */ = {
			isa = PBXReferenceProxy;
			fileType = wrapper.framework;
			path = "RestKit+Blocks.framework";
			remoteRef = 27EF2FE1154A7F9B003D7F41 /* PBXContainerItemProxy */;
			sourceTree = BUILT_PRODUCTS_DIR;
		};
		27EF2FFE154A7FA8003D7F41 /* libRoutingHTTPServer.a */ = {
			isa = PBXReferenceProxy;
			fileType = archive.ar;
			path = libRoutingHTTPServer.a;
			remoteRef = 27EF2FFD154A7FA8003D7F41 /* PBXContainerItemProxy */;
			sourceTree = BUILT_PRODUCTS_DIR;
		};
		27EF3000154A7FA8003D7F41 /* RoutingHTTPServer.framework */ = {
			isa = PBXReferenceProxy;
			fileType = wrapper.framework;
			path = RoutingHTTPServer.framework;
			remoteRef = 27EF2FFF154A7FA8003D7F41 /* PBXContainerItemProxy */;
			sourceTree = BUILT_PRODUCTS_DIR;
		};
/* End PBXReferenceProxy section */

/* Begin PBXResourcesBuildPhase section */
		277E5547154A4384002F307D /* Resources */ = {
			isa = PBXResourcesBuildPhase;
			buildActionMask = 2147483647;
			files = (
			);
			runOnlyForDeploymentPostprocessing = 0;
		};
		27FC6244154B36A400AA7502 /* Resources */ = {
			isa = PBXResourcesBuildPhase;
			buildActionMask = 2147483647;
			files = (
			);
			runOnlyForDeploymentPostprocessing = 0;
		};
		27FC625C154B36AD00AA7502 /* Resources */ = {
			isa = PBXResourcesBuildPhase;
			buildActionMask = 2147483647;
			files = (
			);
			runOnlyForDeploymentPostprocessing = 0;
		};
/* End PBXResourcesBuildPhase section */

/* Begin PBXShellScriptBuildPhase section */
		277E553C154A4302002F307D /* Prepare Framework */ = {
			isa = PBXShellScriptBuildPhase;
			buildActionMask = 2147483647;
			files = (
			);
			inputPaths = (
			);
			name = "Prepare Framework";
			outputPaths = (
			);
			runOnlyForDeploymentPostprocessing = 0;
			shellPath = /bin/sh;
			shellScript = "set -e\n\nmkdir -p \"${BUILT_PRODUCTS_DIR}/${PRODUCT_NAME}.framework/Versions/A\"\nmkdir -p \"${BUILT_PRODUCTS_DIR}/${PRODUCT_NAME}.framework/Versions/A/Headers\"\n\n# Link the \"Current\" version to \"A\"\n/bin/ln -sfh A \"${BUILT_PRODUCTS_DIR}/${PRODUCT_NAME}.framework/Versions/Current\"\n/bin/ln -sfh Versions/Current/Headers \"${BUILT_PRODUCTS_DIR}/${PRODUCT_NAME}.framework/Headers\"\n/bin/ln -sfh \"Versions/Current/${PRODUCT_NAME}\" \"${BUILT_PRODUCTS_DIR}/${PRODUCT_NAME}.framework/${PRODUCT_NAME}\"\n\n# The -a ensures that the headers maintain the source modification date so that we don't constantly\n# cause propagating rebuilds of files that import these headers.\n/bin/cp -a \"${TARGET_BUILD_DIR}/${PUBLIC_HEADERS_FOLDER_PATH}/\" \"${BUILT_PRODUCTS_DIR}/${PRODUCT_NAME}.framework/Versions/A/Headers\"\n";
		};
		277E5543154A432D002F307D /* Build Framework */ = {
			isa = PBXShellScriptBuildPhase;
			buildActionMask = 2147483647;
			files = (
			);
			inputPaths = (
			);
			name = "Build Framework";
			outputPaths = (
			);
			runOnlyForDeploymentPostprocessing = 0;
			shellPath = /bin/sh;
			shellScript = "set -e\nset +u\n# Avoid recursively calling this script.\nif [[ $SF_MASTER_SCRIPT_RUNNING ]]\nthen\nexit 0\nfi\nset -u\nexport SF_MASTER_SCRIPT_RUNNING=1\n\nSF_TARGET_NAME=${PROJECT_NAME}\nSF_EXECUTABLE_PATH=\"lib${SF_TARGET_NAME}.a\"\nSF_WRAPPER_NAME=\"${SF_TARGET_NAME}.framework\"\n\n# The following conditionals come from\n# https://github.com/kstenerud/iOS-Universal-Framework\n\nif [[ \"$SDK_NAME\" =~ ([A-Za-z]+) ]]\nthen\nSF_SDK_PLATFORM=${BASH_REMATCH[1]}\nelse\necho \"Could not find platform name from SDK_NAME: $SDK_NAME\"\nexit 1\nfi\n\nif [[ \"$SDK_NAME\" =~ ([0-9]+.*$) ]]\nthen\nSF_SDK_VERSION=${BASH_REMATCH[1]}\nelse\necho \"Could not find sdk version from SDK_NAME: $SDK_NAME\"\nexit 1\nfi\n\nif [[ \"$SF_SDK_PLATFORM\" = \"iphoneos\" ]]\nthen\nSF_OTHER_PLATFORM=iphonesimulator\nelse\nSF_OTHER_PLATFORM=iphoneos\nfi\n\nif [[ \"$BUILT_PRODUCTS_DIR\" =~ (.*)$SF_SDK_PLATFORM$ ]]\nthen\nSF_OTHER_BUILT_PRODUCTS_DIR=\"${BASH_REMATCH[1]}${SF_OTHER_PLATFORM}\"\nelse\necho \"Could not find platform name from build products directory: $BUILT_PRODUCTS_DIR\"\nexit 1\nfi\n\n# Build the other platform.\nxcodebuild -project \"${PROJECT_FILE_PATH}\" -target \"${TARGET_NAME}\" -configuration \"${CONFIGURATION}\" -sdk ${SF_OTHER_PLATFORM}${SF_SDK_VERSION} BUILD_DIR=\"${BUILD_DIR}\" OBJROOT=\"${OBJROOT}\" BUILD_ROOT=\"${BUILD_ROOT}\" SYMROOT=\"${SYMROOT}\" $ACTION\n\n# Smash the two static libraries into one fat binary and store it in the .framework\nlipo -create \"${BUILT_PRODUCTS_DIR}/${SF_EXECUTABLE_PATH}\" \"${SF_OTHER_BUILT_PRODUCTS_DIR}/${SF_EXECUTABLE_PATH}\" -output \"${BUILT_PRODUCTS_DIR}/${SF_WRAPPER_NAME}/Versions/A/${SF_TARGET_NAME}\"\n\n# Copy the binary to the other architecture folder to have a complete framework in both.\ncp -a \"${BUILT_PRODUCTS_DIR}/${SF_WRAPPER_NAME}/Versions/A/${SF_TARGET_NAME}\" \"${SF_OTHER_BUILT_PRODUCTS_DIR}/${SF_WRAPPER_NAME}/Versions/A/${SF_TARGET_NAME}\"\n";
		};
		27FC6245154B36A400AA7502 /* ShellScript */ = {
			isa = PBXShellScriptBuildPhase;
			buildActionMask = 2147483647;
			files = (
			);
			inputPaths = (
			);
			outputPaths = (
			);
			runOnlyForDeploymentPostprocessing = 0;
			shellPath = /bin/sh;
			shellScript = "# Run the unit tests in this test bundle.\n\"${SYSTEM_DEVELOPER_DIR}/Tools/RunUnitTests\"\n";
		};
		27FC625D154B36AD00AA7502 /* ShellScript */ = {
			isa = PBXShellScriptBuildPhase;
			buildActionMask = 2147483647;
			files = (
			);
			inputPaths = (
			);
			outputPaths = (
			);
			runOnlyForDeploymentPostprocessing = 0;
			shellPath = /bin/sh;
			shellScript = "# Run the unit tests in this test bundle.\n\"${SYSTEM_DEVELOPER_DIR}/Tools/RunUnitTests\"\n";
		};
/* End PBXShellScriptBuildPhase section */

/* Begin PBXSourcesBuildPhase section */
		277E5528154A42AF002F307D /* Sources */ = {
			isa = PBXSourcesBuildPhase;
			buildActionMask = 2147483647;
			files = (
				274A48B015508DA1000DFAF9 /* IARouteRequest+BodyAsString.m in Sources */,
				274A48B415508DA1000DFAF9 /* IARouteResponse+Serializer.m in Sources */,
				274A48BB15508DAC000DFAF9 /* IAIntAirAct.m in Sources */,
				274A48C515508DB9000DFAF9 /* IAAction.m in Sources */,
				274A48C915508DB9000DFAF9 /* IADevice.m in Sources */,
				276ED1701556541500C4702F /* IACapability.m in Sources */,
			);
			runOnlyForDeploymentPostprocessing = 0;
		};
		277E5544154A4384002F307D /* Sources */ = {
			isa = PBXSourcesBuildPhase;
			buildActionMask = 2147483647;
			files = (
				274A48B115508DA1000DFAF9 /* IARouteRequest+BodyAsString.m in Sources */,
				274A48B515508DA1000DFAF9 /* IARouteResponse+Serializer.m in Sources */,
				274A48BC15508DAC000DFAF9 /* IAIntAirAct.m in Sources */,
				274A48C615508DB9000DFAF9 /* IAAction.m in Sources */,
				274A48CA15508DB9000DFAF9 /* IADevice.m in Sources */,
				276ED1711556541500C4702F /* IACapability.m in Sources */,
			);
			runOnlyForDeploymentPostprocessing = 0;
		};
		27FC6242154B36A400AA7502 /* Sources */ = {
			isa = PBXSourcesBuildPhase;
			buildActionMask = 2147483647;
			files = (
				27C172601550952500BF2BFE /* IntAirActTests.m in Sources */,
				2762B949155B2BDD0042EECC /* IANumber.m in Sources */,
			);
			runOnlyForDeploymentPostprocessing = 0;
		};
		27FC625A154B36AD00AA7502 /* Sources */ = {
			isa = PBXSourcesBuildPhase;
			buildActionMask = 2147483647;
			files = (
				27C172611550952E00BF2BFE /* IntAirActTests.m in Sources */,
				2762B94A155B2BDD0042EECC /* IANumber.m in Sources */,
			);
			runOnlyForDeploymentPostprocessing = 0;
		};
/* End PBXSourcesBuildPhase section */

/* Begin PBXTargetDependency section */
		277E5542154A431C002F307D /* PBXTargetDependency */ = {
			isa = PBXTargetDependency;
			target = 277E552B154A42AF002F307D /* IntAirActStaticIOS */;
			targetProxy = 277E5541154A431C002F307D /* PBXContainerItemProxy */;
		};
		2793654615568CEA00513FD1 /* PBXTargetDependency */ = {
			isa = PBXTargetDependency;
			target = 277E552B154A42AF002F307D /* IntAirActStaticIOS */;
			targetProxy = 2793654515568CEA00513FD1 /* PBXContainerItemProxy */;
		};
		2793658615568EEA00513FD1 /* PBXTargetDependency */ = {
			isa = PBXTargetDependency;
			target = 277E5548154A4384002F307D /* IntAirActOSX */;
			targetProxy = 2793658515568EEA00513FD1 /* PBXContainerItemProxy */;
		};
		27EF3004154A7FB3003D7F41 /* PBXTargetDependency */ = {
			isa = PBXTargetDependency;
			name = "RestKit+BlocksStaticIOS";
			targetProxy = 27EF3003154A7FB3003D7F41 /* PBXContainerItemProxy */;
		};
		27EF3006154A7FB3003D7F41 /* PBXTargetDependency */ = {
			isa = PBXTargetDependency;
			name = RoutingHTTPServerStaticIOS;
			targetProxy = 27EF3005154A7FB3003D7F41 /* PBXContainerItemProxy */;
		};
		27EF3012154A7FC8003D7F41 /* PBXTargetDependency */ = {
			isa = PBXTargetDependency;
			name = "RestKit+BlocksOSX";
			targetProxy = 27EF3011154A7FC8003D7F41 /* PBXContainerItemProxy */;
		};
		27EF3014154A7FC8003D7F41 /* PBXTargetDependency */ = {
			isa = PBXTargetDependency;
			name = RoutingHTTPServerOSX;
			targetProxy = 27EF3013154A7FC8003D7F41 /* PBXContainerItemProxy */;
		};
		27EF32AA154A98AF003D7F41 /* PBXTargetDependency */ = {
			isa = PBXTargetDependency;
			name = "RestKit+BlocksIOS";
			targetProxy = 27EF32A9154A98AF003D7F41 /* PBXContainerItemProxy */;
		};
		27EF32AC154A98AF003D7F41 /* PBXTargetDependency */ = {
			isa = PBXTargetDependency;
			name = RoutingHTTPServerIOS;
			targetProxy = 27EF32AB154A98AF003D7F41 /* PBXContainerItemProxy */;
		};
/* End PBXTargetDependency section */

/* Begin XCBuildConfiguration section */
		277E5537154A42AF002F307D /* Debug */ = {
			isa = XCBuildConfiguration;
			buildSettings = {
				ALWAYS_SEARCH_USER_PATHS = NO;
				ARCHS = "$(ARCHS_STANDARD_32_BIT)";
				CLANG_ENABLE_OBJC_ARC = YES;
				COPY_PHASE_STRIP = NO;
				GCC_C_LANGUAGE_STANDARD = gnu99;
				GCC_DYNAMIC_NO_PIC = NO;
				GCC_OPTIMIZATION_LEVEL = 0;
				GCC_PREPROCESSOR_DEFINITIONS = (
					"DEBUG=1",
					"$(inherited)",
				);
				GCC_SYMBOLS_PRIVATE_EXTERN = NO;
				GCC_VERSION = com.apple.compilers.llvm.clang.1_0;
				GCC_WARN_ABOUT_RETURN_TYPE = YES;
				GCC_WARN_UNINITIALIZED_AUTOS = YES;
				GCC_WARN_UNUSED_VARIABLE = YES;
				IPHONEOS_DEPLOYMENT_TARGET = 4.0;
				SDKROOT = iphoneos;
			};
			name = Debug;
		};
		277E5538154A42AF002F307D /* Release */ = {
			isa = XCBuildConfiguration;
			buildSettings = {
				ALWAYS_SEARCH_USER_PATHS = NO;
				ARCHS = "$(ARCHS_STANDARD_32_BIT)";
				CLANG_ENABLE_OBJC_ARC = YES;
				COPY_PHASE_STRIP = YES;
				GCC_C_LANGUAGE_STANDARD = gnu99;
				GCC_VERSION = com.apple.compilers.llvm.clang.1_0;
				GCC_WARN_ABOUT_RETURN_TYPE = YES;
				GCC_WARN_UNINITIALIZED_AUTOS = YES;
				GCC_WARN_UNUSED_VARIABLE = YES;
				IPHONEOS_DEPLOYMENT_TARGET = 4.0;
				SDKROOT = iphoneos;
				VALIDATE_PRODUCT = YES;
			};
			name = Release;
		};
		277E553A154A42AF002F307D /* Debug */ = {
			isa = XCBuildConfiguration;
			buildSettings = {
				ARCHS = (
					"$(ARCHS_STANDARD_32_BIT)",
					armv6,
				);
				COPY_PHASE_STRIP = NO;
				DEAD_CODE_STRIPPING = NO;
				DSTROOT = /tmp/IntAirAct.dst;
				GCC_PRECOMPILE_PREFIX_HEADER = YES;
				GCC_PREFIX_HEADER = "IntAirAct-Prefix.pch";
				GCC_THUMB_SUPPORT = NO;
				IPHONEOS_DEPLOYMENT_TARGET = 4.0;
				ONLY_ACTIVE_ARCH = YES;
				OTHER_LDFLAGS = "-ObjC";
				PRIVATE_HEADERS_FOLDER_PATH = "$(PRODUCT_NAME)PrivateHeaders";
				PRODUCT_NAME = IntAirAct;
				PUBLIC_HEADERS_FOLDER_PATH = "$(PROJECT_NAME)Headers";
				SKIP_INSTALL = YES;
				STRIP_STYLE = "non-global";
			};
			name = Debug;
		};
		277E553B154A42AF002F307D /* Release */ = {
			isa = XCBuildConfiguration;
			buildSettings = {
				ARCHS = (
					"$(ARCHS_STANDARD_32_BIT)",
					armv6,
				);
				COPY_PHASE_STRIP = NO;
				DEAD_CODE_STRIPPING = NO;
				DSTROOT = /tmp/IntAirAct.dst;
				GCC_PRECOMPILE_PREFIX_HEADER = YES;
				GCC_PREFIX_HEADER = "IntAirAct-Prefix.pch";
				GCC_THUMB_SUPPORT = NO;
				IPHONEOS_DEPLOYMENT_TARGET = 4.0;
				OTHER_LDFLAGS = "-ObjC";
				PRIVATE_HEADERS_FOLDER_PATH = "$(PRODUCT_NAME)PrivateHeaders";
				PRODUCT_NAME = IntAirAct;
				PUBLIC_HEADERS_FOLDER_PATH = "$(PROJECT_NAME)Headers";
				SKIP_INSTALL = YES;
				STRIP_STYLE = "non-global";
			};
			name = Release;
		};
		277E553F154A430F002F307D /* Debug */ = {
			isa = XCBuildConfiguration;
			buildSettings = {
				PRODUCT_NAME = "$(PROJECT_NAME)";
			};
			name = Debug;
		};
		277E5540154A430F002F307D /* Release */ = {
			isa = XCBuildConfiguration;
			buildSettings = {
				PRODUCT_NAME = "$(PROJECT_NAME)";
			};
			name = Release;
		};
		277E555B154A4385002F307D /* Debug */ = {
			isa = XCBuildConfiguration;
			buildSettings = {
				ARCHS = "$(ARCHS_STANDARD_64_BIT)";
				DYLIB_COMPATIBILITY_VERSION = 1;
				DYLIB_CURRENT_VERSION = 1;
				FRAMEWORK_SEARCH_PATHS = (
					"$(inherited)",
					"\"$(SYSTEM_APPS_DIR)/Xcode.app/Contents/Developer/Library/Frameworks\"",
				);
				FRAMEWORK_VERSION = A;
				GCC_ENABLE_OBJC_EXCEPTIONS = YES;
				GCC_PRECOMPILE_PREFIX_HEADER = YES;
				GCC_PREFIX_HEADER = "IntAirAct-Prefix.pch";
				GCC_WARN_64_TO_32_BIT_CONVERSION = YES;
				INFOPLIST_FILE = "IntAirAct-Info.plist";
				INSTALL_PATH = "@executable_path/../Frameworks";
				MACOSX_DEPLOYMENT_TARGET = 10.6;
				ONLY_ACTIVE_ARCH = YES;
				PRODUCT_NAME = IntAirAct;
				SDKROOT = macosx;
				SKIP_INSTALL = YES;
				WRAPPER_EXTENSION = framework;
			};
			name = Debug;
		};
		277E555C154A4385002F307D /* Release */ = {
			isa = XCBuildConfiguration;
			buildSettings = {
				ARCHS = "$(ARCHS_STANDARD_64_BIT)";
				DEBUG_INFORMATION_FORMAT = "dwarf-with-dsym";
				DYLIB_COMPATIBILITY_VERSION = 1;
				DYLIB_CURRENT_VERSION = 1;
				FRAMEWORK_SEARCH_PATHS = (
					"$(inherited)",
					"\"$(SYSTEM_APPS_DIR)/Xcode.app/Contents/Developer/Library/Frameworks\"",
				);
				FRAMEWORK_VERSION = A;
				GCC_ENABLE_OBJC_EXCEPTIONS = YES;
				GCC_PRECOMPILE_PREFIX_HEADER = YES;
				GCC_PREFIX_HEADER = "IntAirAct-Prefix.pch";
				GCC_WARN_64_TO_32_BIT_CONVERSION = YES;
				INFOPLIST_FILE = "IntAirAct-Info.plist";
				INSTALL_PATH = "@executable_path/../Frameworks";
				MACOSX_DEPLOYMENT_TARGET = 10.6;
				PRODUCT_NAME = IntAirAct;
				SDKROOT = macosx;
				SKIP_INSTALL = YES;
				WRAPPER_EXTENSION = framework;
			};
			name = Release;
		};
		27FC6256154B36A400AA7502 /* Debug */ = {
			isa = XCBuildConfiguration;
			buildSettings = {
				FRAMEWORK_SEARCH_PATHS = (
					"$(SDKROOT)/Developer/Library/Frameworks",
					"$(DEVELOPER_LIBRARY_DIR)/Frameworks",
				);
				GCC_PRECOMPILE_PREFIX_HEADER = YES;
				GCC_PREFIX_HEADER = "IntAirAct-Prefix.pch";
				INFOPLIST_FILE = "IntAirAct-Info.plist";
				LIBRARY_SEARCH_PATHS = (
					"$(inherited)",
					"\"$(SRCROOT)/../../../../Library/Developer/Xcode/DerivedData/IntAirAct-hcyhvpvyiwauwoawsknaxhpsnvlg/Build/Products/Debug-iphoneos\"",
				);
				OTHER_LDFLAGS = "-ObjC";
				PRODUCT_NAME = IntAirActIOSTests;
				WRAPPER_EXTENSION = octest;
			};
			name = Debug;
		};
		27FC6257154B36A400AA7502 /* Release */ = {
			isa = XCBuildConfiguration;
			buildSettings = {
				FRAMEWORK_SEARCH_PATHS = (
					"$(SDKROOT)/Developer/Library/Frameworks",
					"$(DEVELOPER_LIBRARY_DIR)/Frameworks",
				);
				GCC_PRECOMPILE_PREFIX_HEADER = YES;
				GCC_PREFIX_HEADER = "IntAirAct-Prefix.pch";
				INFOPLIST_FILE = "IntAirAct-Info.plist";
				LIBRARY_SEARCH_PATHS = (
					"$(inherited)",
					"\"$(SRCROOT)/../../../../Library/Developer/Xcode/DerivedData/IntAirAct-hcyhvpvyiwauwoawsknaxhpsnvlg/Build/Products/Debug-iphoneos\"",
				);
				OTHER_LDFLAGS = "-ObjC";
				PRODUCT_NAME = IntAirActIOSTests;
				WRAPPER_EXTENSION = octest;
			};
			name = Release;
		};
		27FC6272154B36AE00AA7502 /* Debug */ = {
			isa = XCBuildConfiguration;
			buildSettings = {
				ARCHS = "$(ARCHS_STANDARD_64_BIT)";
				FRAMEWORK_SEARCH_PATHS = "$(DEVELOPER_LIBRARY_DIR)/Frameworks";
				GCC_ENABLE_OBJC_EXCEPTIONS = YES;
				GCC_PRECOMPILE_PREFIX_HEADER = YES;
				GCC_PREFIX_HEADER = "IntAirAct-Prefix.pch";
				GCC_WARN_64_TO_32_BIT_CONVERSION = YES;
				INFOPLIST_FILE = "IntAirAct-Info.plist";
				MACOSX_DEPLOYMENT_TARGET = 10.7;
				ONLY_ACTIVE_ARCH = YES;
				PRODUCT_NAME = IntAirActOSXTests;
				SDKROOT = macosx;
				WRAPPER_EXTENSION = octest;
			};
			name = Debug;
		};
		27FC6273154B36AE00AA7502 /* Release */ = {
			isa = XCBuildConfiguration;
			buildSettings = {
				ARCHS = "$(ARCHS_STANDARD_64_BIT)";
				DEBUG_INFORMATION_FORMAT = "dwarf-with-dsym";
				FRAMEWORK_SEARCH_PATHS = "$(DEVELOPER_LIBRARY_DIR)/Frameworks";
				GCC_ENABLE_OBJC_EXCEPTIONS = YES;
				GCC_PRECOMPILE_PREFIX_HEADER = YES;
				GCC_PREFIX_HEADER = "IntAirAct-Prefix.pch";
				GCC_WARN_64_TO_32_BIT_CONVERSION = YES;
				INFOPLIST_FILE = "IntAirAct-Info.plist";
				MACOSX_DEPLOYMENT_TARGET = 10.7;
				PRODUCT_NAME = IntAirActOSXTests;
				SDKROOT = macosx;
				WRAPPER_EXTENSION = octest;
			};
			name = Release;
		};
/* End XCBuildConfiguration section */

/* Begin XCConfigurationList section */
		277E5526154A42AE002F307D /* Build configuration list for PBXProject "IntAirAct" */ = {
			isa = XCConfigurationList;
			buildConfigurations = (
				277E5537154A42AF002F307D /* Debug */,
				277E5538154A42AF002F307D /* Release */,
			);
			defaultConfigurationIsVisible = 0;
			defaultConfigurationName = Release;
		};
		277E5539154A42AF002F307D /* Build configuration list for PBXNativeTarget "IntAirActStaticIOS" */ = {
			isa = XCConfigurationList;
			buildConfigurations = (
				277E553A154A42AF002F307D /* Debug */,
				277E553B154A42AF002F307D /* Release */,
			);
			defaultConfigurationIsVisible = 0;
			defaultConfigurationName = Release;
		};
		277E553E154A430F002F307D /* Build configuration list for PBXAggregateTarget "IntAirActIOS" */ = {
			isa = XCConfigurationList;
			buildConfigurations = (
				277E553F154A430F002F307D /* Debug */,
				277E5540154A430F002F307D /* Release */,
			);
			defaultConfigurationIsVisible = 0;
			defaultConfigurationName = Release;
		};
		277E555A154A4385002F307D /* Build configuration list for PBXNativeTarget "IntAirActOSX" */ = {
			isa = XCConfigurationList;
			buildConfigurations = (
				277E555B154A4385002F307D /* Debug */,
				277E555C154A4385002F307D /* Release */,
			);
			defaultConfigurationIsVisible = 0;
			defaultConfigurationName = Release;
		};
		27FC6258154B36A500AA7502 /* Build configuration list for PBXNativeTarget "IntAirActIOSTests" */ = {
			isa = XCConfigurationList;
			buildConfigurations = (
				27FC6256154B36A400AA7502 /* Debug */,
				27FC6257154B36A400AA7502 /* Release */,
			);
			defaultConfigurationIsVisible = 0;
			defaultConfigurationName = Release;
		};
		27FC6271154B36AE00AA7502 /* Build configuration list for PBXNativeTarget "IntAirActOSXTests" */ = {
			isa = XCConfigurationList;
			buildConfigurations = (
				27FC6272154B36AE00AA7502 /* Debug */,
				27FC6273154B36AE00AA7502 /* Release */,
			);
			defaultConfigurationIsVisible = 0;
			defaultConfigurationName = Release;
		};
/* End XCConfigurationList section */
	};
	rootObject = 277E5523154A42AE002F307D /* Project object */;
}
