// !$*UTF8*$!
{
	archiveVersion = 1;
	classes = {
	};
	objectVersion = 46;
	objects = {

/* Begin PBXAggregateTarget section */
		277E553D154A430E002F307D /* InteractIOS */ = {
			isa = PBXAggregateTarget;
			buildConfigurationList = 277E553E154A430F002F307D /* Build configuration list for PBXAggregateTarget "InteractIOS" */;
			buildPhases = (
				277E5543154A432D002F307D /* Build Framework */,
			);
			dependencies = (
				277E5542154A431C002F307D /* PBXTargetDependency */,
			);
			name = InteractIOS;
			productName = InteractIOS;
		};
/* End PBXAggregateTarget section */

/* Begin PBXBuildFile section */
		277E5530154A42AF002F307D /* Foundation.framework in Frameworks */ = {isa = PBXBuildFile; fileRef = 277E552F154A42AF002F307D /* Foundation.framework */; };
		277E555F154A44D0002F307D /* Interact.h in Headers */ = {isa = PBXBuildFile; fileRef = 277E555E154A44D0002F307D /* Interact.h */; settings = {ATTRIBUTES = (Public, ); }; };
		277E5560154A44D0002F307D /* Interact.h in Headers */ = {isa = PBXBuildFile; fileRef = 277E555E154A44D0002F307D /* Interact.h */; settings = {ATTRIBUTES = (Public, ); }; };
		27EF2FCC154A7F00003D7F41 /* Device.h in Headers */ = {isa = PBXBuildFile; fileRef = 27EF2FCA154A7F00003D7F41 /* Device.h */; settings = {ATTRIBUTES = (Public, ); }; };
		27EF2FCD154A7F00003D7F41 /* Device.h in Headers */ = {isa = PBXBuildFile; fileRef = 27EF2FCA154A7F00003D7F41 /* Device.h */; settings = {ATTRIBUTES = (Public, ); }; };
		27EF2FCE154A7F00003D7F41 /* Device.m in Sources */ = {isa = PBXBuildFile; fileRef = 27EF2FCB154A7F00003D7F41 /* Device.m */; };
		27EF2FCF154A7F00003D7F41 /* Device.m in Sources */ = {isa = PBXBuildFile; fileRef = 27EF2FCB154A7F00003D7F41 /* Device.m */; };
		27EF3015154A7FD1003D7F41 /* RestKit+Blocks.framework in Frameworks */ = {isa = PBXBuildFile; fileRef = 27EF2FE2154A7F9B003D7F41 /* RestKit+Blocks.framework */; };
		27EF3016154A7FD1003D7F41 /* RoutingHTTPServer.framework in Frameworks */ = {isa = PBXBuildFile; fileRef = 27EF3000154A7FA8003D7F41 /* RoutingHTTPServer.framework */; };
		27EF301B154A7FD1003D7F41 /* CocoaAsyncSocket.framework in Frameworks */ = {isa = PBXBuildFile; fileRef = 27EF3017154A7FD1003D7F41 /* CocoaAsyncSocket.framework */; };
		27EF301C154A7FD1003D7F41 /* CocoaHTTPServer.framework in Frameworks */ = {isa = PBXBuildFile; fileRef = 27EF3018154A7FD1003D7F41 /* CocoaHTTPServer.framework */; };
		27EF301D154A7FD1003D7F41 /* CocoaLumberjack.framework in Frameworks */ = {isa = PBXBuildFile; fileRef = 27EF3019154A7FD1003D7F41 /* CocoaLumberjack.framework */; };
		27EF301E154A7FD1003D7F41 /* RestKit.framework in Frameworks */ = {isa = PBXBuildFile; fileRef = 27EF301A154A7FD1003D7F41 /* RestKit.framework */; };
		27EF301F154A8066003D7F41 /* Foundation.framework in Frameworks */ = {isa = PBXBuildFile; fileRef = 277E552F154A42AF002F307D /* Foundation.framework */; };
/* End PBXBuildFile section */

/* Begin PBXContainerItemProxy section */
		277E5541154A431C002F307D /* PBXContainerItemProxy */ = {
			isa = PBXContainerItemProxy;
			containerPortal = 277E5523154A42AE002F307D /* Project object */;
			proxyType = 1;
			remoteGlobalIDString = 277E552B154A42AF002F307D;
			remoteInfo = InteractStaticIOS;
		};
		27EF2FDF154A7F9B003D7F41 /* PBXContainerItemProxy */ = {
			isa = PBXContainerItemProxy;
			containerPortal = 27EF2FD2154A7F9A003D7F41 /* RestKit+Blocks.xcodeproj */;
			proxyType = 2;
			remoteGlobalIDString = 2777B4A9154A372B0027576D;
			remoteInfo = "RestKit+BlocksStaticIOS";
		};
		27EF2FE1154A7F9B003D7F41 /* PBXContainerItemProxy */ = {
			isa = PBXContainerItemProxy;
			containerPortal = 27EF2FD2154A7F9A003D7F41 /* RestKit+Blocks.xcodeproj */;
			proxyType = 2;
			remoteGlobalIDString = 27530875154A38260060D886;
			remoteInfo = "RestKit+BlocksOSX";
		};
		27EF2FFD154A7FA8003D7F41 /* PBXContainerItemProxy */ = {
			isa = PBXContainerItemProxy;
			containerPortal = 27EF2FE8154A7FA7003D7F41 /* RoutingHTTPServer.xcodeproj */;
			proxyType = 2;
			remoteGlobalIDString = 27D36461154A091D002833C1;
			remoteInfo = RoutingHTTPServerStaticIOS;
		};
		27EF2FFF154A7FA8003D7F41 /* PBXContainerItemProxy */ = {
			isa = PBXContainerItemProxy;
			containerPortal = 27EF2FE8154A7FA7003D7F41 /* RoutingHTTPServer.xcodeproj */;
			proxyType = 2;
			remoteGlobalIDString = 27D3648C154A0A4C002833C1;
			remoteInfo = RoutingHTTPServerOSX;
		};
		27EF3003154A7FB3003D7F41 /* PBXContainerItemProxy */ = {
			isa = PBXContainerItemProxy;
			containerPortal = 27EF2FD2154A7F9A003D7F41 /* RestKit+Blocks.xcodeproj */;
			proxyType = 1;
			remoteGlobalIDString = 2777B4A8154A372B0027576D;
			remoteInfo = "RestKit+BlocksStaticIOS";
		};
		27EF3005154A7FB3003D7F41 /* PBXContainerItemProxy */ = {
			isa = PBXContainerItemProxy;
			containerPortal = 27EF2FE8154A7FA7003D7F41 /* RoutingHTTPServer.xcodeproj */;
			proxyType = 1;
			remoteGlobalIDString = 27D36460154A091D002833C1;
			remoteInfo = RoutingHTTPServerStaticIOS;
		};
		27EF3011154A7FC8003D7F41 /* PBXContainerItemProxy */ = {
			isa = PBXContainerItemProxy;
			containerPortal = 27EF2FD2154A7F9A003D7F41 /* RestKit+Blocks.xcodeproj */;
			proxyType = 1;
			remoteGlobalIDString = 27530874154A38260060D886;
			remoteInfo = "RestKit+BlocksOSX";
		};
		27EF3013154A7FC8003D7F41 /* PBXContainerItemProxy */ = {
			isa = PBXContainerItemProxy;
			containerPortal = 27EF2FE8154A7FA7003D7F41 /* RoutingHTTPServer.xcodeproj */;
			proxyType = 1;
			remoteGlobalIDString = 27D3648B154A0A4C002833C1;
			remoteInfo = RoutingHTTPServerOSX;
		};
/* End PBXContainerItemProxy section */

/* Begin PBXFileReference section */
		277E552C154A42AF002F307D /* libInteract.a */ = {isa = PBXFileReference; explicitFileType = archive.ar; includeInIndex = 0; path = libInteract.a; sourceTree = BUILT_PRODUCTS_DIR; };
		277E552F154A42AF002F307D /* Foundation.framework */ = {isa = PBXFileReference; lastKnownFileType = wrapper.framework; name = Foundation.framework; path = System/Library/Frameworks/Foundation.framework; sourceTree = SDKROOT; };
		277E5549154A4384002F307D /* Interact.framework */ = {isa = PBXFileReference; explicitFileType = wrapper.framework; includeInIndex = 0; path = Interact.framework; sourceTree = BUILT_PRODUCTS_DIR; };
		277E555D154A441A002F307D /* Interact-Info.plist */ = {isa = PBXFileReference; lastKnownFileType = text.plist.xml; path = "Interact-Info.plist"; sourceTree = SOURCE_ROOT; };
		277E555E154A44D0002F307D /* Interact.h */ = {isa = PBXFileReference; fileEncoding = 4; lastKnownFileType = sourcecode.c.h; path = Interact.h; sourceTree = "<group>"; };
		27EF2FCA154A7F00003D7F41 /* Device.h */ = {isa = PBXFileReference; fileEncoding = 4; lastKnownFileType = sourcecode.c.h; path = Device.h; sourceTree = "<group>"; };
		27EF2FCB154A7F00003D7F41 /* Device.m */ = {isa = PBXFileReference; fileEncoding = 4; lastKnownFileType = sourcecode.c.objc; path = Device.m; sourceTree = "<group>"; };
		27EF2FD1154A7F37003D7F41 /* Interact-Prefix.pch */ = {isa = PBXFileReference; lastKnownFileType = sourcecode.c.h; path = "Interact-Prefix.pch"; sourceTree = SOURCE_ROOT; };
		27EF2FD2154A7F9A003D7F41 /* RestKit+Blocks.xcodeproj */ = {isa = PBXFileReference; lastKnownFileType = "wrapper.pb-project"; name = "RestKit+Blocks.xcodeproj"; path = "Frameworks/RestKitBlocks/RestKit+Blocks.xcodeproj"; sourceTree = "<group>"; };
		27EF2FE8154A7FA7003D7F41 /* RoutingHTTPServer.xcodeproj */ = {isa = PBXFileReference; lastKnownFileType = "wrapper.pb-project"; name = RoutingHTTPServer.xcodeproj; path = Frameworks/RoutingHTTPServer/RoutingHTTPServer.xcodeproj; sourceTree = "<group>"; };
		27EF3017154A7FD1003D7F41 /* CocoaAsyncSocket.framework */ = {isa = PBXFileReference; lastKnownFileType = wrapper.framework; name = CocoaAsyncSocket.framework; path = Frameworks/RoutingHTTPServer/Frameworks/CocoaHTTPServer/Frameworks/CocoaAsyncSocket/build/Release/CocoaAsyncSocket.framework; sourceTree = "<group>"; };
		27EF3018154A7FD1003D7F41 /* CocoaHTTPServer.framework */ = {isa = PBXFileReference; lastKnownFileType = wrapper.framework; name = CocoaHTTPServer.framework; path = Frameworks/RoutingHTTPServer/Frameworks/CocoaHTTPServer/build/Release/CocoaHTTPServer.framework; sourceTree = "<group>"; };
		27EF3019154A7FD1003D7F41 /* CocoaLumberjack.framework */ = {isa = PBXFileReference; lastKnownFileType = wrapper.framework; name = CocoaLumberjack.framework; path = Frameworks/RoutingHTTPServer/Frameworks/CocoaHTTPServer/Frameworks/CocoaLumberjack/build/Release/CocoaLumberjack.framework; sourceTree = "<group>"; };
		27EF301A154A7FD1003D7F41 /* RestKit.framework */ = {isa = PBXFileReference; lastKnownFileType = wrapper.framework; name = RestKit.framework; path = Frameworks/RestKitBlocks/Frameworks/RestKit/build/Release/RestKit.framework; sourceTree = "<group>"; };
/* End PBXFileReference section */

/* Begin PBXFrameworksBuildPhase section */
		277E5529154A42AF002F307D /* Frameworks */ = {
			isa = PBXFrameworksBuildPhase;
			buildActionMask = 2147483647;
			files = (
				277E5530154A42AF002F307D /* Foundation.framework in Frameworks */,
			);
			runOnlyForDeploymentPostprocessing = 0;
		};
		277E5545154A4384002F307D /* Frameworks */ = {
			isa = PBXFrameworksBuildPhase;
			buildActionMask = 2147483647;
			files = (
				27EF301B154A7FD1003D7F41 /* CocoaAsyncSocket.framework in Frameworks */,
				27EF301C154A7FD1003D7F41 /* CocoaHTTPServer.framework in Frameworks */,
				27EF301D154A7FD1003D7F41 /* CocoaLumberjack.framework in Frameworks */,
				27EF301E154A7FD1003D7F41 /* RestKit.framework in Frameworks */,
				27EF3015154A7FD1003D7F41 /* RestKit+Blocks.framework in Frameworks */,
				27EF3016154A7FD1003D7F41 /* RoutingHTTPServer.framework in Frameworks */,
				27EF301F154A8066003D7F41 /* Foundation.framework in Frameworks */,
			);
			runOnlyForDeploymentPostprocessing = 0;
		};
/* End PBXFrameworksBuildPhase section */

/* Begin PBXGroup section */
		277E5521154A42AE002F307D = {
			isa = PBXGroup;
			children = (
				277E5531154A42AF002F307D /* Interact */,
				277E5532154A42AF002F307D /* Supporting Files */,
				277E552E154A42AF002F307D /* Frameworks */,
				277E552D154A42AF002F307D /* Products */,
			);
			sourceTree = "<group>";
		};
		277E552D154A42AF002F307D /* Products */ = {
			isa = PBXGroup;
			children = (
				277E552C154A42AF002F307D /* libInteract.a */,
				277E5549154A4384002F307D /* Interact.framework */,
			);
			name = Products;
			sourceTree = "<group>";
		};
		277E552E154A42AF002F307D /* Frameworks */ = {
			isa = PBXGroup;
			children = (
				27EF2FD2154A7F9A003D7F41 /* RestKit+Blocks.xcodeproj */,
				27EF2FE8154A7FA7003D7F41 /* RoutingHTTPServer.xcodeproj */,
				27EF3017154A7FD1003D7F41 /* CocoaAsyncSocket.framework */,
				27EF3018154A7FD1003D7F41 /* CocoaHTTPServer.framework */,
				27EF3019154A7FD1003D7F41 /* CocoaLumberjack.framework */,
				27EF301A154A7FD1003D7F41 /* RestKit.framework */,
				277E552F154A42AF002F307D /* Foundation.framework */,
			);
			name = Frameworks;
			sourceTree = "<group>";
		};
		277E5531154A42AF002F307D /* Interact */ = {
			isa = PBXGroup;
			children = (
				277E555E154A44D0002F307D /* Interact.h */,
				27EF2FCA154A7F00003D7F41 /* Device.h */,
				27EF2FCB154A7F00003D7F41 /* Device.m */,
			);
			path = Interact;
			sourceTree = "<group>";
		};
		277E5532154A42AF002F307D /* Supporting Files */ = {
			isa = PBXGroup;
			children = (
				277E555D154A441A002F307D /* Interact-Info.plist */,
				27EF2FD1154A7F37003D7F41 /* Interact-Prefix.pch */,
			);
			name = "Supporting Files";
			path = Interact;
			sourceTree = "<group>";
		};
		27EF2FD3154A7F9A003D7F41 /* Products */ = {
			isa = PBXGroup;
			children = (
				27EF2FE0154A7F9B003D7F41 /* libRestKit+Blocks.a */,
				27EF2FE2154A7F9B003D7F41 /* RestKit+Blocks.framework */,
			);
			name = Products;
			sourceTree = "<group>";
		};
		27EF2FE9154A7FA7003D7F41 /* Products */ = {
			isa = PBXGroup;
			children = (
				27EF2FFE154A7FA8003D7F41 /* libRoutingHTTPServer.a */,
				27EF3000154A7FA8003D7F41 /* RoutingHTTPServer.framework */,
			);
			name = Products;
			sourceTree = "<group>";
		};
/* End PBXGroup section */

/* Begin PBXHeadersBuildPhase section */
		277E552A154A42AF002F307D /* Headers */ = {
			isa = PBXHeadersBuildPhase;
			buildActionMask = 2147483647;
			files = (
				277E555F154A44D0002F307D /* Interact.h in Headers */,
				27EF2FCC154A7F00003D7F41 /* Device.h in Headers */,
			);
			runOnlyForDeploymentPostprocessing = 0;
		};
		277E5546154A4384002F307D /* Headers */ = {
			isa = PBXHeadersBuildPhase;
			buildActionMask = 2147483647;
			files = (
				277E5560154A44D0002F307D /* Interact.h in Headers */,
				27EF2FCD154A7F00003D7F41 /* Device.h in Headers */,
			);
			runOnlyForDeploymentPostprocessing = 0;
		};
/* End PBXHeadersBuildPhase section */

/* Begin PBXNativeTarget section */
		277E552B154A42AF002F307D /* InteractStaticIOS */ = {
			isa = PBXNativeTarget;
			buildConfigurationList = 277E5539154A42AF002F307D /* Build configuration list for PBXNativeTarget "InteractStaticIOS" */;
			buildPhases = (
				277E5528154A42AF002F307D /* Sources */,
				277E5529154A42AF002F307D /* Frameworks */,
				277E552A154A42AF002F307D /* Headers */,
				277E553C154A4302002F307D /* Prepare Framework */,
			);
			buildRules = (
			);
			dependencies = (
				27EF3004154A7FB3003D7F41 /* PBXTargetDependency */,
				27EF3006154A7FB3003D7F41 /* PBXTargetDependency */,
			);
			name = InteractStaticIOS;
			productName = Interact;
			productReference = 277E552C154A42AF002F307D /* libInteract.a */;
			productType = "com.apple.product-type.library.static";
		};
		277E5548154A4384002F307D /* InteractOSX */ = {
			isa = PBXNativeTarget;
			buildConfigurationList = 277E555A154A4385002F307D /* Build configuration list for PBXNativeTarget "InteractOSX" */;
			buildPhases = (
				277E5544154A4384002F307D /* Sources */,
				277E5545154A4384002F307D /* Frameworks */,
				277E5546154A4384002F307D /* Headers */,
				277E5547154A4384002F307D /* Resources */,
			);
			buildRules = (
			);
			dependencies = (
				27EF3012154A7FC8003D7F41 /* PBXTargetDependency */,
				27EF3014154A7FC8003D7F41 /* PBXTargetDependency */,
			);
			name = InteractOSX;
			productName = InteractOSX;
			productReference = 277E5549154A4384002F307D /* Interact.framework */;
			productType = "com.apple.product-type.framework";
		};
/* End PBXNativeTarget section */

/* Begin PBXProject section */
		277E5523154A42AE002F307D /* Project object */ = {
			isa = PBXProject;
			attributes = {
				LastUpgradeCheck = 0430;
			};
			buildConfigurationList = 277E5526154A42AE002F307D /* Build configuration list for PBXProject "Interact" */;
			compatibilityVersion = "Xcode 3.2";
			developmentRegion = English;
			hasScannedForEncodings = 0;
			knownRegions = (
				en,
			);
			mainGroup = 277E5521154A42AE002F307D;
			productRefGroup = 277E552D154A42AF002F307D /* Products */;
			projectDirPath = "";
			projectReferences = (
				{
					ProductGroup = 27EF2FD3154A7F9A003D7F41 /* Products */;
					ProjectRef = 27EF2FD2154A7F9A003D7F41 /* RestKit+Blocks.xcodeproj */;
				},
				{
					ProductGroup = 27EF2FE9154A7FA7003D7F41 /* Products */;
					ProjectRef = 27EF2FE8154A7FA7003D7F41 /* RoutingHTTPServer.xcodeproj */;
				},
			);
			projectRoot = "";
			targets = (
				277E552B154A42AF002F307D /* InteractStaticIOS */,
				277E553D154A430E002F307D /* InteractIOS */,
				277E5548154A4384002F307D /* InteractOSX */,
			);
		};
/* End PBXProject section */

/* Begin PBXReferenceProxy section */
		27EF2FE0154A7F9B003D7F41 /* libRestKit+Blocks.a */ = {
			isa = PBXReferenceProxy;
			fileType = archive.ar;
			path = "libRestKit+Blocks.a";
			remoteRef = 27EF2FDF154A7F9B003D7F41 /* PBXContainerItemProxy */;
			sourceTree = BUILT_PRODUCTS_DIR;
		};
		27EF2FE2154A7F9B003D7F41 /* RestKit+Blocks.framework */ = {
			isa = PBXReferenceProxy;
			fileType = wrapper.framework;
			path = "RestKit+Blocks.framework";
			remoteRef = 27EF2FE1154A7F9B003D7F41 /* PBXContainerItemProxy */;
			sourceTree = BUILT_PRODUCTS_DIR;
		};
		27EF2FFE154A7FA8003D7F41 /* libRoutingHTTPServer.a */ = {
			isa = PBXReferenceProxy;
			fileType = archive.ar;
			path = libRoutingHTTPServer.a;
			remoteRef = 27EF2FFD154A7FA8003D7F41 /* PBXContainerItemProxy */;
			sourceTree = BUILT_PRODUCTS_DIR;
		};
		27EF3000154A7FA8003D7F41 /* RoutingHTTPServer.framework */ = {
			isa = PBXReferenceProxy;
			fileType = wrapper.framework;
			path = RoutingHTTPServer.framework;
			remoteRef = 27EF2FFF154A7FA8003D7F41 /* PBXContainerItemProxy */;
			sourceTree = BUILT_PRODUCTS_DIR;
		};
/* End PBXReferenceProxy section */

/* Begin PBXResourcesBuildPhase section */
		277E5547154A4384002F307D /* Resources */ = {
			isa = PBXResourcesBuildPhase;
			buildActionMask = 2147483647;
			files = (
			);
			runOnlyForDeploymentPostprocessing = 0;
		};
/* End PBXResourcesBuildPhase section */

/* Begin PBXShellScriptBuildPhase section */
		277E553C154A4302002F307D /* Prepare Framework */ = {
			isa = PBXShellScriptBuildPhase;
			buildActionMask = 2147483647;
			files = (
			);
			inputPaths = (
			);
			name = "Prepare Framework";
			outputPaths = (
			);
			runOnlyForDeploymentPostprocessing = 0;
			shellPath = /bin/sh;
			shellScript = "set -e\n\nmkdir -p \"${BUILT_PRODUCTS_DIR}/${PRODUCT_NAME}.framework/Versions/A\"\nmkdir -p \"${BUILT_PRODUCTS_DIR}/${PRODUCT_NAME}.framework/Versions/A/Headers\"\n\n# Link the \"Current\" version to \"A\"\n/bin/ln -sfh A \"${BUILT_PRODUCTS_DIR}/${PRODUCT_NAME}.framework/Versions/Current\"\n/bin/ln -sfh Versions/Current/Headers \"${BUILT_PRODUCTS_DIR}/${PRODUCT_NAME}.framework/Headers\"\n/bin/ln -sfh \"Versions/Current/${PRODUCT_NAME}\" \"${BUILT_PRODUCTS_DIR}/${PRODUCT_NAME}.framework/${PRODUCT_NAME}\"\n\n# The -a ensures that the headers maintain the source modification date so that we don't constantly\n# cause propagating rebuilds of files that import these headers.\n/bin/cp -a \"${TARGET_BUILD_DIR}/${PUBLIC_HEADERS_FOLDER_PATH}/\" \"${BUILT_PRODUCTS_DIR}/${PRODUCT_NAME}.framework/Versions/A/Headers\"\n";
		};
		277E5543154A432D002F307D /* Build Framework */ = {
			isa = PBXShellScriptBuildPhase;
			buildActionMask = 2147483647;
			files = (
			);
			inputPaths = (
			);
			name = "Build Framework";
			outputPaths = (
			);
			runOnlyForDeploymentPostprocessing = 0;
			shellPath = /bin/sh;
			shellScript = "set -e\nset +u\n# Avoid recursively calling this script.\nif [[ $SF_MASTER_SCRIPT_RUNNING ]]\nthen\nexit 0\nfi\nset -u\nexport SF_MASTER_SCRIPT_RUNNING=1\n\nSF_TARGET_NAME=${PROJECT_NAME}\nSF_EXECUTABLE_PATH=\"lib${SF_TARGET_NAME}.a\"\nSF_WRAPPER_NAME=\"${SF_TARGET_NAME}.framework\"\n\n# The following conditionals come from\n# https://github.com/kstenerud/iOS-Universal-Framework\n\nif [[ \"$SDK_NAME\" =~ ([A-Za-z]+) ]]\nthen\nSF_SDK_PLATFORM=${BASH_REMATCH[1]}\nelse\necho \"Could not find platform name from SDK_NAME: $SDK_NAME\"\nexit 1\nfi\n\nif [[ \"$SDK_NAME\" =~ ([0-9]+.*$) ]]\nthen\nSF_SDK_VERSION=${BASH_REMATCH[1]}\nelse\necho \"Could not find sdk version from SDK_NAME: $SDK_NAME\"\nexit 1\nfi\n\nif [[ \"$SF_SDK_PLATFORM\" = \"iphoneos\" ]]\nthen\nSF_OTHER_PLATFORM=iphonesimulator\nSF_ARCHS=i386\nelse\nSF_OTHER_PLATFORM=iphoneos\n# Force armv6 to be built because Xcode 4 likes to only build armv7\nSF_ARCHS=\"armv6 armv7\"\nfi\n\nif [[ \"$BUILT_PRODUCTS_DIR\" =~ (.*)$SF_SDK_PLATFORM$ ]]\nthen\nSF_OTHER_BUILT_PRODUCTS_DIR=\"${BASH_REMATCH[1]}${SF_OTHER_PLATFORM}\"\nelse\necho \"Could not find platform name from build products directory: $BUILT_PRODUCTS_DIR\"\nexit 1\nfi\n\n# Build the other platform.\nxcodebuild -project \"${PROJECT_FILE_PATH}\" -target \"${TARGET_NAME}\" -configuration \"${CONFIGURATION}\" -sdk ${SF_OTHER_PLATFORM}${SF_SDK_VERSION} BUILD_DIR=\"${BUILD_DIR}\" CONFIGURATION_TEMP_DIR=\"${PROJECT_TEMP_DIR}/${CONFIGURATION}-${SF_OTHER_PLATFORM}\" ARCHS=\"${SF_ARCHS}\" $ACTION\n\n# Smash the two static libraries into one fat binary and store it in the .framework\nlipo -create \"${BUILT_PRODUCTS_DIR}/${SF_EXECUTABLE_PATH}\" \"${SF_OTHER_BUILT_PRODUCTS_DIR}/${SF_EXECUTABLE_PATH}\" -output \"${BUILT_PRODUCTS_DIR}/${SF_WRAPPER_NAME}/Versions/A/${SF_TARGET_NAME}\"\n\ncp -a \"${BUILT_PRODUCTS_DIR}/${SF_WRAPPER_NAME}/Versions/A/${SF_TARGET_NAME}\" \"${SF_OTHER_BUILT_PRODUCTS_DIR}/${SF_WRAPPER_NAME}/Versions/A/${SF_TARGET_NAME}\"\n";
		};
/* End PBXShellScriptBuildPhase section */

/* Begin PBXSourcesBuildPhase section */
		277E5528154A42AF002F307D /* Sources */ = {
			isa = PBXSourcesBuildPhase;
			buildActionMask = 2147483647;
			files = (
				27EF2FCE154A7F00003D7F41 /* Device.m in Sources */,
			);
			runOnlyForDeploymentPostprocessing = 0;
		};
		277E5544154A4384002F307D /* Sources */ = {
			isa = PBXSourcesBuildPhase;
			buildActionMask = 2147483647;
			files = (
				27EF2FCF154A7F00003D7F41 /* Device.m in Sources */,
			);
			runOnlyForDeploymentPostprocessing = 0;
		};
/* End PBXSourcesBuildPhase section */

/* Begin PBXTargetDependency section */
		277E5542154A431C002F307D /* PBXTargetDependency */ = {
			isa = PBXTargetDependency;
			target = 277E552B154A42AF002F307D /* InteractStaticIOS */;
			targetProxy = 277E5541154A431C002F307D /* PBXContainerItemProxy */;
		};
		27EF3004154A7FB3003D7F41 /* PBXTargetDependency */ = {
			isa = PBXTargetDependency;
			name = "RestKit+BlocksStaticIOS";
			targetProxy = 27EF3003154A7FB3003D7F41 /* PBXContainerItemProxy */;
		};
		27EF3006154A7FB3003D7F41 /* PBXTargetDependency */ = {
			isa = PBXTargetDependency;
			name = RoutingHTTPServerStaticIOS;
			targetProxy = 27EF3005154A7FB3003D7F41 /* PBXContainerItemProxy */;
		};
		27EF3012154A7FC8003D7F41 /* PBXTargetDependency */ = {
			isa = PBXTargetDependency;
			name = "RestKit+BlocksOSX";
			targetProxy = 27EF3011154A7FC8003D7F41 /* PBXContainerItemProxy */;
		};
		27EF3014154A7FC8003D7F41 /* PBXTargetDependency */ = {
			isa = PBXTargetDependency;
			name = RoutingHTTPServerOSX;
			targetProxy = 27EF3013154A7FC8003D7F41 /* PBXContainerItemProxy */;
		};
/* End PBXTargetDependency section */

/* Begin XCBuildConfiguration section */
		277E5537154A42AF002F307D /* Debug */ = {
			isa = XCBuildConfiguration;
			buildSettings = {
				ALWAYS_SEARCH_USER_PATHS = NO;
				ARCHS = "$(ARCHS_STANDARD_32_BIT)";
				CLANG_ENABLE_OBJC_ARC = YES;
				COPY_PHASE_STRIP = NO;
				GCC_C_LANGUAGE_STANDARD = gnu99;
				GCC_DYNAMIC_NO_PIC = NO;
				GCC_OPTIMIZATION_LEVEL = 0;
				GCC_PREPROCESSOR_DEFINITIONS = (
					"DEBUG=1",
					"$(inherited)",
				);
				GCC_SYMBOLS_PRIVATE_EXTERN = NO;
				GCC_VERSION = com.apple.compilers.llvm.clang.1_0;
				GCC_WARN_ABOUT_RETURN_TYPE = YES;
				GCC_WARN_UNINITIALIZED_AUTOS = YES;
				GCC_WARN_UNUSED_VARIABLE = YES;
				IPHONEOS_DEPLOYMENT_TARGET = 5.1;
				SDKROOT = iphoneos;
			};
			name = Debug;
		};
		277E5538154A42AF002F307D /* Release */ = {
			isa = XCBuildConfiguration;
			buildSettings = {
				ALWAYS_SEARCH_USER_PATHS = NO;
				ARCHS = "$(ARCHS_STANDARD_32_BIT)";
				CLANG_ENABLE_OBJC_ARC = YES;
				COPY_PHASE_STRIP = YES;
				GCC_C_LANGUAGE_STANDARD = gnu99;
				GCC_VERSION = com.apple.compilers.llvm.clang.1_0;
				GCC_WARN_ABOUT_RETURN_TYPE = YES;
				GCC_WARN_UNINITIALIZED_AUTOS = YES;
				GCC_WARN_UNUSED_VARIABLE = YES;
				IPHONEOS_DEPLOYMENT_TARGET = 5.1;
				SDKROOT = iphoneos;
				VALIDATE_PRODUCT = YES;
			};
			name = Release;
		};
		277E553A154A42AF002F307D /* Debug */ = {
			isa = XCBuildConfiguration;
			buildSettings = {
				COPY_PHASE_STRIP = NO;
				DEAD_CODE_STRIPPING = NO;
				DSTROOT = /tmp/Interact.dst;
				GCC_PRECOMPILE_PREFIX_HEADER = YES;
				GCC_PREFIX_HEADER = "Interact-Prefix.pch";
				OTHER_LDFLAGS = "-ObjC";
				PRODUCT_NAME = "$(PROJECT_NAME)";
				PUBLIC_HEADERS_FOLDER_PATH = "$(PROJECT_NAME)Headers";
				SKIP_INSTALL = YES;
				STRIP_STYLE = "non-global";
			};
			name = Debug;
		};
		277E553B154A42AF002F307D /* Release */ = {
			isa = XCBuildConfiguration;
			buildSettings = {
				COPY_PHASE_STRIP = NO;
				DEAD_CODE_STRIPPING = NO;
				DSTROOT = /tmp/Interact.dst;
				GCC_PRECOMPILE_PREFIX_HEADER = YES;
				GCC_PREFIX_HEADER = "Interact-Prefix.pch";
				OTHER_LDFLAGS = "-ObjC";
				PRODUCT_NAME = "$(PROJECT_NAME)";
				PUBLIC_HEADERS_FOLDER_PATH = "$(PROJECT_NAME)Headers";
				SKIP_INSTALL = YES;
				STRIP_STYLE = "non-global";
			};
			name = Release;
		};
		277E553F154A430F002F307D /* Debug */ = {
			isa = XCBuildConfiguration;
			buildSettings = {
				PRODUCT_NAME = "$(PROJECT_NAME)";
			};
			name = Debug;
		};
		277E5540154A430F002F307D /* Release */ = {
			isa = XCBuildConfiguration;
			buildSettings = {
				PRODUCT_NAME = "$(PROJECT_NAME)";
			};
			name = Release;
		};
		277E555B154A4385002F307D /* Debug */ = {
			isa = XCBuildConfiguration;
			buildSettings = {
				ARCHS = "$(ARCHS_STANDARD_64_BIT)";
				DYLIB_COMPATIBILITY_VERSION = 1;
				DYLIB_CURRENT_VERSION = 1;
				FRAMEWORK_SEARCH_PATHS = (
					"$(inherited)",
					"\"$(SYSTEM_APPS_DIR)/Xcode.app/Contents/Developer/Library/Frameworks\"",
				);
				FRAMEWORK_VERSION = A;
				GCC_ENABLE_OBJC_EXCEPTIONS = YES;
				GCC_PRECOMPILE_PREFIX_HEADER = YES;
				GCC_PREFIX_HEADER = "Interact-Prefix.pch";
				GCC_WARN_64_TO_32_BIT_CONVERSION = YES;
				INFOPLIST_FILE = "Interact-Info.plist";
				MACOSX_DEPLOYMENT_TARGET = 10.7;
				ONLY_ACTIVE_ARCH = YES;
				PRODUCT_NAME = "$(PROJECT_NAME)";
				SDKROOT = macosx;
				WRAPPER_EXTENSION = framework;
			};
			name = Debug;
		};
		277E555C154A4385002F307D /* Release */ = {
			isa = XCBuildConfiguration;
			buildSettings = {
				ARCHS = "$(ARCHS_STANDARD_64_BIT)";
				DEBUG_INFORMATION_FORMAT = "dwarf-with-dsym";
				DYLIB_COMPATIBILITY_VERSION = 1;
				DYLIB_CURRENT_VERSION = 1;
				FRAMEWORK_SEARCH_PATHS = (
					"$(inherited)",
					"\"$(SYSTEM_APPS_DIR)/Xcode.app/Contents/Developer/Library/Frameworks\"",
				);
				FRAMEWORK_VERSION = A;
				GCC_ENABLE_OBJC_EXCEPTIONS = YES;
				GCC_PRECOMPILE_PREFIX_HEADER = YES;
				GCC_PREFIX_HEADER = "Interact-Prefix.pch";
				GCC_WARN_64_TO_32_BIT_CONVERSION = YES;
				INFOPLIST_FILE = "Interact-Info.plist";
				MACOSX_DEPLOYMENT_TARGET = 10.7;
				PRODUCT_NAME = "$(PROJECT_NAME)";
				SDKROOT = macosx;
				WRAPPER_EXTENSION = framework;
			};
			name = Release;
		};
/* End XCBuildConfiguration section */

/* Begin XCConfigurationList section */
		277E5526154A42AE002F307D /* Build configuration list for PBXProject "Interact" */ = {
			isa = XCConfigurationList;
			buildConfigurations = (
				277E5537154A42AF002F307D /* Debug */,
				277E5538154A42AF002F307D /* Release */,
			);
			defaultConfigurationIsVisible = 0;
			defaultConfigurationName = Release;
		};
		277E5539154A42AF002F307D /* Build configuration list for PBXNativeTarget "InteractStaticIOS" */ = {
			isa = XCConfigurationList;
			buildConfigurations = (
				277E553A154A42AF002F307D /* Debug */,
				277E553B154A42AF002F307D /* Release */,
			);
			defaultConfigurationIsVisible = 0;
			defaultConfigurationName = Release;
		};
		277E553E154A430F002F307D /* Build configuration list for PBXAggregateTarget "InteractIOS" */ = {
			isa = XCConfigurationList;
			buildConfigurations = (
				277E553F154A430F002F307D /* Debug */,
				277E5540154A430F002F307D /* Release */,
			);
			defaultConfigurationIsVisible = 0;
			defaultConfigurationName = Release;
		};
		277E555A154A4385002F307D /* Build configuration list for PBXNativeTarget "InteractOSX" */ = {
			isa = XCConfigurationList;
			buildConfigurations = (
				277E555B154A4385002F307D /* Debug */,
				277E555C154A4385002F307D /* Release */,
			);
			defaultConfigurationIsVisible = 0;
			defaultConfigurationName = Release;
		};
/* End XCConfigurationList section */
	};
	rootObject = 277E5523154A42AE002F307D /* Project object */;
}
